// !$*UTF8*$!
{
	archiveVersion = 1;
	classes = {
	};
	objectVersion = 56;
	objects = {

/* Begin PBXBuildFile section */
		046C3EA32BE917E800BBFF47 /* LocaLocApp.swift in Sources */ = {isa = PBXBuildFile; fileRef = 046C3EA22BE917E800BBFF47 /* LocaLocApp.swift */; };
		046C3EA72BE917E900BBFF47 /* Assets.xcassets in Resources */ = {isa = PBXBuildFile; fileRef = 046C3EA62BE917E900BBFF47 /* Assets.xcassets */; };
		046C3EAA2BE917E900BBFF47 /* Preview Assets.xcassets in Resources */ = {isa = PBXBuildFile; fileRef = 046C3EA92BE917E900BBFF47 /* Preview Assets.xcassets */; };
		046C3EB42BE917E900BBFF47 /* LocaLocTests.swift in Sources */ = {isa = PBXBuildFile; fileRef = 046C3EB32BE917E900BBFF47 /* LocaLocTests.swift */; };
		046C3EBE2BE917E900BBFF47 /* LocaLocUITests.swift in Sources */ = {isa = PBXBuildFile; fileRef = 046C3EBD2BE917E900BBFF47 /* LocaLocUITests.swift */; };
		046C3EC02BE917E900BBFF47 /* LocaLocUITestsLaunchTests.swift in Sources */ = {isa = PBXBuildFile; fileRef = 046C3EBF2BE917E900BBFF47 /* LocaLocUITestsLaunchTests.swift */; };
		047ECA052BFA85C60065837C /* CoordinatorProtocol.swift in Sources */ = {isa = PBXBuildFile; fileRef = 047ECA042BFA85C60065837C /* CoordinatorProtocol.swift */; };
		047ECA082BFA85E80065837C /* Coordinator.swift in Sources */ = {isa = PBXBuildFile; fileRef = 047ECA072BFA85E80065837C /* Coordinator.swift */; };
		047ECA0B2BFA85FD0065837C /* AppCoordinator.swift in Sources */ = {isa = PBXBuildFile; fileRef = 047ECA0A2BFA85FD0065837C /* AppCoordinator.swift */; };
		047ECA0F2BFA86DB0065837C /* MainComposer.swift in Sources */ = {isa = PBXBuildFile; fileRef = 047ECA0E2BFA86DB0065837C /* MainComposer.swift */; };
		047ECA112BFA88AC0065837C /* MainView.swift in Sources */ = {isa = PBXBuildFile; fileRef = 047ECA102BFA88AC0065837C /* MainView.swift */; };
		047ECA132BFA88B50065837C /* MainViewModel.swift in Sources */ = {isa = PBXBuildFile; fileRef = 047ECA122BFA88B50065837C /* MainViewModel.swift */; };
		047ECA162BFA91F40065837C /* ChannelsView.swift in Sources */ = {isa = PBXBuildFile; fileRef = 047ECA152BFA91F40065837C /* ChannelsView.swift */; };
		047ECA182BFA91FD0065837C /* ChannelsViewModel.swift in Sources */ = {isa = PBXBuildFile; fileRef = 047ECA172BFA91FD0065837C /* ChannelsViewModel.swift */; };
		047ECA1A2BFA92060065837C /* ChannelsComposer.swift in Sources */ = {isa = PBXBuildFile; fileRef = 047ECA192BFA92060065837C /* ChannelsComposer.swift */; };
		047ECA1E2BFA925F0065837C /* SceneComposer.swift in Sources */ = {isa = PBXBuildFile; fileRef = 047ECA1D2BFA925F0065837C /* SceneComposer.swift */; };
		047ECA212BFA92CE0065837C /* SettingsView.swift in Sources */ = {isa = PBXBuildFile; fileRef = 047ECA202BFA92CE0065837C /* SettingsView.swift */; };
		047ECA232BFA92E00065837C /* SettingsViewModel.swift in Sources */ = {isa = PBXBuildFile; fileRef = 047ECA222BFA92E00065837C /* SettingsViewModel.swift */; };
		047ECA252BFA92E80065837C /* SettingsComposer.swift in Sources */ = {isa = PBXBuildFile; fileRef = 047ECA242BFA92E80065837C /* SettingsComposer.swift */; };
		047ECA282BFB81F00065837C /* TabScene.swift in Sources */ = {isa = PBXBuildFile; fileRef = 047ECA272BFB81F00065837C /* TabScene.swift */; };
		047ECA2A2BFB82000065837C /* TabSceneType.swift in Sources */ = {isa = PBXBuildFile; fileRef = 047ECA292BFB82000065837C /* TabSceneType.swift */; };
		047ECA2C2BFB82520065837C /* Icons.xcassets in Resources */ = {isa = PBXBuildFile; fileRef = 047ECA2B2BFB82520065837C /* Icons.xcassets */; };
		047ECA2E2BFB83B90065837C /* Color.swift in Sources */ = {isa = PBXBuildFile; fileRef = 047ECA2D2BFB83B90065837C /* Color.swift */; };
		047ECA302BFB84460065837C /* Colors.xcassets in Resources */ = {isa = PBXBuildFile; fileRef = 047ECA2F2BFB84460065837C /* Colors.xcassets */; };
/* End PBXBuildFile section */

/* Begin PBXContainerItemProxy section */
		046C3EB02BE917E900BBFF47 /* PBXContainerItemProxy */ = {
			isa = PBXContainerItemProxy;
			containerPortal = 046C3E972BE917E800BBFF47 /* Project object */;
			proxyType = 1;
			remoteGlobalIDString = 046C3E9E2BE917E800BBFF47;
			remoteInfo = LocaLoc;
		};
		046C3EBA2BE917E900BBFF47 /* PBXContainerItemProxy */ = {
			isa = PBXContainerItemProxy;
			containerPortal = 046C3E972BE917E800BBFF47 /* Project object */;
			proxyType = 1;
			remoteGlobalIDString = 046C3E9E2BE917E800BBFF47;
			remoteInfo = LocaLoc;
		};
/* End PBXContainerItemProxy section */

/* Begin PBXFileReference section */
		046C3E9F2BE917E800BBFF47 /* LocaLoc.app */ = {isa = PBXFileReference; explicitFileType = wrapper.application; includeInIndex = 0; path = LocaLoc.app; sourceTree = BUILT_PRODUCTS_DIR; };
		046C3EA22BE917E800BBFF47 /* LocaLocApp.swift */ = {isa = PBXFileReference; lastKnownFileType = sourcecode.swift; path = LocaLocApp.swift; sourceTree = "<group>"; };
		046C3EA62BE917E900BBFF47 /* Assets.xcassets */ = {isa = PBXFileReference; lastKnownFileType = folder.assetcatalog; path = Assets.xcassets; sourceTree = "<group>"; };
		046C3EA92BE917E900BBFF47 /* Preview Assets.xcassets */ = {isa = PBXFileReference; lastKnownFileType = folder.assetcatalog; path = "Preview Assets.xcassets"; sourceTree = "<group>"; };
		046C3EAF2BE917E900BBFF47 /* LocaLocTests.xctest */ = {isa = PBXFileReference; explicitFileType = wrapper.cfbundle; includeInIndex = 0; path = LocaLocTests.xctest; sourceTree = BUILT_PRODUCTS_DIR; };
		046C3EB32BE917E900BBFF47 /* LocaLocTests.swift */ = {isa = PBXFileReference; lastKnownFileType = sourcecode.swift; path = LocaLocTests.swift; sourceTree = "<group>"; };
		046C3EB92BE917E900BBFF47 /* LocaLocUITests.xctest */ = {isa = PBXFileReference; explicitFileType = wrapper.cfbundle; includeInIndex = 0; path = LocaLocUITests.xctest; sourceTree = BUILT_PRODUCTS_DIR; };
		046C3EBD2BE917E900BBFF47 /* LocaLocUITests.swift */ = {isa = PBXFileReference; lastKnownFileType = sourcecode.swift; path = LocaLocUITests.swift; sourceTree = "<group>"; };
		046C3EBF2BE917E900BBFF47 /* LocaLocUITestsLaunchTests.swift */ = {isa = PBXFileReference; lastKnownFileType = sourcecode.swift; path = LocaLocUITestsLaunchTests.swift; sourceTree = "<group>"; };
		046C3ECC2BE91BDC00BBFF47 /* Config.xcconfig */ = {isa = PBXFileReference; lastKnownFileType = text.xcconfig; path = Config.xcconfig; sourceTree = "<group>"; };
		046C3ECD2BE91C8700BBFF47 /* Info.plist */ = {isa = PBXFileReference; lastKnownFileType = text.plist; path = Info.plist; sourceTree = "<group>"; };
		047ECA042BFA85C60065837C /* CoordinatorProtocol.swift */ = {isa = PBXFileReference; lastKnownFileType = sourcecode.swift; path = CoordinatorProtocol.swift; sourceTree = "<group>"; };
		047ECA072BFA85E80065837C /* Coordinator.swift */ = {isa = PBXFileReference; lastKnownFileType = sourcecode.swift; path = Coordinator.swift; sourceTree = "<group>"; };
		047ECA0A2BFA85FD0065837C /* AppCoordinator.swift */ = {isa = PBXFileReference; lastKnownFileType = sourcecode.swift; path = AppCoordinator.swift; sourceTree = "<group>"; };
		047ECA0E2BFA86DB0065837C /* MainComposer.swift */ = {isa = PBXFileReference; lastKnownFileType = sourcecode.swift; path = MainComposer.swift; sourceTree = "<group>"; };
		047ECA102BFA88AC0065837C /* MainView.swift */ = {isa = PBXFileReference; lastKnownFileType = sourcecode.swift; path = MainView.swift; sourceTree = "<group>"; };
		047ECA122BFA88B50065837C /* MainViewModel.swift */ = {isa = PBXFileReference; lastKnownFileType = sourcecode.swift; path = MainViewModel.swift; sourceTree = "<group>"; };
		047ECA152BFA91F40065837C /* ChannelsView.swift */ = {isa = PBXFileReference; lastKnownFileType = sourcecode.swift; path = ChannelsView.swift; sourceTree = "<group>"; };
		047ECA172BFA91FD0065837C /* ChannelsViewModel.swift */ = {isa = PBXFileReference; lastKnownFileType = sourcecode.swift; path = ChannelsViewModel.swift; sourceTree = "<group>"; };
		047ECA192BFA92060065837C /* ChannelsComposer.swift */ = {isa = PBXFileReference; lastKnownFileType = sourcecode.swift; path = ChannelsComposer.swift; sourceTree = "<group>"; };
		047ECA1D2BFA925F0065837C /* SceneComposer.swift */ = {isa = PBXFileReference; lastKnownFileType = sourcecode.swift; path = SceneComposer.swift; sourceTree = "<group>"; };
		047ECA202BFA92CE0065837C /* SettingsView.swift */ = {isa = PBXFileReference; lastKnownFileType = sourcecode.swift; path = SettingsView.swift; sourceTree = "<group>"; };
		047ECA222BFA92E00065837C /* SettingsViewModel.swift */ = {isa = PBXFileReference; lastKnownFileType = sourcecode.swift; path = SettingsViewModel.swift; sourceTree = "<group>"; };
		047ECA242BFA92E80065837C /* SettingsComposer.swift */ = {isa = PBXFileReference; lastKnownFileType = sourcecode.swift; path = SettingsComposer.swift; sourceTree = "<group>"; };
		047ECA272BFB81F00065837C /* TabScene.swift */ = {isa = PBXFileReference; lastKnownFileType = sourcecode.swift; path = TabScene.swift; sourceTree = "<group>"; };
		047ECA292BFB82000065837C /* TabSceneType.swift */ = {isa = PBXFileReference; lastKnownFileType = sourcecode.swift; path = TabSceneType.swift; sourceTree = "<group>"; };
		047ECA2B2BFB82520065837C /* Icons.xcassets */ = {isa = PBXFileReference; lastKnownFileType = folder.assetcatalog; path = Icons.xcassets; sourceTree = "<group>"; };
		047ECA2D2BFB83B90065837C /* Color.swift */ = {isa = PBXFileReference; lastKnownFileType = sourcecode.swift; path = Color.swift; sourceTree = "<group>"; };
		047ECA2F2BFB84460065837C /* Colors.xcassets */ = {isa = PBXFileReference; lastKnownFileType = folder.assetcatalog; path = Colors.xcassets; sourceTree = "<group>"; };
/* End PBXFileReference section */

/* Begin PBXFrameworksBuildPhase section */
		046C3E9C2BE917E800BBFF47 /* Frameworks */ = {
			isa = PBXFrameworksBuildPhase;
			buildActionMask = 2147483647;
			files = (
			);
			runOnlyForDeploymentPostprocessing = 0;
		};
		046C3EAC2BE917E900BBFF47 /* Frameworks */ = {
			isa = PBXFrameworksBuildPhase;
			buildActionMask = 2147483647;
			files = (
			);
			runOnlyForDeploymentPostprocessing = 0;
		};
		046C3EB62BE917E900BBFF47 /* Frameworks */ = {
			isa = PBXFrameworksBuildPhase;
			buildActionMask = 2147483647;
			files = (
			);
			runOnlyForDeploymentPostprocessing = 0;
		};
/* End PBXFrameworksBuildPhase section */

/* Begin PBXGroup section */
		046C3E962BE917E800BBFF47 = {
			isa = PBXGroup;
			children = (
				046C3EA12BE917E800BBFF47 /* LocaLoc */,
				046C3EB22BE917E900BBFF47 /* LocaLocTests */,
				046C3EBC2BE917E900BBFF47 /* LocaLocUITests */,
				046C3EA02BE917E800BBFF47 /* Products */,
			);
			sourceTree = "<group>";
		};
		046C3EA02BE917E800BBFF47 /* Products */ = {
			isa = PBXGroup;
			children = (
				046C3E9F2BE917E800BBFF47 /* LocaLoc.app */,
				046C3EAF2BE917E900BBFF47 /* LocaLocTests.xctest */,
				046C3EB92BE917E900BBFF47 /* LocaLocUITests.xctest */,
			);
			name = Products;
			sourceTree = "<group>";
		};
		046C3EA12BE917E800BBFF47 /* LocaLoc */ = {
			isa = PBXGroup;
			children = (
				047ECA032BFA85B70065837C /* Coordinators */,
				046C3ECD2BE91C8700BBFF47 /* Info.plist */,
				046C3EA22BE917E800BBFF47 /* LocaLocApp.swift */,
				046C3EA62BE917E900BBFF47 /* Assets.xcassets */,
				047ECA2F2BFB84460065837C /* Colors.xcassets */,
				047ECA2B2BFB82520065837C /* Icons.xcassets */,
				046C3EA82BE917E900BBFF47 /* Preview Content */,
				046C3ECC2BE91BDC00BBFF47 /* Config.xcconfig */,
			);
			path = LocaLoc;
			sourceTree = "<group>";
		};
		046C3EA82BE917E900BBFF47 /* Preview Content */ = {
			isa = PBXGroup;
			children = (
				046C3EA92BE917E900BBFF47 /* Preview Assets.xcassets */,
			);
			path = "Preview Content";
			sourceTree = "<group>";
		};
		046C3EB22BE917E900BBFF47 /* LocaLocTests */ = {
			isa = PBXGroup;
			children = (
				046C3EB32BE917E900BBFF47 /* LocaLocTests.swift */,
			);
			path = LocaLocTests;
			sourceTree = "<group>";
		};
		046C3EBC2BE917E900BBFF47 /* LocaLocUITests */ = {
			isa = PBXGroup;
			children = (
				046C3EBD2BE917E900BBFF47 /* LocaLocUITests.swift */,
				046C3EBF2BE917E900BBFF47 /* LocaLocUITestsLaunchTests.swift */,
			);
			path = LocaLocUITests;
			sourceTree = "<group>";
		};
		047ECA032BFA85B70065837C /* Coordinators */ = {
			isa = PBXGroup;
			children = (
				047ECA1C2BFA92410065837C /* New Group */,
				047ECA0C2BFA86550065837C /* Scenes */,
				047ECA092BFA85F20065837C /* AppCoordinator */,
				047ECA062BFA85CB0065837C /* Infrastructure */,
			);
			path = Coordinators;
			sourceTree = "<group>";
		};
		047ECA062BFA85CB0065837C /* Infrastructure */ = {
			isa = PBXGroup;
			children = (
				047ECA042BFA85C60065837C /* CoordinatorProtocol.swift */,
				047ECA072BFA85E80065837C /* Coordinator.swift */,
				047ECA1D2BFA925F0065837C /* SceneComposer.swift */,
				047ECA272BFB81F00065837C /* TabScene.swift */,
				047ECA292BFB82000065837C /* TabSceneType.swift */,
				047ECA2D2BFB83B90065837C /* Color.swift */,
			);
			path = Infrastructure;
			sourceTree = "<group>";
		};
		047ECA092BFA85F20065837C /* AppCoordinator */ = {
			isa = PBXGroup;
			children = (
				047ECA0A2BFA85FD0065837C /* AppCoordinator.swift */,
			);
			path = AppCoordinator;
			sourceTree = "<group>";
		};
		047ECA0C2BFA86550065837C /* Scenes */ = {
			isa = PBXGroup;
			children = (
				047ECA262BFB81C20065837C /* Child */,
				047ECA0D2BFA865D0065837C /* Main */,
			);
			path = Scenes;
			sourceTree = "<group>";
		};
		047ECA0D2BFA865D0065837C /* Main */ = {
			isa = PBXGroup;
			children = (
				047ECA0E2BFA86DB0065837C /* MainComposer.swift */,
				047ECA102BFA88AC0065837C /* MainView.swift */,
				047ECA122BFA88B50065837C /* MainViewModel.swift */,
			);
			name = Main;
			sourceTree = "<group>";
		};
		047ECA142BFA91DC0065837C /* Channels */ = {
			isa = PBXGroup;
			children = (
				047ECA192BFA92060065837C /* ChannelsComposer.swift */,
				047ECA152BFA91F40065837C /* ChannelsView.swift */,
				047ECA172BFA91FD0065837C /* ChannelsViewModel.swift */,
			);
			name = Channels;
			sourceTree = "<group>";
		};
		047ECA1C2BFA92410065837C /* New Group */ = {
			isa = PBXGroup;
			children = (
			);
			path = "New Group";
			sourceTree = "<group>";
		};
		047ECA1F2BFA92C00065837C /* Settings */ = {
			isa = PBXGroup;
			children = (
				047ECA242BFA92E80065837C /* SettingsComposer.swift */,
				047ECA202BFA92CE0065837C /* SettingsView.swift */,
				047ECA222BFA92E00065837C /* SettingsViewModel.swift */,
			);
			name = Settings;
			sourceTree = "<group>";
		};
		047ECA262BFB81C20065837C /* Child */ = {
			isa = PBXGroup;
			children = (
				047ECA1F2BFA92C00065837C /* Settings */,
				047ECA142BFA91DC0065837C /* Channels */,
			);
			name = Child;
			sourceTree = "<group>";
		};
/* End PBXGroup section */

/* Begin PBXNativeTarget section */
		046C3E9E2BE917E800BBFF47 /* LocaLoc */ = {
			isa = PBXNativeTarget;
			buildConfigurationList = 046C3EC32BE917E900BBFF47 /* Build configuration list for PBXNativeTarget "LocaLoc" */;
			buildPhases = (
				046C3E9B2BE917E800BBFF47 /* Sources */,
				046C3E9C2BE917E800BBFF47 /* Frameworks */,
				046C3E9D2BE917E800BBFF47 /* Resources */,
			);
			buildRules = (
			);
			dependencies = (
			);
			name = LocaLoc;
			productName = LocaLoc;
			productReference = 046C3E9F2BE917E800BBFF47 /* LocaLoc.app */;
			productType = "com.apple.product-type.application";
		};
		046C3EAE2BE917E900BBFF47 /* LocaLocTests */ = {
			isa = PBXNativeTarget;
			buildConfigurationList = 046C3EC62BE917E900BBFF47 /* Build configuration list for PBXNativeTarget "LocaLocTests" */;
			buildPhases = (
				046C3EAB2BE917E900BBFF47 /* Sources */,
				046C3EAC2BE917E900BBFF47 /* Frameworks */,
				046C3EAD2BE917E900BBFF47 /* Resources */,
			);
			buildRules = (
			);
			dependencies = (
				046C3EB12BE917E900BBFF47 /* PBXTargetDependency */,
			);
			name = LocaLocTests;
			productName = LocaLocTests;
			productReference = 046C3EAF2BE917E900BBFF47 /* LocaLocTests.xctest */;
			productType = "com.apple.product-type.bundle.unit-test";
		};
		046C3EB82BE917E900BBFF47 /* LocaLocUITests */ = {
			isa = PBXNativeTarget;
			buildConfigurationList = 046C3EC92BE917E900BBFF47 /* Build configuration list for PBXNativeTarget "LocaLocUITests" */;
			buildPhases = (
				046C3EB52BE917E900BBFF47 /* Sources */,
				046C3EB62BE917E900BBFF47 /* Frameworks */,
				046C3EB72BE917E900BBFF47 /* Resources */,
			);
			buildRules = (
			);
			dependencies = (
				046C3EBB2BE917E900BBFF47 /* PBXTargetDependency */,
			);
			name = LocaLocUITests;
			productName = LocaLocUITests;
			productReference = 046C3EB92BE917E900BBFF47 /* LocaLocUITests.xctest */;
			productType = "com.apple.product-type.bundle.ui-testing";
		};
/* End PBXNativeTarget section */

/* Begin PBXProject section */
		046C3E972BE917E800BBFF47 /* Project object */ = {
			isa = PBXProject;
			attributes = {
				BuildIndependentTargetsInParallel = 1;
				LastSwiftUpdateCheck = 1500;
				LastUpgradeCheck = 1500;
				TargetAttributes = {
					046C3E9E2BE917E800BBFF47 = {
						CreatedOnToolsVersion = 15.0;
					};
					046C3EAE2BE917E900BBFF47 = {
						CreatedOnToolsVersion = 15.0;
						TestTargetID = 046C3E9E2BE917E800BBFF47;
					};
					046C3EB82BE917E900BBFF47 = {
						CreatedOnToolsVersion = 15.0;
						TestTargetID = 046C3E9E2BE917E800BBFF47;
					};
				};
			};
			buildConfigurationList = 046C3E9A2BE917E800BBFF47 /* Build configuration list for PBXProject "LocaLoc" */;
			compatibilityVersion = "Xcode 14.0";
			developmentRegion = en;
			hasScannedForEncodings = 0;
			knownRegions = (
				en,
				Base,
			);
			mainGroup = 046C3E962BE917E800BBFF47;
			productRefGroup = 046C3EA02BE917E800BBFF47 /* Products */;
			projectDirPath = "";
			projectRoot = "";
			targets = (
				046C3E9E2BE917E800BBFF47 /* LocaLoc */,
				046C3EAE2BE917E900BBFF47 /* LocaLocTests */,
				046C3EB82BE917E900BBFF47 /* LocaLocUITests */,
			);
		};
/* End PBXProject section */

/* Begin PBXResourcesBuildPhase section */
		046C3E9D2BE917E800BBFF47 /* Resources */ = {
			isa = PBXResourcesBuildPhase;
			buildActionMask = 2147483647;
			files = (
				046C3EAA2BE917E900BBFF47 /* Preview Assets.xcassets in Resources */,
				047ECA302BFB84460065837C /* Colors.xcassets in Resources */,
				047ECA2C2BFB82520065837C /* Icons.xcassets in Resources */,
				046C3EA72BE917E900BBFF47 /* Assets.xcassets in Resources */,
			);
			runOnlyForDeploymentPostprocessing = 0;
		};
		046C3EAD2BE917E900BBFF47 /* Resources */ = {
			isa = PBXResourcesBuildPhase;
			buildActionMask = 2147483647;
			files = (
			);
			runOnlyForDeploymentPostprocessing = 0;
		};
		046C3EB72BE917E900BBFF47 /* Resources */ = {
			isa = PBXResourcesBuildPhase;
			buildActionMask = 2147483647;
			files = (
			);
			runOnlyForDeploymentPostprocessing = 0;
		};
/* End PBXResourcesBuildPhase section */

/* Begin PBXSourcesBuildPhase section */
		046C3E9B2BE917E800BBFF47 /* Sources */ = {
			isa = PBXSourcesBuildPhase;
			buildActionMask = 2147483647;
			files = (
				047ECA082BFA85E80065837C /* Coordinator.swift in Sources */,
				047ECA112BFA88AC0065837C /* MainView.swift in Sources */,
				047ECA182BFA91FD0065837C /* ChannelsViewModel.swift in Sources */,
				047ECA252BFA92E80065837C /* SettingsComposer.swift in Sources */,
				047ECA2E2BFB83B90065837C /* Color.swift in Sources */,
				047ECA2A2BFB82000065837C /* TabSceneType.swift in Sources */,
				047ECA162BFA91F40065837C /* ChannelsView.swift in Sources */,
				047ECA1E2BFA925F0065837C /* SceneComposer.swift in Sources */,
				047ECA0B2BFA85FD0065837C /* AppCoordinator.swift in Sources */,
				046C3EA32BE917E800BBFF47 /* LocaLocApp.swift in Sources */,
				047ECA282BFB81F00065837C /* TabScene.swift in Sources */,
				047ECA052BFA85C60065837C /* CoordinatorProtocol.swift in Sources */,
				047ECA1A2BFA92060065837C /* ChannelsComposer.swift in Sources */,
				047ECA0F2BFA86DB0065837C /* MainComposer.swift in Sources */,
				047ECA132BFA88B50065837C /* MainViewModel.swift in Sources */,
				047ECA212BFA92CE0065837C /* SettingsView.swift in Sources */,
				047ECA232BFA92E00065837C /* SettingsViewModel.swift in Sources */,
			);
			runOnlyForDeploymentPostprocessing = 0;
		};
		046C3EAB2BE917E900BBFF47 /* Sources */ = {
			isa = PBXSourcesBuildPhase;
			buildActionMask = 2147483647;
			files = (
				046C3EB42BE917E900BBFF47 /* LocaLocTests.swift in Sources */,
			);
			runOnlyForDeploymentPostprocessing = 0;
		};
		046C3EB52BE917E900BBFF47 /* Sources */ = {
			isa = PBXSourcesBuildPhase;
			buildActionMask = 2147483647;
			files = (
				046C3EC02BE917E900BBFF47 /* LocaLocUITestsLaunchTests.swift in Sources */,
				046C3EBE2BE917E900BBFF47 /* LocaLocUITests.swift in Sources */,
			);
			runOnlyForDeploymentPostprocessing = 0;
		};
/* End PBXSourcesBuildPhase section */

/* Begin PBXTargetDependency section */
		046C3EB12BE917E900BBFF47 /* PBXTargetDependency */ = {
			isa = PBXTargetDependency;
			target = 046C3E9E2BE917E800BBFF47 /* LocaLoc */;
			targetProxy = 046C3EB02BE917E900BBFF47 /* PBXContainerItemProxy */;
		};
		046C3EBB2BE917E900BBFF47 /* PBXTargetDependency */ = {
			isa = PBXTargetDependency;
			target = 046C3E9E2BE917E800BBFF47 /* LocaLoc */;
			targetProxy = 046C3EBA2BE917E900BBFF47 /* PBXContainerItemProxy */;
		};
/* End PBXTargetDependency section */

/* Begin XCBuildConfiguration section */
		046C3EC12BE917E900BBFF47 /* Debug */ = {
			isa = XCBuildConfiguration;
			baseConfigurationReference = 046C3ECC2BE91BDC00BBFF47 /* Config.xcconfig */;
			buildSettings = {
				ALWAYS_SEARCH_USER_PATHS = NO;
				ASSETCATALOG_COMPILER_GENERATE_SWIFT_ASSET_SYMBOL_EXTENSIONS = YES;
				CLANG_ANALYZER_NONNULL = YES;
				CLANG_ANALYZER_NUMBER_OBJECT_CONVERSION = YES_AGGRESSIVE;
				CLANG_CXX_LANGUAGE_STANDARD = "gnu++20";
				CLANG_ENABLE_MODULES = YES;
				CLANG_ENABLE_OBJC_ARC = YES;
				CLANG_ENABLE_OBJC_WEAK = YES;
				CLANG_WARN_BLOCK_CAPTURE_AUTORELEASING = YES;
				CLANG_WARN_BOOL_CONVERSION = YES;
				CLANG_WARN_COMMA = YES;
				CLANG_WARN_CONSTANT_CONVERSION = YES;
				CLANG_WARN_DEPRECATED_OBJC_IMPLEMENTATIONS = YES;
				CLANG_WARN_DIRECT_OBJC_ISA_USAGE = YES_ERROR;
				CLANG_WARN_DOCUMENTATION_COMMENTS = YES;
				CLANG_WARN_EMPTY_BODY = YES;
				CLANG_WARN_ENUM_CONVERSION = YES;
				CLANG_WARN_INFINITE_RECURSION = YES;
				CLANG_WARN_INT_CONVERSION = YES;
				CLANG_WARN_NON_LITERAL_NULL_CONVERSION = YES;
				CLANG_WARN_OBJC_IMPLICIT_RETAIN_SELF = YES;
				CLANG_WARN_OBJC_LITERAL_CONVERSION = YES;
				CLANG_WARN_OBJC_ROOT_CLASS = YES_ERROR;
				CLANG_WARN_QUOTED_INCLUDE_IN_FRAMEWORK_HEADER = YES;
				CLANG_WARN_RANGE_LOOP_ANALYSIS = YES;
				CLANG_WARN_STRICT_PROTOTYPES = YES;
				CLANG_WARN_SUSPICIOUS_MOVE = YES;
				CLANG_WARN_UNGUARDED_AVAILABILITY = YES_AGGRESSIVE;
				CLANG_WARN_UNREACHABLE_CODE = YES;
				CLANG_WARN__DUPLICATE_METHOD_MATCH = YES;
				COPY_PHASE_STRIP = NO;
				DEBUG_INFORMATION_FORMAT = dwarf;
				ENABLE_STRICT_OBJC_MSGSEND = YES;
				ENABLE_TESTABILITY = YES;
				ENABLE_USER_SCRIPT_SANDBOXING = YES;
				EXCLUDED_ARCHS = arm64;
				GCC_C_LANGUAGE_STANDARD = gnu17;
				GCC_DYNAMIC_NO_PIC = NO;
				GCC_NO_COMMON_BLOCKS = YES;
				GCC_OPTIMIZATION_LEVEL = 0;
				GCC_PREPROCESSOR_DEFINITIONS = (
					"DEBUG=1",
					"$(inherited)",
				);
				GCC_WARN_64_TO_32_BIT_CONVERSION = YES;
				GCC_WARN_ABOUT_RETURN_TYPE = YES_ERROR;
				GCC_WARN_UNDECLARED_SELECTOR = YES;
				GCC_WARN_UNINITIALIZED_AUTOS = YES_AGGRESSIVE;
				GCC_WARN_UNUSED_FUNCTION = YES;
				GCC_WARN_UNUSED_VARIABLE = YES;
				IPHONEOS_DEPLOYMENT_TARGET = "$(LL_IPHONE_MINIMUM_DEPLOYMENT_TARGET)";
				LOCALIZATION_PREFERS_STRING_CATALOGS = YES;
				MTL_ENABLE_DEBUG_INFO = INCLUDE_SOURCE;
				MTL_FAST_MATH = YES;
				ONLY_ACTIVE_ARCH = YES;
				SDKROOT = iphoneos;
				SWIFT_ACTIVE_COMPILATION_CONDITIONS = "DEBUG $(inherited)";
				SWIFT_OPTIMIZATION_LEVEL = "-Onone";
			};
			name = Debug;
		};
		046C3EC22BE917E900BBFF47 /* Release */ = {
			isa = XCBuildConfiguration;
			baseConfigurationReference = 046C3ECC2BE91BDC00BBFF47 /* Config.xcconfig */;
			buildSettings = {
				ALWAYS_SEARCH_USER_PATHS = NO;
				ASSETCATALOG_COMPILER_GENERATE_SWIFT_ASSET_SYMBOL_EXTENSIONS = YES;
				CLANG_ANALYZER_NONNULL = YES;
				CLANG_ANALYZER_NUMBER_OBJECT_CONVERSION = YES_AGGRESSIVE;
				CLANG_CXX_LANGUAGE_STANDARD = "gnu++20";
				CLANG_ENABLE_MODULES = YES;
				CLANG_ENABLE_OBJC_ARC = YES;
				CLANG_ENABLE_OBJC_WEAK = YES;
				CLANG_WARN_BLOCK_CAPTURE_AUTORELEASING = YES;
				CLANG_WARN_BOOL_CONVERSION = YES;
				CLANG_WARN_COMMA = YES;
				CLANG_WARN_CONSTANT_CONVERSION = YES;
				CLANG_WARN_DEPRECATED_OBJC_IMPLEMENTATIONS = YES;
				CLANG_WARN_DIRECT_OBJC_ISA_USAGE = YES_ERROR;
				CLANG_WARN_DOCUMENTATION_COMMENTS = YES;
				CLANG_WARN_EMPTY_BODY = YES;
				CLANG_WARN_ENUM_CONVERSION = YES;
				CLANG_WARN_INFINITE_RECURSION = YES;
				CLANG_WARN_INT_CONVERSION = YES;
				CLANG_WARN_NON_LITERAL_NULL_CONVERSION = YES;
				CLANG_WARN_OBJC_IMPLICIT_RETAIN_SELF = YES;
				CLANG_WARN_OBJC_LITERAL_CONVERSION = YES;
				CLANG_WARN_OBJC_ROOT_CLASS = YES_ERROR;
				CLANG_WARN_QUOTED_INCLUDE_IN_FRAMEWORK_HEADER = YES;
				CLANG_WARN_RANGE_LOOP_ANALYSIS = YES;
				CLANG_WARN_STRICT_PROTOTYPES = YES;
				CLANG_WARN_SUSPICIOUS_MOVE = YES;
				CLANG_WARN_UNGUARDED_AVAILABILITY = YES_AGGRESSIVE;
				CLANG_WARN_UNREACHABLE_CODE = YES;
				CLANG_WARN__DUPLICATE_METHOD_MATCH = YES;
				COPY_PHASE_STRIP = NO;
				DEBUG_INFORMATION_FORMAT = "dwarf-with-dsym";
				ENABLE_NS_ASSERTIONS = NO;
				ENABLE_STRICT_OBJC_MSGSEND = YES;
				ENABLE_USER_SCRIPT_SANDBOXING = YES;
				EXCLUDED_ARCHS = arm64;
				GCC_C_LANGUAGE_STANDARD = gnu17;
				GCC_NO_COMMON_BLOCKS = YES;
				GCC_WARN_64_TO_32_BIT_CONVERSION = YES;
				GCC_WARN_ABOUT_RETURN_TYPE = YES_ERROR;
				GCC_WARN_UNDECLARED_SELECTOR = YES;
				GCC_WARN_UNINITIALIZED_AUTOS = YES_AGGRESSIVE;
				GCC_WARN_UNUSED_FUNCTION = YES;
				GCC_WARN_UNUSED_VARIABLE = YES;
				IPHONEOS_DEPLOYMENT_TARGET = "$(LL_IPHONE_MINIMUM_DEPLOYMENT_TARGET)";
				LOCALIZATION_PREFERS_STRING_CATALOGS = YES;
				MTL_ENABLE_DEBUG_INFO = NO;
				MTL_FAST_MATH = YES;
				SDKROOT = iphoneos;
				SWIFT_COMPILATION_MODE = wholemodule;
				VALIDATE_PRODUCT = YES;
			};
			name = Release;
		};
		046C3EC42BE917E900BBFF47 /* Debug */ = {
			isa = XCBuildConfiguration;
			buildSettings = {
				ASSETCATALOG_COMPILER_APPICON_NAME = AppIcon;
				ASSETCATALOG_COMPILER_GLOBAL_ACCENT_COLOR_NAME = AccentColor;
				CODE_SIGN_STYLE = Automatic;
				CURRENT_PROJECT_VERSION = "$(LL_APP_BUILD)";
				DEVELOPMENT_ASSET_PATHS = "\"LocaLoc/Preview Content\"";
				DEVELOPMENT_TEAM = Z2Z4SAY5W6;
				ENABLE_PREVIEWS = YES;
				GENERATE_INFOPLIST_FILE = YES;
				INFOPLIST_FILE = LocaLoc/Info.plist;
				INFOPLIST_KEY_LSApplicationCategoryType = "public.app-category.travel";
				INFOPLIST_KEY_UIApplicationSceneManifest_Generation = YES;
				INFOPLIST_KEY_UIApplicationSupportsIndirectInputEvents = YES;
				INFOPLIST_KEY_UILaunchScreen_Generation = YES;
				INFOPLIST_KEY_UISupportedInterfaceOrientations = UIInterfaceOrientationPortrait;
				INFOPLIST_KEY_UISupportedInterfaceOrientations_iPad = "UIInterfaceOrientationLandscapeLeft UIInterfaceOrientationLandscapeRight UIInterfaceOrientationPortrait UIInterfaceOrientationPortraitUpsideDown";
				IPHONEOS_DEPLOYMENT_TARGET = "$(LL_IPHONE_MINIMUM_DEPLOYMENT_TARGET)";
				LD_RUNPATH_SEARCH_PATHS = (
					"$(inherited)",
					"@executable_path/Frameworks",
				);
				MACOSX_DEPLOYMENT_TARGET = 12.0;
				MARKETING_VERSION = "$(LL_APP_VERSION)";
				PRODUCT_BUNDLE_IDENTIFIER = "$(LL_APP_BUNDLE_ID)";
				PRODUCT_NAME = "$(LL_APP_NAME)";
				SUPPORTED_PLATFORMS = "iphoneos iphonesimulator";
				SUPPORTS_MACCATALYST = NO;
				SUPPORTS_MAC_DESIGNED_FOR_IPHONE_IPAD = NO;
				SWIFT_EMIT_LOC_STRINGS = YES;
				SWIFT_VERSION = 5.0;
				TARGETED_DEVICE_FAMILY = 1;
			};
			name = Debug;
		};
		046C3EC52BE917E900BBFF47 /* Release */ = {
			isa = XCBuildConfiguration;
			buildSettings = {
				ASSETCATALOG_COMPILER_APPICON_NAME = AppIcon;
				ASSETCATALOG_COMPILER_GLOBAL_ACCENT_COLOR_NAME = AccentColor;
				CODE_SIGN_STYLE = Automatic;
				CURRENT_PROJECT_VERSION = "$(LL_APP_BUILD)";
				DEVELOPMENT_ASSET_PATHS = "\"LocaLoc/Preview Content\"";
				DEVELOPMENT_TEAM = Z2Z4SAY5W6;
				ENABLE_PREVIEWS = YES;
				GENERATE_INFOPLIST_FILE = YES;
				INFOPLIST_FILE = LocaLoc/Info.plist;
				INFOPLIST_KEY_LSApplicationCategoryType = "public.app-category.travel";
				INFOPLIST_KEY_UIApplicationSceneManifest_Generation = YES;
				INFOPLIST_KEY_UIApplicationSupportsIndirectInputEvents = YES;
				INFOPLIST_KEY_UILaunchScreen_Generation = YES;
				INFOPLIST_KEY_UISupportedInterfaceOrientations = UIInterfaceOrientationPortrait;
				INFOPLIST_KEY_UISupportedInterfaceOrientations_iPad = "UIInterfaceOrientationLandscapeLeft UIInterfaceOrientationLandscapeRight UIInterfaceOrientationPortrait UIInterfaceOrientationPortraitUpsideDown";
				IPHONEOS_DEPLOYMENT_TARGET = "$(LL_IPHONE_MINIMUM_DEPLOYMENT_TARGET)";
				LD_RUNPATH_SEARCH_PATHS = (
					"$(inherited)",
					"@executable_path/Frameworks",
				);
				MACOSX_DEPLOYMENT_TARGET = 12.0;
				MARKETING_VERSION = "$(LL_APP_VERSION)";
				PRODUCT_BUNDLE_IDENTIFIER = "$(LL_APP_BUNDLE_ID)";
				PRODUCT_NAME = "$(LL_APP_NAME)";
				SUPPORTED_PLATFORMS = "iphoneos iphonesimulator";
				SUPPORTS_MACCATALYST = NO;
				SUPPORTS_MAC_DESIGNED_FOR_IPHONE_IPAD = NO;
				SWIFT_EMIT_LOC_STRINGS = YES;
				SWIFT_VERSION = 5.0;
				TARGETED_DEVICE_FAMILY = 1;
			};
			name = Release;
		};
		046C3EC72BE917E900BBFF47 /* Debug */ = {
			isa = XCBuildConfiguration;
			buildSettings = {
				ALWAYS_EMBED_SWIFT_STANDARD_LIBRARIES = YES;
				BUNDLE_LOADER = "$(TEST_HOST)";
				CODE_SIGN_STYLE = Automatic;
				CURRENT_PROJECT_VERSION = 1;
				DEVELOPMENT_TEAM = Z2Z4SAY5W6;
				GENERATE_INFOPLIST_FILE = YES;
				IPHONEOS_DEPLOYMENT_TARGET = "$(LL_IPHONE_MINIMUM_DEPLOYMENT_TARGET)";
				MARKETING_VERSION = 1.0;
				PRODUCT_BUNDLE_IDENTIFIER = VolodymyrKotsiubenko.LocaLocTests;
				PRODUCT_NAME = "$(TARGET_NAME)";
				SWIFT_EMIT_LOC_STRINGS = NO;
				SWIFT_VERSION = 5.0;
				TARGETED_DEVICE_FAMILY = "1,2";
				TEST_HOST = "$(BUILT_PRODUCTS_DIR)/LocaLoc.app/$(BUNDLE_EXECUTABLE_FOLDER_PATH)/LocaLoc";
			};
			name = Debug;
		};
		046C3EC82BE917E900BBFF47 /* Release */ = {
			isa = XCBuildConfiguration;
			buildSettings = {
				ALWAYS_EMBED_SWIFT_STANDARD_LIBRARIES = YES;
				BUNDLE_LOADER = "$(TEST_HOST)";
				CODE_SIGN_STYLE = Automatic;
				CURRENT_PROJECT_VERSION = 1;
				DEVELOPMENT_TEAM = Z2Z4SAY5W6;
				GENERATE_INFOPLIST_FILE = YES;
				IPHONEOS_DEPLOYMENT_TARGET = "$(LL_IPHONE_MINIMUM_DEPLOYMENT_TARGET)";
				MARKETING_VERSION = 1.0;
				PRODUCT_BUNDLE_IDENTIFIER = VolodymyrKotsiubenko.LocaLocTests;
				PRODUCT_NAME = "$(TARGET_NAME)";
				SWIFT_EMIT_LOC_STRINGS = NO;
				SWIFT_VERSION = 5.0;
				TARGETED_DEVICE_FAMILY = "1,2";
				TEST_HOST = "$(BUILT_PRODUCTS_DIR)/LocaLoc.app/$(BUNDLE_EXECUTABLE_FOLDER_PATH)/LocaLoc";
			};
			name = Release;
		};
		046C3ECA2BE917E900BBFF47 /* Debug */ = {
			isa = XCBuildConfiguration;
			buildSettings = {
				ALWAYS_EMBED_SWIFT_STANDARD_LIBRARIES = YES;
				CODE_SIGN_STYLE = Automatic;
				CURRENT_PROJECT_VERSION = 1;
				DEVELOPMENT_TEAM = Z2Z4SAY5W6;
				GENERATE_INFOPLIST_FILE = YES;
				MARKETING_VERSION = 1.0;
				PRODUCT_BUNDLE_IDENTIFIER = VolodymyrKotsiubenko.LocaLocUITests;
				PRODUCT_NAME = "$(TARGET_NAME)";
				SWIFT_EMIT_LOC_STRINGS = NO;
				SWIFT_VERSION = 5.0;
				TARGETED_DEVICE_FAMILY = "1,2";
				TEST_TARGET_NAME = LocaLoc;
			};
			name = Debug;
		};
		046C3ECB2BE917E900BBFF47 /* Release */ = {
			isa = XCBuildConfiguration;
			buildSettings = {
				ALWAYS_EMBED_SWIFT_STANDARD_LIBRARIES = YES;
				CODE_SIGN_STYLE = Automatic;
				CURRENT_PROJECT_VERSION = 1;
				DEVELOPMENT_TEAM = Z2Z4SAY5W6;
				GENERATE_INFOPLIST_FILE = YES;
				MARKETING_VERSION = 1.0;
				PRODUCT_BUNDLE_IDENTIFIER = VolodymyrKotsiubenko.LocaLocUITests;
				PRODUCT_NAME = "$(TARGET_NAME)";
				SWIFT_EMIT_LOC_STRINGS = NO;
				SWIFT_VERSION = 5.0;
				TARGETED_DEVICE_FAMILY = "1,2";
				TEST_TARGET_NAME = LocaLoc;
			};
			name = Release;
		};
/* End XCBuildConfiguration section */

/* Begin XCConfigurationList section */
		046C3E9A2BE917E800BBFF47 /* Build configuration list for PBXProject "LocaLoc" */ = {
			isa = XCConfigurationList;
			buildConfigurations = (
				046C3EC12BE917E900BBFF47 /* Debug */,
				046C3EC22BE917E900BBFF47 /* Release */,
			);
			defaultConfigurationIsVisible = 0;
			defaultConfigurationName = Release;
		};
		046C3EC32BE917E900BBFF47 /* Build configuration list for PBXNativeTarget "LocaLoc" */ = {
			isa = XCConfigurationList;
			buildConfigurations = (
				046C3EC42BE917E900BBFF47 /* Debug */,
				046C3EC52BE917E900BBFF47 /* Release */,
			);
			defaultConfigurationIsVisible = 0;
			defaultConfigurationName = Release;
		};
		046C3EC62BE917E900BBFF47 /* Build configuration list for PBXNativeTarget "LocaLocTests" */ = {
			isa = XCConfigurationList;
			buildConfigurations = (
				046C3EC72BE917E900BBFF47 /* Debug */,
				046C3EC82BE917E900BBFF47 /* Release */,
			);
			defaultConfigurationIsVisible = 0;
			defaultConfigurationName = Release;
		};
		046C3EC92BE917E900BBFF47 /* Build configuration list for PBXNativeTarget "LocaLocUITests" */ = {
			isa = XCConfigurationList;
			buildConfigurations = (
				046C3ECA2BE917E900BBFF47 /* Debug */,
				046C3ECB2BE917E900BBFF47 /* Release */,
			);
			defaultConfigurationIsVisible = 0;
			defaultConfigurationName = Release;
		};
/* End XCConfigurationList section */
	};
	rootObject = 046C3E972BE917E800BBFF47 /* Project object */;
}
