// !$*UTF8*$!
{
	archiveVersion = 1;
	classes = {
	};
	objectVersion = 56;
	objects = {

/* Begin PBXBuildFile section */
		040B9EC12BFE4C17005E3930 /* GoogleSignIn in Frameworks */ = {isa = PBXBuildFile; productRef = 040B9EC02BFE4C17005E3930 /* GoogleSignIn */; };
		040B9EC42BFE51DB005E3930 /* FirebaseAuth in Frameworks */ = {isa = PBXBuildFile; productRef = 040B9EC32BFE51DB005E3930 /* FirebaseAuth */; };
		040D85832C008D2F000F8F52 /* AuthenticationService.swift in Sources */ = {isa = PBXBuildFile; fileRef = 040D85822C008D2F000F8F52 /* AuthenticationService.swift */; };
		040D85852C008D8E000F8F52 /* DataRepository.swift in Sources */ = {isa = PBXBuildFile; fileRef = 040D85842C008D8E000F8F52 /* DataRepository.swift */; };
		040D85882C008F97000F8F52 /* Profile.swift in Sources */ = {isa = PBXBuildFile; fileRef = 040D85872C008F97000F8F52 /* Profile.swift */; };
		040D858A2C008FA5000F8F52 /* User.swift in Sources */ = {isa = PBXBuildFile; fileRef = 040D85892C008FA5000F8F52 /* User.swift */; };
		040D858C2C008FD1000F8F52 /* AuthenticationProviderType.swift in Sources */ = {isa = PBXBuildFile; fileRef = 040D858B2C008FD1000F8F52 /* AuthenticationProviderType.swift */; };
		040E4EBC2C0095D100056856 /* UserAuthenticationStatus.swift in Sources */ = {isa = PBXBuildFile; fileRef = 040E4EBB2C0095D100056856 /* UserAuthenticationStatus.swift */; };
		040E4EC52C025FF200056856 /* UserDefaultsKeys.swift in Sources */ = {isa = PBXBuildFile; fileRef = 040E4EC42C025FF200056856 /* UserDefaultsKeys.swift */; };
		040E4EC82C02633800056856 /* ChannelCreationComposer.swift in Sources */ = {isa = PBXBuildFile; fileRef = 040E4EC72C02633800056856 /* ChannelCreationComposer.swift */; };
		040E4ECA2C02633C00056856 /* ChannelCreationView.swift in Sources */ = {isa = PBXBuildFile; fileRef = 040E4EC92C02633C00056856 /* ChannelCreationView.swift */; };
		040E4ECC2C02634300056856 /* ChannelCreationViewModel.swift in Sources */ = {isa = PBXBuildFile; fileRef = 040E4ECB2C02634300056856 /* ChannelCreationViewModel.swift */; };
		04261ADF2BFCD9A200FBAFC3 /* ChannelAvatar.swift in Sources */ = {isa = PBXBuildFile; fileRef = 04261ADE2BFCD9A200FBAFC3 /* ChannelAvatar.swift */; };
		04261AE12BFCD9E100FBAFC3 /* ChannelsRow.swift in Sources */ = {isa = PBXBuildFile; fileRef = 04261AE02BFCD9E100FBAFC3 /* ChannelsRow.swift */; };
		04261AE42BFCE69600FBAFC3 /* AuthenticationCoordinator.swift in Sources */ = {isa = PBXBuildFile; fileRef = 04261AE32BFCE69600FBAFC3 /* AuthenticationCoordinator.swift */; };
		04261AE82BFCE9FF00FBAFC3 /* AuthenticationView.swift in Sources */ = {isa = PBXBuildFile; fileRef = 04261AE72BFCE9FF00FBAFC3 /* AuthenticationView.swift */; };
		04261AEA2BFCEA3400FBAFC3 /* AuthenticationViewModel.swift in Sources */ = {isa = PBXBuildFile; fileRef = 04261AE92BFCEA3400FBAFC3 /* AuthenticationViewModel.swift */; };
		046C3EA32BE917E800BBFF47 /* CoreApp.swift in Sources */ = {isa = PBXBuildFile; fileRef = 046C3EA22BE917E800BBFF47 /* CoreApp.swift */; };
		046C3EA72BE917E900BBFF47 /* Assets.xcassets in Resources */ = {isa = PBXBuildFile; fileRef = 046C3EA62BE917E900BBFF47 /* Assets.xcassets */; };
		046C3EB42BE917E900BBFF47 /* LocaLocTests.swift in Sources */ = {isa = PBXBuildFile; fileRef = 046C3EB32BE917E900BBFF47 /* LocaLocTests.swift */; };
		046C3EBE2BE917E900BBFF47 /* LocaLocUITests.swift in Sources */ = {isa = PBXBuildFile; fileRef = 046C3EBD2BE917E900BBFF47 /* LocaLocUITests.swift */; };
		046C3EC02BE917E900BBFF47 /* LocaLocUITestsLaunchTests.swift in Sources */ = {isa = PBXBuildFile; fileRef = 046C3EBF2BE917E900BBFF47 /* LocaLocUITestsLaunchTests.swift */; };
		047ECA052BFA85C60065837C /* CoordinatorProtocol.swift in Sources */ = {isa = PBXBuildFile; fileRef = 047ECA042BFA85C60065837C /* CoordinatorProtocol.swift */; };
		047ECA082BFA85E80065837C /* Coordinator.swift in Sources */ = {isa = PBXBuildFile; fileRef = 047ECA072BFA85E80065837C /* Coordinator.swift */; };
		047ECA0B2BFA85FD0065837C /* AppCoordinator.swift in Sources */ = {isa = PBXBuildFile; fileRef = 047ECA0A2BFA85FD0065837C /* AppCoordinator.swift */; };
		047ECA0F2BFA86DB0065837C /* HomeComposer.swift in Sources */ = {isa = PBXBuildFile; fileRef = 047ECA0E2BFA86DB0065837C /* HomeComposer.swift */; };
		047ECA112BFA88AC0065837C /* HomeView.swift in Sources */ = {isa = PBXBuildFile; fileRef = 047ECA102BFA88AC0065837C /* HomeView.swift */; };
		047ECA132BFA88B50065837C /* MainViewModel.swift in Sources */ = {isa = PBXBuildFile; fileRef = 047ECA122BFA88B50065837C /* MainViewModel.swift */; };
		047ECA162BFA91F40065837C /* ChannelsView.swift in Sources */ = {isa = PBXBuildFile; fileRef = 047ECA152BFA91F40065837C /* ChannelsView.swift */; };
		047ECA182BFA91FD0065837C /* ChannelsViewModel.swift in Sources */ = {isa = PBXBuildFile; fileRef = 047ECA172BFA91FD0065837C /* ChannelsViewModel.swift */; };
		047ECA1A2BFA92060065837C /* ChannelsComposer.swift in Sources */ = {isa = PBXBuildFile; fileRef = 047ECA192BFA92060065837C /* ChannelsComposer.swift */; };
		047ECA1E2BFA925F0065837C /* SceneComposer.swift in Sources */ = {isa = PBXBuildFile; fileRef = 047ECA1D2BFA925F0065837C /* SceneComposer.swift */; };
		047ECA212BFA92CE0065837C /* SettingsView.swift in Sources */ = {isa = PBXBuildFile; fileRef = 047ECA202BFA92CE0065837C /* SettingsView.swift */; };
		047ECA232BFA92E00065837C /* SettingsViewModel.swift in Sources */ = {isa = PBXBuildFile; fileRef = 047ECA222BFA92E00065837C /* SettingsViewModel.swift */; };
		047ECA252BFA92E80065837C /* SettingsComposer.swift in Sources */ = {isa = PBXBuildFile; fileRef = 047ECA242BFA92E80065837C /* SettingsComposer.swift */; };
		047ECA282BFB81F00065837C /* TabScene.swift in Sources */ = {isa = PBXBuildFile; fileRef = 047ECA272BFB81F00065837C /* TabScene.swift */; };
		047ECA2A2BFB82000065837C /* TabSceneType.swift in Sources */ = {isa = PBXBuildFile; fileRef = 047ECA292BFB82000065837C /* TabSceneType.swift */; };
		047ECA2C2BFB82520065837C /* Icons.xcassets in Resources */ = {isa = PBXBuildFile; fileRef = 047ECA2B2BFB82520065837C /* Icons.xcassets */; };
		047ECA2E2BFB83B90065837C /* Color.swift in Sources */ = {isa = PBXBuildFile; fileRef = 047ECA2D2BFB83B90065837C /* Color.swift */; };
		047ECA302BFB84460065837C /* Colors.xcassets in Resources */ = {isa = PBXBuildFile; fileRef = 047ECA2F2BFB84460065837C /* Colors.xcassets */; };
		0485D8272BFF47C600729C34 /* UserDefaults.swift in Sources */ = {isa = PBXBuildFile; fileRef = 0485D8262BFF47C600729C34 /* UserDefaults.swift */; };
		04ABD30C2BFCBB84008FB984 /* CachedAsyncImage in Frameworks */ = {isa = PBXBuildFile; productRef = 04ABD30B2BFCBB84008FB984 /* CachedAsyncImage */; };
/* End PBXBuildFile section */

/* Begin PBXContainerItemProxy section */
		046C3EB02BE917E900BBFF47 /* PBXContainerItemProxy */ = {
			isa = PBXContainerItemProxy;
			containerPortal = 046C3E972BE917E800BBFF47 /* Project object */;
			proxyType = 1;
			remoteGlobalIDString = 046C3E9E2BE917E800BBFF47;
			remoteInfo = LocaLoc;
		};
		046C3EBA2BE917E900BBFF47 /* PBXContainerItemProxy */ = {
			isa = PBXContainerItemProxy;
			containerPortal = 046C3E972BE917E800BBFF47 /* Project object */;
			proxyType = 1;
			remoteGlobalIDString = 046C3E9E2BE917E800BBFF47;
			remoteInfo = LocaLoc;
		};
/* End PBXContainerItemProxy section */

/* Begin PBXFileReference section */
		040B9EBA2BFE480B005E3930 /* GoogleService-Info.plist */ = {isa = PBXFileReference; fileEncoding = 4; lastKnownFileType = text.plist.xml; path = "GoogleService-Info.plist"; sourceTree = "<group>"; };
		040B9EBC2BFE4810005E3930 /* GoogleService-Info.plist */ = {isa = PBXFileReference; fileEncoding = 4; lastKnownFileType = text.plist.xml; path = "GoogleService-Info.plist"; sourceTree = "<group>"; };
		040D85822C008D2F000F8F52 /* AuthenticationService.swift */ = {isa = PBXFileReference; lastKnownFileType = sourcecode.swift; path = AuthenticationService.swift; sourceTree = "<group>"; };
		040D85842C008D8E000F8F52 /* DataRepository.swift */ = {isa = PBXFileReference; lastKnownFileType = sourcecode.swift; path = DataRepository.swift; sourceTree = "<group>"; };
		040D85872C008F97000F8F52 /* Profile.swift */ = {isa = PBXFileReference; lastKnownFileType = sourcecode.swift; path = Profile.swift; sourceTree = "<group>"; };
		040D85892C008FA5000F8F52 /* User.swift */ = {isa = PBXFileReference; lastKnownFileType = sourcecode.swift; path = User.swift; sourceTree = "<group>"; };
		040D858B2C008FD1000F8F52 /* AuthenticationProviderType.swift */ = {isa = PBXFileReference; lastKnownFileType = sourcecode.swift; path = AuthenticationProviderType.swift; sourceTree = "<group>"; };
		040E4EBB2C0095D100056856 /* UserAuthenticationStatus.swift */ = {isa = PBXFileReference; lastKnownFileType = sourcecode.swift; path = UserAuthenticationStatus.swift; sourceTree = "<group>"; };
		040E4EC42C025FF200056856 /* UserDefaultsKeys.swift */ = {isa = PBXFileReference; lastKnownFileType = sourcecode.swift; path = UserDefaultsKeys.swift; sourceTree = "<group>"; };
		040E4EC72C02633800056856 /* ChannelCreationComposer.swift */ = {isa = PBXFileReference; lastKnownFileType = sourcecode.swift; path = ChannelCreationComposer.swift; sourceTree = "<group>"; };
		040E4EC92C02633C00056856 /* ChannelCreationView.swift */ = {isa = PBXFileReference; lastKnownFileType = sourcecode.swift; path = ChannelCreationView.swift; sourceTree = "<group>"; };
		040E4ECB2C02634300056856 /* ChannelCreationViewModel.swift */ = {isa = PBXFileReference; lastKnownFileType = sourcecode.swift; path = ChannelCreationViewModel.swift; sourceTree = "<group>"; };
		04261ADE2BFCD9A200FBAFC3 /* ChannelAvatar.swift */ = {isa = PBXFileReference; lastKnownFileType = sourcecode.swift; path = ChannelAvatar.swift; sourceTree = "<group>"; };
		04261AE02BFCD9E100FBAFC3 /* ChannelsRow.swift */ = {isa = PBXFileReference; lastKnownFileType = sourcecode.swift; path = ChannelsRow.swift; sourceTree = "<group>"; };
		04261AE32BFCE69600FBAFC3 /* AuthenticationCoordinator.swift */ = {isa = PBXFileReference; lastKnownFileType = sourcecode.swift; path = AuthenticationCoordinator.swift; sourceTree = "<group>"; };
		04261AE72BFCE9FF00FBAFC3 /* AuthenticationView.swift */ = {isa = PBXFileReference; lastKnownFileType = sourcecode.swift; path = AuthenticationView.swift; sourceTree = "<group>"; };
		04261AE92BFCEA3400FBAFC3 /* AuthenticationViewModel.swift */ = {isa = PBXFileReference; lastKnownFileType = sourcecode.swift; path = AuthenticationViewModel.swift; sourceTree = "<group>"; };
		046C3E9F2BE917E800BBFF47 /* LocaLoc.app */ = {isa = PBXFileReference; explicitFileType = wrapper.application; includeInIndex = 0; path = LocaLoc.app; sourceTree = BUILT_PRODUCTS_DIR; };
		046C3EA22BE917E800BBFF47 /* CoreApp.swift */ = {isa = PBXFileReference; lastKnownFileType = sourcecode.swift; path = CoreApp.swift; sourceTree = "<group>"; };
		046C3EA62BE917E900BBFF47 /* Assets.xcassets */ = {isa = PBXFileReference; lastKnownFileType = folder.assetcatalog; path = Assets.xcassets; sourceTree = "<group>"; };
		046C3EAF2BE917E900BBFF47 /* LocaLocTests.xctest */ = {isa = PBXFileReference; explicitFileType = wrapper.cfbundle; includeInIndex = 0; path = LocaLocTests.xctest; sourceTree = BUILT_PRODUCTS_DIR; };
		046C3EB32BE917E900BBFF47 /* LocaLocTests.swift */ = {isa = PBXFileReference; lastKnownFileType = sourcecode.swift; path = LocaLocTests.swift; sourceTree = "<group>"; };
		046C3EB92BE917E900BBFF47 /* LocaLocUITests.xctest */ = {isa = PBXFileReference; explicitFileType = wrapper.cfbundle; includeInIndex = 0; path = LocaLocUITests.xctest; sourceTree = BUILT_PRODUCTS_DIR; };
		046C3EBD2BE917E900BBFF47 /* LocaLocUITests.swift */ = {isa = PBXFileReference; lastKnownFileType = sourcecode.swift; path = LocaLocUITests.swift; sourceTree = "<group>"; };
		046C3EBF2BE917E900BBFF47 /* LocaLocUITestsLaunchTests.swift */ = {isa = PBXFileReference; lastKnownFileType = sourcecode.swift; path = LocaLocUITestsLaunchTests.swift; sourceTree = "<group>"; };
		046C3ECC2BE91BDC00BBFF47 /* Config.xcconfig */ = {isa = PBXFileReference; lastKnownFileType = text.xcconfig; path = Config.xcconfig; sourceTree = "<group>"; };
		046C3ECD2BE91C8700BBFF47 /* Info.plist */ = {isa = PBXFileReference; lastKnownFileType = text.plist.xml; path = Info.plist; sourceTree = "<group>"; };
		047ECA042BFA85C60065837C /* CoordinatorProtocol.swift */ = {isa = PBXFileReference; lastKnownFileType = sourcecode.swift; path = CoordinatorProtocol.swift; sourceTree = "<group>"; };
		047ECA072BFA85E80065837C /* Coordinator.swift */ = {isa = PBXFileReference; lastKnownFileType = sourcecode.swift; path = Coordinator.swift; sourceTree = "<group>"; };
		047ECA0A2BFA85FD0065837C /* AppCoordinator.swift */ = {isa = PBXFileReference; lastKnownFileType = sourcecode.swift; path = AppCoordinator.swift; sourceTree = "<group>"; };
		047ECA0E2BFA86DB0065837C /* HomeComposer.swift */ = {isa = PBXFileReference; lastKnownFileType = sourcecode.swift; path = HomeComposer.swift; sourceTree = "<group>"; };
		047ECA102BFA88AC0065837C /* HomeView.swift */ = {isa = PBXFileReference; lastKnownFileType = sourcecode.swift; path = HomeView.swift; sourceTree = "<group>"; };
		047ECA122BFA88B50065837C /* MainViewModel.swift */ = {isa = PBXFileReference; lastKnownFileType = sourcecode.swift; path = MainViewModel.swift; sourceTree = "<group>"; };
		047ECA152BFA91F40065837C /* ChannelsView.swift */ = {isa = PBXFileReference; lastKnownFileType = sourcecode.swift; path = ChannelsView.swift; sourceTree = "<group>"; };
		047ECA172BFA91FD0065837C /* ChannelsViewModel.swift */ = {isa = PBXFileReference; lastKnownFileType = sourcecode.swift; path = ChannelsViewModel.swift; sourceTree = "<group>"; };
		047ECA192BFA92060065837C /* ChannelsComposer.swift */ = {isa = PBXFileReference; lastKnownFileType = sourcecode.swift; path = ChannelsComposer.swift; sourceTree = "<group>"; };
		047ECA1D2BFA925F0065837C /* SceneComposer.swift */ = {isa = PBXFileReference; lastKnownFileType = sourcecode.swift; path = SceneComposer.swift; sourceTree = "<group>"; };
		047ECA202BFA92CE0065837C /* SettingsView.swift */ = {isa = PBXFileReference; lastKnownFileType = sourcecode.swift; path = SettingsView.swift; sourceTree = "<group>"; };
		047ECA222BFA92E00065837C /* SettingsViewModel.swift */ = {isa = PBXFileReference; lastKnownFileType = sourcecode.swift; path = SettingsViewModel.swift; sourceTree = "<group>"; };
		047ECA242BFA92E80065837C /* SettingsComposer.swift */ = {isa = PBXFileReference; lastKnownFileType = sourcecode.swift; path = SettingsComposer.swift; sourceTree = "<group>"; };
		047ECA272BFB81F00065837C /* TabScene.swift */ = {isa = PBXFileReference; lastKnownFileType = sourcecode.swift; path = TabScene.swift; sourceTree = "<group>"; };
		047ECA292BFB82000065837C /* TabSceneType.swift */ = {isa = PBXFileReference; lastKnownFileType = sourcecode.swift; path = TabSceneType.swift; sourceTree = "<group>"; };
		047ECA2B2BFB82520065837C /* Icons.xcassets */ = {isa = PBXFileReference; lastKnownFileType = folder.assetcatalog; path = Icons.xcassets; sourceTree = "<group>"; };
		047ECA2D2BFB83B90065837C /* Color.swift */ = {isa = PBXFileReference; lastKnownFileType = sourcecode.swift; path = Color.swift; sourceTree = "<group>"; };
		047ECA2F2BFB84460065837C /* Colors.xcassets */ = {isa = PBXFileReference; lastKnownFileType = folder.assetcatalog; path = Colors.xcassets; sourceTree = "<group>"; };
		0485D8262BFF47C600729C34 /* UserDefaults.swift */ = {isa = PBXFileReference; lastKnownFileType = sourcecode.swift; path = UserDefaults.swift; sourceTree = "<group>"; };
/* End PBXFileReference section */

/* Begin PBXFrameworksBuildPhase section */
		046C3E9C2BE917E800BBFF47 /* Frameworks */ = {
			isa = PBXFrameworksBuildPhase;
			buildActionMask = 2147483647;
			files = (
				04ABD30C2BFCBB84008FB984 /* CachedAsyncImage in Frameworks */,
				040B9EC42BFE51DB005E3930 /* FirebaseAuth in Frameworks */,
				040B9EC12BFE4C17005E3930 /* GoogleSignIn in Frameworks */,
			);
			runOnlyForDeploymentPostprocessing = 0;
		};
		046C3EAC2BE917E900BBFF47 /* Frameworks */ = {
			isa = PBXFrameworksBuildPhase;
			buildActionMask = 2147483647;
			files = (
			);
			runOnlyForDeploymentPostprocessing = 0;
		};
		046C3EB62BE917E900BBFF47 /* Frameworks */ = {
			isa = PBXFrameworksBuildPhase;
			buildActionMask = 2147483647;
			files = (
			);
			runOnlyForDeploymentPostprocessing = 0;
		};
/* End PBXFrameworksBuildPhase section */

/* Begin PBXGroup section */
		040B9EB72BFE47F7005E3930 /* Firebase */ = {
			isa = PBXGroup;
			children = (
				040B9EB92BFE4802005E3930 /* Prod */,
				040B9EB82BFE47FD005E3930 /* Dev */,
			);
			path = Firebase;
			sourceTree = "<group>";
		};
		040B9EB82BFE47FD005E3930 /* Dev */ = {
			isa = PBXGroup;
			children = (
				040B9EBC2BFE4810005E3930 /* GoogleService-Info.plist */,
			);
			path = Dev;
			sourceTree = "<group>";
		};
		040B9EB92BFE4802005E3930 /* Prod */ = {
			isa = PBXGroup;
			children = (
				040B9EBA2BFE480B005E3930 /* GoogleService-Info.plist */,
			);
			path = Prod;
			sourceTree = "<group>";
		};
		040B9EC72BFE6C45005E3930 /* Resources */ = {
			isa = PBXGroup;
			children = (
				040B9EB72BFE47F7005E3930 /* Firebase */,
				046C3ECD2BE91C8700BBFF47 /* Info.plist */,
				046C3EA62BE917E900BBFF47 /* Assets.xcassets */,
				047ECA2F2BFB84460065837C /* Colors.xcassets */,
				047ECA2B2BFB82520065837C /* Icons.xcassets */,
				046C3ECC2BE91BDC00BBFF47 /* Config.xcconfig */,
			);
			path = Resources;
			sourceTree = "<group>";
		};
		040B9ECA2BFE6FC9005E3930 /* Main */ = {
			isa = PBXGroup;
			children = (
				047ECA0E2BFA86DB0065837C /* HomeComposer.swift */,
				047ECA102BFA88AC0065837C /* HomeView.swift */,
				047ECA122BFA88B50065837C /* MainViewModel.swift */,
			);
			name = Main;
			sourceTree = "<group>";
		};
		040B9ECB2BFE6FD0005E3930 /* Child */ = {
			isa = PBXGroup;
			children = (
				040E4EC62C02631F00056856 /* ChannelCreation */,
				047ECA142BFA91DC0065837C /* Channels */,
				047ECA1F2BFA92C00065837C /* Settings */,
			);
			name = Child;
			sourceTree = "<group>";
		};
		040D85812C008D29000F8F52 /* Service */ = {
			isa = PBXGroup;
			children = (
				040D85822C008D2F000F8F52 /* AuthenticationService.swift */,
				040D85842C008D8E000F8F52 /* DataRepository.swift */,
				0485D8262BFF47C600729C34 /* UserDefaults.swift */,
				040D85862C008F8B000F8F52 /* Models */,
			);
			path = Service;
			sourceTree = "<group>";
		};
		040D85862C008F8B000F8F52 /* Models */ = {
			isa = PBXGroup;
			children = (
				040D85872C008F97000F8F52 /* Profile.swift */,
				040D85892C008FA5000F8F52 /* User.swift */,
				040D858B2C008FD1000F8F52 /* AuthenticationProviderType.swift */,
				040E4EBB2C0095D100056856 /* UserAuthenticationStatus.swift */,
			);
			path = Models;
			sourceTree = "<group>";
		};
		040E4EBD2C024B1600056856 /* Core */ = {
			isa = PBXGroup;
			children = (
				040D85812C008D29000F8F52 /* Service */,
				047ECA062BFA85CB0065837C /* Infrastructure */,
			);
			path = Core;
			sourceTree = "<group>";
		};
		040E4EBE2C024B2800056856 /* Network */ = {
			isa = PBXGroup;
			children = (
			);
			path = Network;
			sourceTree = "<group>";
		};
		040E4EC62C02631F00056856 /* ChannelCreation */ = {
			isa = PBXGroup;
			children = (
				040E4EC72C02633800056856 /* ChannelCreationComposer.swift */,
				040E4EC92C02633C00056856 /* ChannelCreationView.swift */,
				040E4ECB2C02634300056856 /* ChannelCreationViewModel.swift */,
			);
			name = ChannelCreation;
			sourceTree = "<group>";
		};
		04261AE22BFCE68800FBAFC3 /* AuthenticationCoordinator */ = {
			isa = PBXGroup;
			children = (
				04261AE32BFCE69600FBAFC3 /* AuthenticationCoordinator.swift */,
			);
			path = AuthenticationCoordinator;
			sourceTree = "<group>";
		};
		04261AE62BFCE9F000FBAFC3 /* Authentication */ = {
			isa = PBXGroup;
			children = (
				04261AE72BFCE9FF00FBAFC3 /* AuthenticationView.swift */,
				04261AE92BFCEA3400FBAFC3 /* AuthenticationViewModel.swift */,
			);
			name = Authentication;
			sourceTree = "<group>";
		};
		046C3E962BE917E800BBFF47 = {
			isa = PBXGroup;
			children = (
				046C3EA12BE917E800BBFF47 /* LocaLoc */,
				046C3EB22BE917E900BBFF47 /* LocaLocTests */,
				046C3EBC2BE917E900BBFF47 /* LocaLocUITests */,
				046C3EA02BE917E800BBFF47 /* Products */,
			);
			sourceTree = "<group>";
		};
		046C3EA02BE917E800BBFF47 /* Products */ = {
			isa = PBXGroup;
			children = (
				046C3E9F2BE917E800BBFF47 /* LocaLoc.app */,
				046C3EAF2BE917E900BBFF47 /* LocaLocTests.xctest */,
				046C3EB92BE917E900BBFF47 /* LocaLocUITests.xctest */,
			);
			name = Products;
			sourceTree = "<group>";
		};
		046C3EA12BE917E800BBFF47 /* LocaLoc */ = {
			isa = PBXGroup;
			children = (
				046C3EA22BE917E800BBFF47 /* CoreApp.swift */,
				040E4EBD2C024B1600056856 /* Core */,
				040E4EBE2C024B2800056856 /* Network */,
				040B9EC72BFE6C45005E3930 /* Resources */,
				047ECA0C2BFA86550065837C /* Scenes */,
			);
			path = LocaLoc;
			sourceTree = "<group>";
		};
		046C3EB22BE917E900BBFF47 /* LocaLocTests */ = {
			isa = PBXGroup;
			children = (
				046C3EB32BE917E900BBFF47 /* LocaLocTests.swift */,
			);
			path = LocaLocTests;
			sourceTree = "<group>";
		};
		046C3EBC2BE917E900BBFF47 /* LocaLocUITests */ = {
			isa = PBXGroup;
			children = (
				046C3EBD2BE917E900BBFF47 /* LocaLocUITests.swift */,
				046C3EBF2BE917E900BBFF47 /* LocaLocUITestsLaunchTests.swift */,
			);
			path = LocaLocUITests;
			sourceTree = "<group>";
		};
		047ECA032BFA85B70065837C /* Coordinators */ = {
			isa = PBXGroup;
			children = (
				04261AE22BFCE68800FBAFC3 /* AuthenticationCoordinator */,
				047ECA092BFA85F20065837C /* AppCoordinator */,
			);
			path = Coordinators;
			sourceTree = "<group>";
		};
		047ECA062BFA85CB0065837C /* Infrastructure */ = {
			isa = PBXGroup;
			children = (
				047ECA2D2BFB83B90065837C /* Color.swift */,
				047ECA072BFA85E80065837C /* Coordinator.swift */,
				047ECA042BFA85C60065837C /* CoordinatorProtocol.swift */,
				047ECA1D2BFA925F0065837C /* SceneComposer.swift */,
				047ECA272BFB81F00065837C /* TabScene.swift */,
				047ECA292BFB82000065837C /* TabSceneType.swift */,
				040E4EC42C025FF200056856 /* UserDefaultsKeys.swift */,
			);
			path = Infrastructure;
			sourceTree = "<group>";
		};
		047ECA092BFA85F20065837C /* AppCoordinator */ = {
			isa = PBXGroup;
			children = (
				047ECA0A2BFA85FD0065837C /* AppCoordinator.swift */,
			);
			path = AppCoordinator;
			sourceTree = "<group>";
		};
		047ECA0C2BFA86550065837C /* Scenes */ = {
			isa = PBXGroup;
			children = (
				047ECA032BFA85B70065837C /* Coordinators */,
				04261AE62BFCE9F000FBAFC3 /* Authentication */,
				047ECA0D2BFA865D0065837C /* Home */,
			);
			path = Scenes;
			sourceTree = "<group>";
		};
		047ECA0D2BFA865D0065837C /* Home */ = {
			isa = PBXGroup;
			children = (
				040B9ECB2BFE6FD0005E3930 /* Child */,
				040B9ECA2BFE6FC9005E3930 /* Main */,
			);
			name = Home;
			sourceTree = "<group>";
		};
		047ECA142BFA91DC0065837C /* Channels */ = {
			isa = PBXGroup;
			children = (
				04261ADE2BFCD9A200FBAFC3 /* ChannelAvatar.swift */,
				047ECA192BFA92060065837C /* ChannelsComposer.swift */,
				04261AE02BFCD9E100FBAFC3 /* ChannelsRow.swift */,
				047ECA152BFA91F40065837C /* ChannelsView.swift */,
				047ECA172BFA91FD0065837C /* ChannelsViewModel.swift */,
			);
			name = Channels;
			sourceTree = "<group>";
		};
		047ECA1F2BFA92C00065837C /* Settings */ = {
			isa = PBXGroup;
			children = (
				047ECA242BFA92E80065837C /* SettingsComposer.swift */,
				047ECA202BFA92CE0065837C /* SettingsView.swift */,
				047ECA222BFA92E00065837C /* SettingsViewModel.swift */,
			);
			name = Settings;
			sourceTree = "<group>";
		};
/* End PBXGroup section */

/* Begin PBXNativeTarget section */
		046C3E9E2BE917E800BBFF47 /* LocaLoc */ = {
			isa = PBXNativeTarget;
			buildConfigurationList = 046C3EC32BE917E900BBFF47 /* Build configuration list for PBXNativeTarget "LocaLoc" */;
			buildPhases = (
				040B9EBE2BFE4836005E3930 /* Firebase */,
				046C3E9B2BE917E800BBFF47 /* Sources */,
				046C3E9C2BE917E800BBFF47 /* Frameworks */,
				046C3E9D2BE917E800BBFF47 /* Resources */,
			);
			buildRules = (
			);
			dependencies = (
			);
			name = LocaLoc;
			packageProductDependencies = (
				04ABD30B2BFCBB84008FB984 /* CachedAsyncImage */,
				040B9EC02BFE4C17005E3930 /* GoogleSignIn */,
				040B9EC32BFE51DB005E3930 /* FirebaseAuth */,
			);
			productName = LocaLoc;
			productReference = 046C3E9F2BE917E800BBFF47 /* LocaLoc.app */;
			productType = "com.apple.product-type.application";
		};
		046C3EAE2BE917E900BBFF47 /* LocaLocTests */ = {
			isa = PBXNativeTarget;
			buildConfigurationList = 046C3EC62BE917E900BBFF47 /* Build configuration list for PBXNativeTarget "LocaLocTests" */;
			buildPhases = (
				046C3EAB2BE917E900BBFF47 /* Sources */,
				046C3EAC2BE917E900BBFF47 /* Frameworks */,
				046C3EAD2BE917E900BBFF47 /* Resources */,
			);
			buildRules = (
			);
			dependencies = (
				046C3EB12BE917E900BBFF47 /* PBXTargetDependency */,
			);
			name = LocaLocTests;
			productName = LocaLocTests;
			productReference = 046C3EAF2BE917E900BBFF47 /* LocaLocTests.xctest */;
			productType = "com.apple.product-type.bundle.unit-test";
		};
		046C3EB82BE917E900BBFF47 /* LocaLocUITests */ = {
			isa = PBXNativeTarget;
			buildConfigurationList = 046C3EC92BE917E900BBFF47 /* Build configuration list for PBXNativeTarget "LocaLocUITests" */;
			buildPhases = (
				046C3EB52BE917E900BBFF47 /* Sources */,
				046C3EB62BE917E900BBFF47 /* Frameworks */,
				046C3EB72BE917E900BBFF47 /* Resources */,
			);
			buildRules = (
			);
			dependencies = (
				046C3EBB2BE917E900BBFF47 /* PBXTargetDependency */,
			);
			name = LocaLocUITests;
			productName = LocaLocUITests;
			productReference = 046C3EB92BE917E900BBFF47 /* LocaLocUITests.xctest */;
			productType = "com.apple.product-type.bundle.ui-testing";
		};
/* End PBXNativeTarget section */

/* Begin PBXProject section */
		046C3E972BE917E800BBFF47 /* Project object */ = {
			isa = PBXProject;
			attributes = {
				BuildIndependentTargetsInParallel = 1;
				LastSwiftUpdateCheck = 1500;
				LastUpgradeCheck = 1500;
				TargetAttributes = {
					046C3E9E2BE917E800BBFF47 = {
						CreatedOnToolsVersion = 15.0;
					};
					046C3EAE2BE917E900BBFF47 = {
						CreatedOnToolsVersion = 15.0;
						TestTargetID = 046C3E9E2BE917E800BBFF47;
					};
					046C3EB82BE917E900BBFF47 = {
						CreatedOnToolsVersion = 15.0;
						TestTargetID = 046C3E9E2BE917E800BBFF47;
					};
				};
			};
			buildConfigurationList = 046C3E9A2BE917E800BBFF47 /* Build configuration list for PBXProject "LocaLoc" */;
			compatibilityVersion = "Xcode 14.0";
			developmentRegion = en;
			hasScannedForEncodings = 0;
			knownRegions = (
				en,
				Base,
			);
			mainGroup = 046C3E962BE917E800BBFF47;
			packageReferences = (
				04ABD30A2BFCBB84008FB984 /* XCRemoteSwiftPackageReference "swiftui-cached-async-image" */,
				040B9EBF2BFE4BBB005E3930 /* XCRemoteSwiftPackageReference "GoogleSignIn-iOS" */,
				040B9EC22BFE51DB005E3930 /* XCRemoteSwiftPackageReference "firebase-ios-sdk" */,
			);
			productRefGroup = 046C3EA02BE917E800BBFF47 /* Products */;
			projectDirPath = "";
			projectRoot = "";
			targets = (
				046C3E9E2BE917E800BBFF47 /* LocaLoc */,
				046C3EAE2BE917E900BBFF47 /* LocaLocTests */,
				046C3EB82BE917E900BBFF47 /* LocaLocUITests */,
			);
		};
/* End PBXProject section */

/* Begin PBXResourcesBuildPhase section */
		046C3E9D2BE917E800BBFF47 /* Resources */ = {
			isa = PBXResourcesBuildPhase;
			buildActionMask = 2147483647;
			files = (
				047ECA302BFB84460065837C /* Colors.xcassets in Resources */,
				047ECA2C2BFB82520065837C /* Icons.xcassets in Resources */,
				046C3EA72BE917E900BBFF47 /* Assets.xcassets in Resources */,
			);
			runOnlyForDeploymentPostprocessing = 0;
		};
		046C3EAD2BE917E900BBFF47 /* Resources */ = {
			isa = PBXResourcesBuildPhase;
			buildActionMask = 2147483647;
			files = (
			);
			runOnlyForDeploymentPostprocessing = 0;
		};
		046C3EB72BE917E900BBFF47 /* Resources */ = {
			isa = PBXResourcesBuildPhase;
			buildActionMask = 2147483647;
			files = (
			);
			runOnlyForDeploymentPostprocessing = 0;
		};
/* End PBXResourcesBuildPhase section */

/* Begin PBXShellScriptBuildPhase section */
		040B9EBE2BFE4836005E3930 /* Firebase */ = {
			isa = PBXShellScriptBuildPhase;
			alwaysOutOfDate = 1;
			buildActionMask = 2147483647;
			files = (
			);
			inputFileListPaths = (
			);
			inputPaths = (
			);
			name = Firebase;
			outputFileListPaths = (
			);
			outputPaths = (
			);
			runOnlyForDeploymentPostprocessing = 0;
			shellPath = /bin/sh;
			shellScript = "# Name of the resource we're selectively copying\nGOOGLESERVICE_INFO_PLIST=GoogleService-Info.plist\n\n# Get references to dev and prod versions of the GoogleService-Info.plist\n# NOTE: These should only live on the file system and should NOT be part of the target (since we'll be adding them to the target manually)\nGOOGLESERVICE_INFO_DEV=${PROJECT_DIR}/${TARGET_NAME}/Resources/Firebase/Dev/${GOOGLESERVICE_INFO_PLIST}\nGOOGLESERVICE_INFO_PROD=${PROJECT_DIR}/${TARGET_NAME}/Resources/Firebase/Prod/${GOOGLESERVICE_INFO_PLIST}\n\n# Make sure the dev version of GoogleService-Info.plist exists\necho \"Looking for ${GOOGLESERVICE_INFO_PLIST} in ${GOOGLESERVICE_INFO_DEV}\"\nif [ ! -f $GOOGLESERVICE_INFO_DEV ]\nthen\n    echo \"No Development GoogleService-Info.plist found. Please ensure it's in the proper directory.\"\n    exit 1\nfi\n\n# Make sure the prod version of GoogleService-Info.plist exists\necho \"Looking for ${GOOGLESERVICE_INFO_PLIST} in ${GOOGLESERVICE_INFO_PROD}\"\nif [ ! -f $GOOGLESERVICE_INFO_PROD ]\nthen\n    echo \"No Production GoogleService-Info.plist found. Please ensure it's in the proper directory.\"\n    exit 1\nfi\n\n# Get a reference to the destination location for the GoogleService-Info.plist\nPLIST_DESTINATION=${BUILT_PRODUCTS_DIR}/${PRODUCT_NAME}.app\necho \"Will copy ${GOOGLESERVICE_INFO_PLIST} to final destination: ${PLIST_DESTINATION}\"\n\n# Copy over the prod GoogleService-Info.plist for Release builds\nif [ \"${CONFIGURATION}\" == \"Release\" ]\nthen\n    echo \"Using ${GOOGLESERVICE_INFO_PROD}\"\n    cp \"${GOOGLESERVICE_INFO_PROD}\" \"${PLIST_DESTINATION}\"\nelse\n    echo \"Using ${GOOGLESERVICE_INFO_DEV}\"\n    cp \"${GOOGLESERVICE_INFO_DEV}\" \"${PLIST_DESTINATION}\"\nfi\n";
		};
/* End PBXShellScriptBuildPhase section */

/* Begin PBXSourcesBuildPhase section */
		046C3E9B2BE917E800BBFF47 /* Sources */ = {
			isa = PBXSourcesBuildPhase;
			buildActionMask = 2147483647;
			files = (
				04261AE82BFCE9FF00FBAFC3 /* AuthenticationView.swift in Sources */,
				047ECA082BFA85E80065837C /* Coordinator.swift in Sources */,
				04261AE12BFCD9E100FBAFC3 /* ChannelsRow.swift in Sources */,
				040D85882C008F97000F8F52 /* Profile.swift in Sources */,
				047ECA112BFA88AC0065837C /* HomeView.swift in Sources */,
				040D858A2C008FA5000F8F52 /* User.swift in Sources */,
				04261AEA2BFCEA3400FBAFC3 /* AuthenticationViewModel.swift in Sources */,
				047ECA182BFA91FD0065837C /* ChannelsViewModel.swift in Sources */,
				040D858C2C008FD1000F8F52 /* AuthenticationProviderType.swift in Sources */,
				040E4ECC2C02634300056856 /* ChannelCreationViewModel.swift in Sources */,
				040D85852C008D8E000F8F52 /* DataRepository.swift in Sources */,
				047ECA252BFA92E80065837C /* SettingsComposer.swift in Sources */,
				040E4EC82C02633800056856 /* ChannelCreationComposer.swift in Sources */,
				047ECA2E2BFB83B90065837C /* Color.swift in Sources */,
				04261AE42BFCE69600FBAFC3 /* AuthenticationCoordinator.swift in Sources */,
				047ECA2A2BFB82000065837C /* TabSceneType.swift in Sources */,
				047ECA162BFA91F40065837C /* ChannelsView.swift in Sources */,
				047ECA1E2BFA925F0065837C /* SceneComposer.swift in Sources */,
				047ECA0B2BFA85FD0065837C /* AppCoordinator.swift in Sources */,
				046C3EA32BE917E800BBFF47 /* CoreApp.swift in Sources */,
				047ECA282BFB81F00065837C /* TabScene.swift in Sources */,
				040E4EBC2C0095D100056856 /* UserAuthenticationStatus.swift in Sources */,
				040D85832C008D2F000F8F52 /* AuthenticationService.swift in Sources */,
				047ECA052BFA85C60065837C /* CoordinatorProtocol.swift in Sources */,
				040E4EC52C025FF200056856 /* UserDefaultsKeys.swift in Sources */,
				04261ADF2BFCD9A200FBAFC3 /* ChannelAvatar.swift in Sources */,
				047ECA1A2BFA92060065837C /* ChannelsComposer.swift in Sources */,
				047ECA0F2BFA86DB0065837C /* HomeComposer.swift in Sources */,
				0485D8272BFF47C600729C34 /* UserDefaults.swift in Sources */,
				047ECA132BFA88B50065837C /* MainViewModel.swift in Sources */,
				040E4ECA2C02633C00056856 /* ChannelCreationView.swift in Sources */,
				047ECA212BFA92CE0065837C /* SettingsView.swift in Sources */,
				047ECA232BFA92E00065837C /* SettingsViewModel.swift in Sources */,
			);
			runOnlyForDeploymentPostprocessing = 0;
		};
		046C3EAB2BE917E900BBFF47 /* Sources */ = {
			isa = PBXSourcesBuildPhase;
			buildActionMask = 2147483647;
			files = (
				046C3EB42BE917E900BBFF47 /* LocaLocTests.swift in Sources */,
			);
			runOnlyForDeploymentPostprocessing = 0;
		};
		046C3EB52BE917E900BBFF47 /* Sources */ = {
			isa = PBXSourcesBuildPhase;
			buildActionMask = 2147483647;
			files = (
				046C3EC02BE917E900BBFF47 /* LocaLocUITestsLaunchTests.swift in Sources */,
				046C3EBE2BE917E900BBFF47 /* LocaLocUITests.swift in Sources */,
			);
			runOnlyForDeploymentPostprocessing = 0;
		};
/* End PBXSourcesBuildPhase section */

/* Begin PBXTargetDependency section */
		046C3EB12BE917E900BBFF47 /* PBXTargetDependency */ = {
			isa = PBXTargetDependency;
			target = 046C3E9E2BE917E800BBFF47 /* LocaLoc */;
			targetProxy = 046C3EB02BE917E900BBFF47 /* PBXContainerItemProxy */;
		};
		046C3EBB2BE917E900BBFF47 /* PBXTargetDependency */ = {
			isa = PBXTargetDependency;
			target = 046C3E9E2BE917E800BBFF47 /* LocaLoc */;
			targetProxy = 046C3EBA2BE917E900BBFF47 /* PBXContainerItemProxy */;
		};
/* End PBXTargetDependency section */

/* Begin XCBuildConfiguration section */
		046C3EC12BE917E900BBFF47 /* Debug */ = {
			isa = XCBuildConfiguration;
			baseConfigurationReference = 046C3ECC2BE91BDC00BBFF47 /* Config.xcconfig */;
			buildSettings = {
				ALWAYS_SEARCH_USER_PATHS = NO;
				ASSETCATALOG_COMPILER_GENERATE_SWIFT_ASSET_SYMBOL_EXTENSIONS = YES;
				CLANG_ANALYZER_NONNULL = YES;
				CLANG_ANALYZER_NUMBER_OBJECT_CONVERSION = YES_AGGRESSIVE;
				CLANG_CXX_LANGUAGE_STANDARD = "gnu++20";
				CLANG_ENABLE_MODULES = YES;
				CLANG_ENABLE_OBJC_ARC = YES;
				CLANG_ENABLE_OBJC_WEAK = YES;
				CLANG_WARN_BLOCK_CAPTURE_AUTORELEASING = YES;
				CLANG_WARN_BOOL_CONVERSION = YES;
				CLANG_WARN_COMMA = YES;
				CLANG_WARN_CONSTANT_CONVERSION = YES;
				CLANG_WARN_DEPRECATED_OBJC_IMPLEMENTATIONS = YES;
				CLANG_WARN_DIRECT_OBJC_ISA_USAGE = YES_ERROR;
				CLANG_WARN_DOCUMENTATION_COMMENTS = YES;
				CLANG_WARN_EMPTY_BODY = YES;
				CLANG_WARN_ENUM_CONVERSION = YES;
				CLANG_WARN_INFINITE_RECURSION = YES;
				CLANG_WARN_INT_CONVERSION = YES;
				CLANG_WARN_NON_LITERAL_NULL_CONVERSION = YES;
				CLANG_WARN_OBJC_IMPLICIT_RETAIN_SELF = YES;
				CLANG_WARN_OBJC_LITERAL_CONVERSION = YES;
				CLANG_WARN_OBJC_ROOT_CLASS = YES_ERROR;
				CLANG_WARN_QUOTED_INCLUDE_IN_FRAMEWORK_HEADER = YES;
				CLANG_WARN_RANGE_LOOP_ANALYSIS = YES;
				CLANG_WARN_STRICT_PROTOTYPES = YES;
				CLANG_WARN_SUSPICIOUS_MOVE = YES;
				CLANG_WARN_UNGUARDED_AVAILABILITY = YES_AGGRESSIVE;
				CLANG_WARN_UNREACHABLE_CODE = YES;
				CLANG_WARN__DUPLICATE_METHOD_MATCH = YES;
				COPY_PHASE_STRIP = NO;
				DEBUG_INFORMATION_FORMAT = dwarf;
				ENABLE_STRICT_OBJC_MSGSEND = YES;
				ENABLE_TESTABILITY = YES;
				ENABLE_USER_SCRIPT_SANDBOXING = YES;
				EXCLUDED_ARCHS = "";
				GCC_C_LANGUAGE_STANDARD = gnu17;
				GCC_DYNAMIC_NO_PIC = NO;
				GCC_NO_COMMON_BLOCKS = YES;
				GCC_OPTIMIZATION_LEVEL = 0;
				GCC_PREPROCESSOR_DEFINITIONS = (
					"DEBUG=1",
					"$(inherited)",
				);
				GCC_WARN_64_TO_32_BIT_CONVERSION = YES;
				GCC_WARN_ABOUT_RETURN_TYPE = YES_ERROR;
				GCC_WARN_UNDECLARED_SELECTOR = YES;
				GCC_WARN_UNINITIALIZED_AUTOS = YES_AGGRESSIVE;
				GCC_WARN_UNUSED_FUNCTION = YES;
				GCC_WARN_UNUSED_VARIABLE = YES;
				IPHONEOS_DEPLOYMENT_TARGET = "$(LL_IPHONE_MINIMUM_DEPLOYMENT_TARGET)";
				LOCALIZATION_PREFERS_STRING_CATALOGS = YES;
				MTL_ENABLE_DEBUG_INFO = INCLUDE_SOURCE;
				MTL_FAST_MATH = YES;
				ONLY_ACTIVE_ARCH = YES;
				SDKROOT = iphoneos;
				SWIFT_ACTIVE_COMPILATION_CONDITIONS = "DEBUG $(inherited)";
				SWIFT_OPTIMIZATION_LEVEL = "-Onone";
			};
			name = Debug;
		};
		046C3EC22BE917E900BBFF47 /* Release */ = {
			isa = XCBuildConfiguration;
			baseConfigurationReference = 046C3ECC2BE91BDC00BBFF47 /* Config.xcconfig */;
			buildSettings = {
				ALWAYS_SEARCH_USER_PATHS = NO;
				ASSETCATALOG_COMPILER_GENERATE_SWIFT_ASSET_SYMBOL_EXTENSIONS = YES;
				CLANG_ANALYZER_NONNULL = YES;
				CLANG_ANALYZER_NUMBER_OBJECT_CONVERSION = YES_AGGRESSIVE;
				CLANG_CXX_LANGUAGE_STANDARD = "gnu++20";
				CLANG_ENABLE_MODULES = YES;
				CLANG_ENABLE_OBJC_ARC = YES;
				CLANG_ENABLE_OBJC_WEAK = YES;
				CLANG_WARN_BLOCK_CAPTURE_AUTORELEASING = YES;
				CLANG_WARN_BOOL_CONVERSION = YES;
				CLANG_WARN_COMMA = YES;
				CLANG_WARN_CONSTANT_CONVERSION = YES;
				CLANG_WARN_DEPRECATED_OBJC_IMPLEMENTATIONS = YES;
				CLANG_WARN_DIRECT_OBJC_ISA_USAGE = YES_ERROR;
				CLANG_WARN_DOCUMENTATION_COMMENTS = YES;
				CLANG_WARN_EMPTY_BODY = YES;
				CLANG_WARN_ENUM_CONVERSION = YES;
				CLANG_WARN_INFINITE_RECURSION = YES;
				CLANG_WARN_INT_CONVERSION = YES;
				CLANG_WARN_NON_LITERAL_NULL_CONVERSION = YES;
				CLANG_WARN_OBJC_IMPLICIT_RETAIN_SELF = YES;
				CLANG_WARN_OBJC_LITERAL_CONVERSION = YES;
				CLANG_WARN_OBJC_ROOT_CLASS = YES_ERROR;
				CLANG_WARN_QUOTED_INCLUDE_IN_FRAMEWORK_HEADER = YES;
				CLANG_WARN_RANGE_LOOP_ANALYSIS = YES;
				CLANG_WARN_STRICT_PROTOTYPES = YES;
				CLANG_WARN_SUSPICIOUS_MOVE = YES;
				CLANG_WARN_UNGUARDED_AVAILABILITY = YES_AGGRESSIVE;
				CLANG_WARN_UNREACHABLE_CODE = YES;
				CLANG_WARN__DUPLICATE_METHOD_MATCH = YES;
				COPY_PHASE_STRIP = NO;
				DEBUG_INFORMATION_FORMAT = "dwarf-with-dsym";
				ENABLE_NS_ASSERTIONS = NO;
				ENABLE_STRICT_OBJC_MSGSEND = YES;
				ENABLE_USER_SCRIPT_SANDBOXING = YES;
				EXCLUDED_ARCHS = "";
				GCC_C_LANGUAGE_STANDARD = gnu17;
				GCC_NO_COMMON_BLOCKS = YES;
				GCC_WARN_64_TO_32_BIT_CONVERSION = YES;
				GCC_WARN_ABOUT_RETURN_TYPE = YES_ERROR;
				GCC_WARN_UNDECLARED_SELECTOR = YES;
				GCC_WARN_UNINITIALIZED_AUTOS = YES_AGGRESSIVE;
				GCC_WARN_UNUSED_FUNCTION = YES;
				GCC_WARN_UNUSED_VARIABLE = YES;
				IPHONEOS_DEPLOYMENT_TARGET = "$(LL_IPHONE_MINIMUM_DEPLOYMENT_TARGET)";
				LOCALIZATION_PREFERS_STRING_CATALOGS = YES;
				MTL_ENABLE_DEBUG_INFO = NO;
				MTL_FAST_MATH = YES;
				SDKROOT = iphoneos;
				SWIFT_COMPILATION_MODE = wholemodule;
				VALIDATE_PRODUCT = YES;
			};
			name = Release;
		};
		046C3EC42BE917E900BBFF47 /* Debug */ = {
			isa = XCBuildConfiguration;
			buildSettings = {
				ASSETCATALOG_COMPILER_APPICON_NAME = AppIcon;
				ASSETCATALOG_COMPILER_GENERATE_ASSET_SYMBOLS = NO;
				ASSETCATALOG_COMPILER_GLOBAL_ACCENT_COLOR_NAME = AccentColor;
				CODE_SIGN_STYLE = Automatic;
				CURRENT_PROJECT_VERSION = "$(LL_APP_BUILD)";
				DEVELOPMENT_ASSET_PATHS = "\"LocaLoc/Resources\"";
				DEVELOPMENT_TEAM = Z2Z4SAY5W6;
				ENABLE_PREVIEWS = YES;
				ENABLE_USER_SCRIPT_SANDBOXING = NO;
				EXCLUDED_ARCHS = "";
				GENERATE_INFOPLIST_FILE = YES;
				INFOPLIST_FILE = LocaLoc/Resources/Info.plist;
				INFOPLIST_KEY_LSApplicationCategoryType = "public.app-category.travel";
				INFOPLIST_KEY_NSCameraUsageDescription = "LocaLoc needs access to your camera to take photo";
				INFOPLIST_KEY_UIApplicationSceneManifest_Generation = YES;
				INFOPLIST_KEY_UIApplicationSupportsIndirectInputEvents = YES;
				INFOPLIST_KEY_UILaunchScreen_Generation = YES;
				INFOPLIST_KEY_UISupportedInterfaceOrientations = UIInterfaceOrientationPortrait;
				INFOPLIST_KEY_UISupportedInterfaceOrientations_iPad = "UIInterfaceOrientationLandscapeLeft UIInterfaceOrientationLandscapeRight UIInterfaceOrientationPortrait UIInterfaceOrientationPortraitUpsideDown";
				IPHONEOS_DEPLOYMENT_TARGET = "$(LL_IPHONE_MINIMUM_DEPLOYMENT_TARGET)";
				LD_RUNPATH_SEARCH_PATHS = (
					"$(inherited)",
					"@executable_path/Frameworks",
				);
				MACOSX_DEPLOYMENT_TARGET = 12.0;
				MARKETING_VERSION = "$(LL_APP_VERSION)";
				OTHER_SWIFT_FLAGS = "-Xfrontend -warn-long-function-bodies=100 -Xfrontend -warn-long-expression-type-checking=100";
				PRODUCT_BUNDLE_IDENTIFIER = "$(LL_APP_BUNDLE_ID)";
				PRODUCT_NAME = "$(LL_APP_NAME)";
				SUPPORTED_PLATFORMS = "iphoneos iphonesimulator";
				SUPPORTS_MACCATALYST = NO;
				SUPPORTS_MAC_DESIGNED_FOR_IPHONE_IPAD = NO;
				SWIFT_EMIT_LOC_STRINGS = YES;
				SWIFT_VERSION = 5.0;
				TARGETED_DEVICE_FAMILY = 1;
			};
			name = Debug;
		};
		046C3EC52BE917E900BBFF47 /* Release */ = {
			isa = XCBuildConfiguration;
			buildSettings = {
				ASSETCATALOG_COMPILER_APPICON_NAME = AppIcon;
				ASSETCATALOG_COMPILER_GENERATE_ASSET_SYMBOLS = NO;
				ASSETCATALOG_COMPILER_GLOBAL_ACCENT_COLOR_NAME = AccentColor;
				CODE_SIGN_STYLE = Automatic;
				CURRENT_PROJECT_VERSION = "$(LL_APP_BUILD)";
				DEVELOPMENT_ASSET_PATHS = "\"LocaLoc/Resources\"";
				DEVELOPMENT_TEAM = Z2Z4SAY5W6;
				ENABLE_PREVIEWS = YES;
				ENABLE_USER_SCRIPT_SANDBOXING = NO;
				EXCLUDED_ARCHS = "";
				GENERATE_INFOPLIST_FILE = YES;
				INFOPLIST_FILE = LocaLoc/Resources/Info.plist;
				INFOPLIST_KEY_LSApplicationCategoryType = "public.app-category.travel";
				INFOPLIST_KEY_NSCameraUsageDescription = "LocaLoc needs access to your camera to take photo";
				INFOPLIST_KEY_UIApplicationSceneManifest_Generation = YES;
				INFOPLIST_KEY_UIApplicationSupportsIndirectInputEvents = YES;
				INFOPLIST_KEY_UILaunchScreen_Generation = YES;
				INFOPLIST_KEY_UISupportedInterfaceOrientations = UIInterfaceOrientationPortrait;
				INFOPLIST_KEY_UISupportedInterfaceOrientations_iPad = "UIInterfaceOrientationLandscapeLeft UIInterfaceOrientationLandscapeRight UIInterfaceOrientationPortrait UIInterfaceOrientationPortraitUpsideDown";
				IPHONEOS_DEPLOYMENT_TARGET = "$(LL_IPHONE_MINIMUM_DEPLOYMENT_TARGET)";
				LD_RUNPATH_SEARCH_PATHS = (
					"$(inherited)",
					"@executable_path/Frameworks",
				);
				MACOSX_DEPLOYMENT_TARGET = 12.0;
				MARKETING_VERSION = "$(LL_APP_VERSION)";
				OTHER_SWIFT_FLAGS = "-Xfrontend -warn-long-function-bodies=100 -Xfrontend -warn-long-expression-type-checking=100";
				PRODUCT_BUNDLE_IDENTIFIER = "$(LL_APP_BUNDLE_ID)";
				PRODUCT_NAME = "$(LL_APP_NAME)";
				SUPPORTED_PLATFORMS = "iphoneos iphonesimulator";
				SUPPORTS_MACCATALYST = NO;
				SUPPORTS_MAC_DESIGNED_FOR_IPHONE_IPAD = NO;
				SWIFT_EMIT_LOC_STRINGS = YES;
				SWIFT_VERSION = 5.0;
				TARGETED_DEVICE_FAMILY = 1;
			};
			name = Release;
		};
		046C3EC72BE917E900BBFF47 /* Debug */ = {
			isa = XCBuildConfiguration;
			buildSettings = {
				ALWAYS_EMBED_SWIFT_STANDARD_LIBRARIES = YES;
				BUNDLE_LOADER = "$(TEST_HOST)";
				CODE_SIGN_STYLE = Automatic;
				CURRENT_PROJECT_VERSION = 1;
				DEVELOPMENT_TEAM = Z2Z4SAY5W6;
				GENERATE_INFOPLIST_FILE = YES;
				IPHONEOS_DEPLOYMENT_TARGET = "$(LL_IPHONE_MINIMUM_DEPLOYMENT_TARGET)";
				MARKETING_VERSION = 1.0;
				PRODUCT_BUNDLE_IDENTIFIER = VolodymyrKotsiubenko.LocaLocTests;
				PRODUCT_NAME = "$(TARGET_NAME)";
				SWIFT_EMIT_LOC_STRINGS = NO;
				SWIFT_VERSION = 5.0;
				TARGETED_DEVICE_FAMILY = "1,2";
				TEST_HOST = "$(BUILT_PRODUCTS_DIR)/LocaLoc.app/$(BUNDLE_EXECUTABLE_FOLDER_PATH)/LocaLoc";
			};
			name = Debug;
		};
		046C3EC82BE917E900BBFF47 /* Release */ = {
			isa = XCBuildConfiguration;
			buildSettings = {
				ALWAYS_EMBED_SWIFT_STANDARD_LIBRARIES = YES;
				BUNDLE_LOADER = "$(TEST_HOST)";
				CODE_SIGN_STYLE = Automatic;
				CURRENT_PROJECT_VERSION = 1;
				DEVELOPMENT_TEAM = Z2Z4SAY5W6;
				GENERATE_INFOPLIST_FILE = YES;
				IPHONEOS_DEPLOYMENT_TARGET = "$(LL_IPHONE_MINIMUM_DEPLOYMENT_TARGET)";
				MARKETING_VERSION = 1.0;
				PRODUCT_BUNDLE_IDENTIFIER = VolodymyrKotsiubenko.LocaLocTests;
				PRODUCT_NAME = "$(TARGET_NAME)";
				SWIFT_EMIT_LOC_STRINGS = NO;
				SWIFT_VERSION = 5.0;
				TARGETED_DEVICE_FAMILY = "1,2";
				TEST_HOST = "$(BUILT_PRODUCTS_DIR)/LocaLoc.app/$(BUNDLE_EXECUTABLE_FOLDER_PATH)/LocaLoc";
			};
			name = Release;
		};
		046C3ECA2BE917E900BBFF47 /* Debug */ = {
			isa = XCBuildConfiguration;
			buildSettings = {
				ALWAYS_EMBED_SWIFT_STANDARD_LIBRARIES = YES;
				CODE_SIGN_STYLE = Automatic;
				CURRENT_PROJECT_VERSION = 1;
				DEVELOPMENT_TEAM = Z2Z4SAY5W6;
				GENERATE_INFOPLIST_FILE = YES;
				MARKETING_VERSION = 1.0;
				PRODUCT_BUNDLE_IDENTIFIER = VolodymyrKotsiubenko.LocaLocUITests;
				PRODUCT_NAME = "$(TARGET_NAME)";
				SWIFT_EMIT_LOC_STRINGS = NO;
				SWIFT_VERSION = 5.0;
				TARGETED_DEVICE_FAMILY = "1,2";
				TEST_TARGET_NAME = LocaLoc;
			};
			name = Debug;
		};
		046C3ECB2BE917E900BBFF47 /* Release */ = {
			isa = XCBuildConfiguration;
			buildSettings = {
				ALWAYS_EMBED_SWIFT_STANDARD_LIBRARIES = YES;
				CODE_SIGN_STYLE = Automatic;
				CURRENT_PROJECT_VERSION = 1;
				DEVELOPMENT_TEAM = Z2Z4SAY5W6;
				GENERATE_INFOPLIST_FILE = YES;
				MARKETING_VERSION = 1.0;
				PRODUCT_BUNDLE_IDENTIFIER = VolodymyrKotsiubenko.LocaLocUITests;
				PRODUCT_NAME = "$(TARGET_NAME)";
				SWIFT_EMIT_LOC_STRINGS = NO;
				SWIFT_VERSION = 5.0;
				TARGETED_DEVICE_FAMILY = "1,2";
				TEST_TARGET_NAME = LocaLoc;
			};
			name = Release;
		};
/* End XCBuildConfiguration section */

/* Begin XCConfigurationList section */
		046C3E9A2BE917E800BBFF47 /* Build configuration list for PBXProject "LocaLoc" */ = {
			isa = XCConfigurationList;
			buildConfigurations = (
				046C3EC12BE917E900BBFF47 /* Debug */,
				046C3EC22BE917E900BBFF47 /* Release */,
			);
			defaultConfigurationIsVisible = 0;
			defaultConfigurationName = Release;
		};
		046C3EC32BE917E900BBFF47 /* Build configuration list for PBXNativeTarget "LocaLoc" */ = {
			isa = XCConfigurationList;
			buildConfigurations = (
				046C3EC42BE917E900BBFF47 /* Debug */,
				046C3EC52BE917E900BBFF47 /* Release */,
			);
			defaultConfigurationIsVisible = 0;
			defaultConfigurationName = Release;
		};
		046C3EC62BE917E900BBFF47 /* Build configuration list for PBXNativeTarget "LocaLocTests" */ = {
			isa = XCConfigurationList;
			buildConfigurations = (
				046C3EC72BE917E900BBFF47 /* Debug */,
				046C3EC82BE917E900BBFF47 /* Release */,
			);
			defaultConfigurationIsVisible = 0;
			defaultConfigurationName = Release;
		};
		046C3EC92BE917E900BBFF47 /* Build configuration list for PBXNativeTarget "LocaLocUITests" */ = {
			isa = XCConfigurationList;
			buildConfigurations = (
				046C3ECA2BE917E900BBFF47 /* Debug */,
				046C3ECB2BE917E900BBFF47 /* Release */,
			);
			defaultConfigurationIsVisible = 0;
			defaultConfigurationName = Release;
		};
/* End XCConfigurationList section */

/* Begin XCRemoteSwiftPackageReference section */
		040B9EBF2BFE4BBB005E3930 /* XCRemoteSwiftPackageReference "GoogleSignIn-iOS" */ = {
			isa = XCRemoteSwiftPackageReference;
			repositoryURL = "https://github.com/google/GoogleSignIn-iOS";
			requirement = {
				kind = upToNextMajorVersion;
				minimumVersion = 7.1.0;
			};
		};
		040B9EC22BFE51DB005E3930 /* XCRemoteSwiftPackageReference "firebase-ios-sdk" */ = {
			isa = XCRemoteSwiftPackageReference;
			repositoryURL = "https://github.com/firebase/firebase-ios-sdk";
			requirement = {
				kind = upToNextMajorVersion;
				minimumVersion = 10.26.0;
			};
		};
		04ABD30A2BFCBB84008FB984 /* XCRemoteSwiftPackageReference "swiftui-cached-async-image" */ = {
			isa = XCRemoteSwiftPackageReference;
			repositoryURL = "https://github.com/lorenzofiamingo/swiftui-cached-async-image";
			requirement = {
				kind = upToNextMajorVersion;
				minimumVersion = 2.1.1;
			};
		};
/* End XCRemoteSwiftPackageReference section */

/* Begin XCSwiftPackageProductDependency section */
		040B9EC02BFE4C17005E3930 /* GoogleSignIn */ = {
			isa = XCSwiftPackageProductDependency;
			package = 040B9EBF2BFE4BBB005E3930 /* XCRemoteSwiftPackageReference "GoogleSignIn-iOS" */;
			productName = GoogleSignIn;
		};
		040B9EC32BFE51DB005E3930 /* FirebaseAuth */ = {
			isa = XCSwiftPackageProductDependency;
			package = 040B9EC22BFE51DB005E3930 /* XCRemoteSwiftPackageReference "firebase-ios-sdk" */;
			productName = FirebaseAuth;
		};
		04ABD30B2BFCBB84008FB984 /* CachedAsyncImage */ = {
			isa = XCSwiftPackageProductDependency;
			package = 04ABD30A2BFCBB84008FB984 /* XCRemoteSwiftPackageReference "swiftui-cached-async-image" */;
			productName = CachedAsyncImage;
		};
/* End XCSwiftPackageProductDependency section */
	};
	rootObject = 046C3E972BE917E800BBFF47 /* Project object */;
}
