// !$*UTF8*$!
{
	archiveVersion = 1;
	classes = {
	};
	objectVersion = 56;
	objects = {

/* Begin PBXBuildFile section */
		040B9EC12BFE4C17005E3930 /* GoogleSignIn in Frameworks */ = {isa = PBXBuildFile; productRef = 040B9EC02BFE4C17005E3930 /* GoogleSignIn */; };
		040D85832C008D2F000F8F52 /* AuthenticationService.swift in Sources */ = {isa = PBXBuildFile; fileRef = 040D85822C008D2F000F8F52 /* AuthenticationService.swift */; };
		040E4EC52C025FF200056856 /* UserDefaultsKeys.swift in Sources */ = {isa = PBXBuildFile; fileRef = 040E4EC42C025FF200056856 /* UserDefaultsKeys.swift */; };
		040E4EC82C02633800056856 /* ChannelCreationComposer.swift in Sources */ = {isa = PBXBuildFile; fileRef = 040E4EC72C02633800056856 /* ChannelCreationComposer.swift */; };
		040E4ECA2C02633C00056856 /* ChannelCreationView.swift in Sources */ = {isa = PBXBuildFile; fileRef = 040E4EC92C02633C00056856 /* ChannelCreationView.swift */; };
		040E4ECC2C02634300056856 /* ChannelCreationViewModel.swift in Sources */ = {isa = PBXBuildFile; fileRef = 040E4ECB2C02634300056856 /* ChannelCreationViewModel.swift */; };
		04261ADF2BFCD9A200FBAFC3 /* ChannelAvatar.swift in Sources */ = {isa = PBXBuildFile; fileRef = 04261ADE2BFCD9A200FBAFC3 /* ChannelAvatar.swift */; };
		04261AE12BFCD9E100FBAFC3 /* ChannelsRow.swift in Sources */ = {isa = PBXBuildFile; fileRef = 04261AE02BFCD9E100FBAFC3 /* ChannelsRow.swift */; };
		04261AE42BFCE69600FBAFC3 /* AuthenticationCoordinator.swift in Sources */ = {isa = PBXBuildFile; fileRef = 04261AE32BFCE69600FBAFC3 /* AuthenticationCoordinator.swift */; };
		04261AE82BFCE9FF00FBAFC3 /* AuthenticationView.swift in Sources */ = {isa = PBXBuildFile; fileRef = 04261AE72BFCE9FF00FBAFC3 /* AuthenticationView.swift */; };
		04261AEA2BFCEA3400FBAFC3 /* AuthenticationViewModel.swift in Sources */ = {isa = PBXBuildFile; fileRef = 04261AE92BFCEA3400FBAFC3 /* AuthenticationViewModel.swift */; };
		046C3EA32BE917E800BBFF47 /* CoreApp.swift in Sources */ = {isa = PBXBuildFile; fileRef = 046C3EA22BE917E800BBFF47 /* CoreApp.swift */; };
		046C3EA72BE917E900BBFF47 /* Assets.xcassets in Resources */ = {isa = PBXBuildFile; fileRef = 046C3EA62BE917E900BBFF47 /* Assets.xcassets */; };
		046C3EB42BE917E900BBFF47 /* LocaLocTests.swift in Sources */ = {isa = PBXBuildFile; fileRef = 046C3EB32BE917E900BBFF47 /* LocaLocTests.swift */; };
		046C3EBE2BE917E900BBFF47 /* LocaLocUITests.swift in Sources */ = {isa = PBXBuildFile; fileRef = 046C3EBD2BE917E900BBFF47 /* LocaLocUITests.swift */; };
		046C3EC02BE917E900BBFF47 /* LocaLocUITestsLaunchTests.swift in Sources */ = {isa = PBXBuildFile; fileRef = 046C3EBF2BE917E900BBFF47 /* LocaLocUITestsLaunchTests.swift */; };
		047ECA052BFA85C60065837C /* CoordinatorProtocol.swift in Sources */ = {isa = PBXBuildFile; fileRef = 047ECA042BFA85C60065837C /* CoordinatorProtocol.swift */; };
		047ECA082BFA85E80065837C /* Coordinator.swift in Sources */ = {isa = PBXBuildFile; fileRef = 047ECA072BFA85E80065837C /* Coordinator.swift */; };
		047ECA0B2BFA85FD0065837C /* AppCoordinator.swift in Sources */ = {isa = PBXBuildFile; fileRef = 047ECA0A2BFA85FD0065837C /* AppCoordinator.swift */; };
		047ECA0F2BFA86DB0065837C /* HomeComposer.swift in Sources */ = {isa = PBXBuildFile; fileRef = 047ECA0E2BFA86DB0065837C /* HomeComposer.swift */; };
		047ECA112BFA88AC0065837C /* HomeView.swift in Sources */ = {isa = PBXBuildFile; fileRef = 047ECA102BFA88AC0065837C /* HomeView.swift */; };
		047ECA132BFA88B50065837C /* HomeViewModel.swift in Sources */ = {isa = PBXBuildFile; fileRef = 047ECA122BFA88B50065837C /* HomeViewModel.swift */; };
		047ECA162BFA91F40065837C /* ChannelsView.swift in Sources */ = {isa = PBXBuildFile; fileRef = 047ECA152BFA91F40065837C /* ChannelsView.swift */; };
		047ECA182BFA91FD0065837C /* ChannelsViewModel.swift in Sources */ = {isa = PBXBuildFile; fileRef = 047ECA172BFA91FD0065837C /* ChannelsViewModel.swift */; };
		047ECA1A2BFA92060065837C /* ChannelsComposer.swift in Sources */ = {isa = PBXBuildFile; fileRef = 047ECA192BFA92060065837C /* ChannelsComposer.swift */; };
		047ECA1E2BFA925F0065837C /* SceneComposer.swift in Sources */ = {isa = PBXBuildFile; fileRef = 047ECA1D2BFA925F0065837C /* SceneComposer.swift */; };
		047ECA212BFA92CE0065837C /* SettingsView.swift in Sources */ = {isa = PBXBuildFile; fileRef = 047ECA202BFA92CE0065837C /* SettingsView.swift */; };
		047ECA232BFA92E00065837C /* SettingsViewModel.swift in Sources */ = {isa = PBXBuildFile; fileRef = 047ECA222BFA92E00065837C /* SettingsViewModel.swift */; };
		047ECA252BFA92E80065837C /* SettingsComposer.swift in Sources */ = {isa = PBXBuildFile; fileRef = 047ECA242BFA92E80065837C /* SettingsComposer.swift */; };
		047ECA282BFB81F00065837C /* TabScene.swift in Sources */ = {isa = PBXBuildFile; fileRef = 047ECA272BFB81F00065837C /* TabScene.swift */; };
		047ECA2A2BFB82000065837C /* TabSceneType.swift in Sources */ = {isa = PBXBuildFile; fileRef = 047ECA292BFB82000065837C /* TabSceneType.swift */; };
		047ECA2C2BFB82520065837C /* Icons.xcassets in Resources */ = {isa = PBXBuildFile; fileRef = 047ECA2B2BFB82520065837C /* Icons.xcassets */; };
		047ECA2E2BFB83B90065837C /* Color.swift in Sources */ = {isa = PBXBuildFile; fileRef = 047ECA2D2BFB83B90065837C /* Color.swift */; };
		047ECA302BFB84460065837C /* Colors.xcassets in Resources */ = {isa = PBXBuildFile; fileRef = 047ECA2F2BFB84460065837C /* Colors.xcassets */; };
		0485D8272BFF47C600729C34 /* UserDefaults.swift in Sources */ = {isa = PBXBuildFile; fileRef = 0485D8262BFF47C600729C34 /* UserDefaults.swift */; };
		04AA618F2C0C90CD00AD6D93 /* FirebaseBinaries in Frameworks */ = {isa = PBXBuildFile; productRef = 04AA618E2C0C90CD00AD6D93 /* FirebaseBinaries */; };
		04AA61912C0CDAE400AD6D93 /* AuthorizationUserData.swift in Sources */ = {isa = PBXBuildFile; fileRef = 04AA61902C0CDAE400AD6D93 /* AuthorizationUserData.swift */; };
		04AA61932C0CE22C00AD6D93 /* CollectionsKeys.swift in Sources */ = {isa = PBXBuildFile; fileRef = 04AA61922C0CE22C00AD6D93 /* CollectionsKeys.swift */; };
		04AA61952C0CE45A00AD6D93 /* K-Logger in Frameworks */ = {isa = PBXBuildFile; productRef = 04AA61942C0CE45A00AD6D93 /* K-Logger */; };
		04ABD30C2BFCBB84008FB984 /* CachedAsyncImage in Frameworks */ = {isa = PBXBuildFile; productRef = 04ABD30B2BFCBB84008FB984 /* CachedAsyncImage */; };
		04BA84E32C0B0D09004F76B3 /* AuthenticationServiceError.swift in Sources */ = {isa = PBXBuildFile; fileRef = 04BA84E22C0B0D09004F76B3 /* AuthenticationServiceError.swift */; };
		04BA84E52C0B0EAC004F76B3 /* Previewer.swift in Sources */ = {isa = PBXBuildFile; fileRef = 04BA84E42C0B0EAC004F76B3 /* Previewer.swift */; };
		04BA85422C0B710D004F76B3 /* UserDataRepository.swift in Sources */ = {isa = PBXBuildFile; fileRef = 04BA85042C0B6590004F76B3 /* UserDataRepository.swift */; };
		04BA854A2C0B7274004F76B3 /* Profile.swift in Sources */ = {isa = PBXBuildFile; fileRef = 040D85872C008F97000F8F52 /* Profile.swift */; };
		04BA854B2C0B7274004F76B3 /* AuthenticationProviderType.swift in Sources */ = {isa = PBXBuildFile; fileRef = 040D858B2C008FD1000F8F52 /* AuthenticationProviderType.swift */; };
		04BA854C2C0B7274004F76B3 /* User.swift in Sources */ = {isa = PBXBuildFile; fileRef = 040D85892C008FA5000F8F52 /* User.swift */; };
		04BA854D2C0B7295004F76B3 /* UserAuthenticationStatus.swift in Sources */ = {isa = PBXBuildFile; fileRef = 040E4EBB2C0095D100056856 /* UserAuthenticationStatus.swift */; };
		04BA854F2C0B7DB6004F76B3 /* UserDataRepositoryImpl+UserDataRepository.swift in Sources */ = {isa = PBXBuildFile; fileRef = 04BA854E2C0B7DB6004F76B3 /* UserDataRepositoryImpl+UserDataRepository.swift */; };
		04BA85532C0B83E1004F76B3 /* K-Logger in Frameworks */ = {isa = PBXBuildFile; productRef = 04BA85522C0B83E1004F76B3 /* K-Logger */; };
		04D3DDDC2C09093C002FF3DC /* GoogleAuthenticationProvider.swift in Sources */ = {isa = PBXBuildFile; fileRef = 04D3DDDB2C09093C002FF3DC /* GoogleAuthenticationProvider.swift */; };
		04D3DDDE2C0909E6002FF3DC /* AuthenticationProvider.swift in Sources */ = {isa = PBXBuildFile; fileRef = 04D3DDDD2C0909E6002FF3DC /* AuthenticationProvider.swift */; };
		04D3DDE02C090B87002FF3DC /* AuthenticationProviderError.swift in Sources */ = {isa = PBXBuildFile; fileRef = 04D3DDDF2C090B87002FF3DC /* AuthenticationProviderError.swift */; };
		04D3DDE32C090C36002FF3DC /* AppleAuthenticationProvider.swift in Sources */ = {isa = PBXBuildFile; fileRef = 04D3DDE22C090C36002FF3DC /* AppleAuthenticationProvider.swift */; };
		04D3DDE52C090C99002FF3DC /* CustomError.swift in Sources */ = {isa = PBXBuildFile; fileRef = 04D3DDE42C090C99002FF3DC /* CustomError.swift */; };
		04FAE8F42C0BB36D00200ADC /* LocaLocDataRepository.framework in Frameworks */ = {isa = PBXBuildFile; fileRef = 04FAE8EE2C0BB36D00200ADC /* LocaLocDataRepository.framework */; };
		04FAE8F52C0BB36D00200ADC /* LocaLocDataRepository.framework in Embed Frameworks */ = {isa = PBXBuildFile; fileRef = 04FAE8EE2C0BB36D00200ADC /* LocaLocDataRepository.framework */; settings = {ATTRIBUTES = (CodeSignOnCopy, RemoveHeadersOnCopy, ); }; };
		04FAE8FA2C0BB38B00200ADC /* DataRepository.swift in Sources */ = {isa = PBXBuildFile; fileRef = 04BA85062C0B65CF004F76B3 /* DataRepository.swift */; };
		04FAE8FB2C0BB3EE00200ADC /* UserPersistencyModel.swift in Sources */ = {isa = PBXBuildFile; fileRef = 04BA85432C0B7190004F76B3 /* UserPersistencyModel.swift */; };
		04FAE8FC2C0BB3F300200ADC /* ProfilePersistencyModel.swift in Sources */ = {isa = PBXBuildFile; fileRef = 04BA85462C0B71AE004F76B3 /* ProfilePersistencyModel.swift */; };
		04FAE8FD2C0BB3F500200ADC /* AuthenticationProviderTypePersistencyModel.swift in Sources */ = {isa = PBXBuildFile; fileRef = 04BA85482C0B7254004F76B3 /* AuthenticationProviderTypePersistencyModel.swift */; };
		04FAE8FE2C0BB3F700200ADC /* UserDataRepositoryImpl.swift in Sources */ = {isa = PBXBuildFile; fileRef = 040D85842C008D8E000F8F52 /* UserDataRepositoryImpl.swift */; };
		04FAE9002C0BB46100200ADC /* K-Logger in Frameworks */ = {isa = PBXBuildFile; productRef = 04FAE8FF2C0BB46100200ADC /* K-Logger */; };
		04FAE9032C0BB77C00200ADC /* CrashlyticsService.swift in Sources */ = {isa = PBXBuildFile; fileRef = 04FAE9022C0BB77C00200ADC /* CrashlyticsService.swift */; };
		04FAE9082C0C55A200200ADC /* BackgroundDefault.swift in Sources */ = {isa = PBXBuildFile; fileRef = 04FAE9072C0C55A200200ADC /* BackgroundDefault.swift */; };
		04FAE9232C0C5BFC00200ADC /* LocaLocClient.framework in Embed Frameworks */ = {isa = PBXBuildFile; fileRef = 04FAE91C2C0C5BFC00200ADC /* LocaLocClient.framework */; settings = {ATTRIBUTES = (CodeSignOnCopy, RemoveHeadersOnCopy, ); }; };
		04FAE92D2C0C5C2600200ADC /* Client.swift in Sources */ = {isa = PBXBuildFile; fileRef = 04FAE90F2C0C5A0700200ADC /* Client.swift */; };
		04FAE92E2C0C5F3A00200ADC /* LocaLocClient.framework in Frameworks */ = {isa = PBXBuildFile; fileRef = 04FAE91C2C0C5BFC00200ADC /* LocaLocClient.framework */; };
		04FAE92F2C0C5F3A00200ADC /* LocaLocClient.framework in Embed Frameworks */ = {isa = PBXBuildFile; fileRef = 04FAE91C2C0C5BFC00200ADC /* LocaLocClient.framework */; settings = {ATTRIBUTES = (CodeSignOnCopy, RemoveHeadersOnCopy, ); }; };
		04FAE93F2C0C608D00200ADC /* LocaLocLocalStore.framework in Embed Frameworks */ = {isa = PBXBuildFile; fileRef = 04FAE9382C0C608D00200ADC /* LocaLocLocalStore.framework */; settings = {ATTRIBUTES = (CodeSignOnCopy, RemoveHeadersOnCopy, ); }; };
		04FAE9442C0C60C500200ADC /* K-Logger in Frameworks */ = {isa = PBXBuildFile; productRef = 04FAE9432C0C60C500200ADC /* K-Logger */; };
		04FAE9462C0C60EA00200ADC /* LocalStorage.swift in Sources */ = {isa = PBXBuildFile; fileRef = 04FAE9452C0C60EA00200ADC /* LocalStorage.swift */; };
		04FAE9472C0C634800200ADC /* LocaLocLocalStore.framework in Frameworks */ = {isa = PBXBuildFile; fileRef = 04FAE9382C0C608D00200ADC /* LocaLocLocalStore.framework */; };
		04FAE9482C0C634900200ADC /* LocaLocLocalStore.framework in Embed Frameworks */ = {isa = PBXBuildFile; fileRef = 04FAE9382C0C608D00200ADC /* LocaLocLocalStore.framework */; settings = {ATTRIBUTES = (CodeSignOnCopy, RemoveHeadersOnCopy, ); }; };
		04FAE95D2C0C7B4B00200ADC /* FirebaseBinaries in Frameworks */ = {isa = PBXBuildFile; productRef = 04FAE95C2C0C7B4B00200ADC /* FirebaseBinaries */; };
		04FD11F32C03B3D10020B7EA /* ProfileEditingView.swift in Sources */ = {isa = PBXBuildFile; fileRef = 04FD11F22C03B3D10020B7EA /* ProfileEditingView.swift */; };
		04FD11F52C03B3DA0020B7EA /* ProfileEditingViewModel.swift in Sources */ = {isa = PBXBuildFile; fileRef = 04FD11F42C03B3DA0020B7EA /* ProfileEditingViewModel.swift */; };
/* End PBXBuildFile section */

/* Begin PBXContainerItemProxy section */
		046C3EB02BE917E900BBFF47 /* PBXContainerItemProxy */ = {
			isa = PBXContainerItemProxy;
			containerPortal = 046C3E972BE917E800BBFF47 /* Project object */;
			proxyType = 1;
			remoteGlobalIDString = 046C3E9E2BE917E800BBFF47;
			remoteInfo = LocaLoc;
		};
		046C3EBA2BE917E900BBFF47 /* PBXContainerItemProxy */ = {
			isa = PBXContainerItemProxy;
			containerPortal = 046C3E972BE917E800BBFF47 /* Project object */;
			proxyType = 1;
			remoteGlobalIDString = 046C3E9E2BE917E800BBFF47;
			remoteInfo = LocaLoc;
		};
		04FAE8F22C0BB36D00200ADC /* PBXContainerItemProxy */ = {
			isa = PBXContainerItemProxy;
			containerPortal = 046C3E972BE917E800BBFF47 /* Project object */;
			proxyType = 1;
			remoteGlobalIDString = 04FAE8ED2C0BB36D00200ADC;
			remoteInfo = LocaLocDataRepository;
		};
		04FAE9202C0C5BFC00200ADC /* PBXContainerItemProxy */ = {
			isa = PBXContainerItemProxy;
			containerPortal = 046C3E972BE917E800BBFF47 /* Project object */;
			proxyType = 1;
			remoteGlobalIDString = 04FAE91B2C0C5BFC00200ADC;
			remoteInfo = LocaLocClient;
		};
		04FAE9302C0C5F3A00200ADC /* PBXContainerItemProxy */ = {
			isa = PBXContainerItemProxy;
			containerPortal = 046C3E972BE917E800BBFF47 /* Project object */;
			proxyType = 1;
			remoteGlobalIDString = 04FAE91B2C0C5BFC00200ADC;
			remoteInfo = LocaLocClient;
		};
		04FAE93C2C0C608D00200ADC /* PBXContainerItemProxy */ = {
			isa = PBXContainerItemProxy;
			containerPortal = 046C3E972BE917E800BBFF47 /* Project object */;
			proxyType = 1;
			remoteGlobalIDString = 04FAE9372C0C608D00200ADC;
			remoteInfo = LocaLocLocalStore;
		};
		04FAE9492C0C634900200ADC /* PBXContainerItemProxy */ = {
			isa = PBXContainerItemProxy;
			containerPortal = 046C3E972BE917E800BBFF47 /* Project object */;
			proxyType = 1;
			remoteGlobalIDString = 04FAE9372C0C608D00200ADC;
			remoteInfo = LocaLocLocalStore;
		};
/* End PBXContainerItemProxy section */

/* Begin PBXCopyFilesBuildPhase section */
		04FAE8F62C0BB36D00200ADC /* Embed Frameworks */ = {
			isa = PBXCopyFilesBuildPhase;
			buildActionMask = 2147483647;
			dstPath = "";
			dstSubfolderSpec = 10;
			files = (
				04FAE93F2C0C608D00200ADC /* LocaLocLocalStore.framework in Embed Frameworks */,
				04FAE8F52C0BB36D00200ADC /* LocaLocDataRepository.framework in Embed Frameworks */,
				04FAE9232C0C5BFC00200ADC /* LocaLocClient.framework in Embed Frameworks */,
			);
			name = "Embed Frameworks";
			runOnlyForDeploymentPostprocessing = 0;
		};
		04FAE9322C0C5F3A00200ADC /* Embed Frameworks */ = {
			isa = PBXCopyFilesBuildPhase;
			buildActionMask = 2147483647;
			dstPath = "";
			dstSubfolderSpec = 10;
			files = (
				04FAE9482C0C634900200ADC /* LocaLocLocalStore.framework in Embed Frameworks */,
				04FAE92F2C0C5F3A00200ADC /* LocaLocClient.framework in Embed Frameworks */,
			);
			name = "Embed Frameworks";
			runOnlyForDeploymentPostprocessing = 0;
		};
/* End PBXCopyFilesBuildPhase section */

/* Begin PBXFileReference section */
		040B9EBA2BFE480B005E3930 /* GoogleService-Info.plist */ = {isa = PBXFileReference; fileEncoding = 4; lastKnownFileType = text.plist.xml; path = "GoogleService-Info.plist"; sourceTree = "<group>"; };
		040B9EBC2BFE4810005E3930 /* GoogleService-Info.plist */ = {isa = PBXFileReference; fileEncoding = 4; lastKnownFileType = text.plist.xml; path = "GoogleService-Info.plist"; sourceTree = "<group>"; };
		040D85822C008D2F000F8F52 /* AuthenticationService.swift */ = {isa = PBXFileReference; lastKnownFileType = sourcecode.swift; path = AuthenticationService.swift; sourceTree = "<group>"; };
		040D85842C008D8E000F8F52 /* UserDataRepositoryImpl.swift */ = {isa = PBXFileReference; lastKnownFileType = sourcecode.swift; path = UserDataRepositoryImpl.swift; sourceTree = "<group>"; };
		040D85872C008F97000F8F52 /* Profile.swift */ = {isa = PBXFileReference; lastKnownFileType = sourcecode.swift; path = Profile.swift; sourceTree = "<group>"; };
		040D85892C008FA5000F8F52 /* User.swift */ = {isa = PBXFileReference; lastKnownFileType = sourcecode.swift; path = User.swift; sourceTree = "<group>"; };
		040D858B2C008FD1000F8F52 /* AuthenticationProviderType.swift */ = {isa = PBXFileReference; lastKnownFileType = sourcecode.swift; path = AuthenticationProviderType.swift; sourceTree = "<group>"; };
		040E4EBB2C0095D100056856 /* UserAuthenticationStatus.swift */ = {isa = PBXFileReference; lastKnownFileType = sourcecode.swift; path = UserAuthenticationStatus.swift; sourceTree = "<group>"; };
		040E4EC42C025FF200056856 /* UserDefaultsKeys.swift */ = {isa = PBXFileReference; lastKnownFileType = sourcecode.swift; path = UserDefaultsKeys.swift; sourceTree = "<group>"; };
		040E4EC72C02633800056856 /* ChannelCreationComposer.swift */ = {isa = PBXFileReference; lastKnownFileType = sourcecode.swift; path = ChannelCreationComposer.swift; sourceTree = "<group>"; };
		040E4EC92C02633C00056856 /* ChannelCreationView.swift */ = {isa = PBXFileReference; lastKnownFileType = sourcecode.swift; path = ChannelCreationView.swift; sourceTree = "<group>"; };
		040E4ECB2C02634300056856 /* ChannelCreationViewModel.swift */ = {isa = PBXFileReference; lastKnownFileType = sourcecode.swift; path = ChannelCreationViewModel.swift; sourceTree = "<group>"; };
		04261ADE2BFCD9A200FBAFC3 /* ChannelAvatar.swift */ = {isa = PBXFileReference; lastKnownFileType = sourcecode.swift; path = ChannelAvatar.swift; sourceTree = "<group>"; };
		04261AE02BFCD9E100FBAFC3 /* ChannelsRow.swift */ = {isa = PBXFileReference; lastKnownFileType = sourcecode.swift; path = ChannelsRow.swift; sourceTree = "<group>"; };
		04261AE32BFCE69600FBAFC3 /* AuthenticationCoordinator.swift */ = {isa = PBXFileReference; lastKnownFileType = sourcecode.swift; path = AuthenticationCoordinator.swift; sourceTree = "<group>"; };
		04261AE72BFCE9FF00FBAFC3 /* AuthenticationView.swift */ = {isa = PBXFileReference; lastKnownFileType = sourcecode.swift; path = AuthenticationView.swift; sourceTree = "<group>"; };
		04261AE92BFCEA3400FBAFC3 /* AuthenticationViewModel.swift */ = {isa = PBXFileReference; lastKnownFileType = sourcecode.swift; path = AuthenticationViewModel.swift; sourceTree = "<group>"; };
		046C3E9F2BE917E800BBFF47 /* LocaLoc.app */ = {isa = PBXFileReference; explicitFileType = wrapper.application; includeInIndex = 0; path = LocaLoc.app; sourceTree = BUILT_PRODUCTS_DIR; };
		046C3EA22BE917E800BBFF47 /* CoreApp.swift */ = {isa = PBXFileReference; lastKnownFileType = sourcecode.swift; path = CoreApp.swift; sourceTree = "<group>"; };
		046C3EA62BE917E900BBFF47 /* Assets.xcassets */ = {isa = PBXFileReference; lastKnownFileType = folder.assetcatalog; path = Assets.xcassets; sourceTree = "<group>"; };
		046C3EAF2BE917E900BBFF47 /* LocaLocTests.xctest */ = {isa = PBXFileReference; explicitFileType = wrapper.cfbundle; includeInIndex = 0; path = LocaLocTests.xctest; sourceTree = BUILT_PRODUCTS_DIR; };
		046C3EB32BE917E900BBFF47 /* LocaLocTests.swift */ = {isa = PBXFileReference; lastKnownFileType = sourcecode.swift; path = LocaLocTests.swift; sourceTree = "<group>"; };
		046C3EB92BE917E900BBFF47 /* LocaLocUITests.xctest */ = {isa = PBXFileReference; explicitFileType = wrapper.cfbundle; includeInIndex = 0; path = LocaLocUITests.xctest; sourceTree = BUILT_PRODUCTS_DIR; };
		046C3EBD2BE917E900BBFF47 /* LocaLocUITests.swift */ = {isa = PBXFileReference; lastKnownFileType = sourcecode.swift; path = LocaLocUITests.swift; sourceTree = "<group>"; };
		046C3EBF2BE917E900BBFF47 /* LocaLocUITestsLaunchTests.swift */ = {isa = PBXFileReference; lastKnownFileType = sourcecode.swift; path = LocaLocUITestsLaunchTests.swift; sourceTree = "<group>"; };
		046C3ECC2BE91BDC00BBFF47 /* Config.xcconfig */ = {isa = PBXFileReference; lastKnownFileType = text.xcconfig; path = Config.xcconfig; sourceTree = "<group>"; };
		046C3ECD2BE91C8700BBFF47 /* Info.plist */ = {isa = PBXFileReference; lastKnownFileType = text.plist.xml; path = Info.plist; sourceTree = "<group>"; };
		047ECA042BFA85C60065837C /* CoordinatorProtocol.swift */ = {isa = PBXFileReference; lastKnownFileType = sourcecode.swift; path = CoordinatorProtocol.swift; sourceTree = "<group>"; };
		047ECA072BFA85E80065837C /* Coordinator.swift */ = {isa = PBXFileReference; lastKnownFileType = sourcecode.swift; path = Coordinator.swift; sourceTree = "<group>"; };
		047ECA0A2BFA85FD0065837C /* AppCoordinator.swift */ = {isa = PBXFileReference; lastKnownFileType = sourcecode.swift; path = AppCoordinator.swift; sourceTree = "<group>"; };
		047ECA0E2BFA86DB0065837C /* HomeComposer.swift */ = {isa = PBXFileReference; lastKnownFileType = sourcecode.swift; path = HomeComposer.swift; sourceTree = "<group>"; };
		047ECA102BFA88AC0065837C /* HomeView.swift */ = {isa = PBXFileReference; lastKnownFileType = sourcecode.swift; path = HomeView.swift; sourceTree = "<group>"; };
		047ECA122BFA88B50065837C /* HomeViewModel.swift */ = {isa = PBXFileReference; lastKnownFileType = sourcecode.swift; path = HomeViewModel.swift; sourceTree = "<group>"; };
		047ECA152BFA91F40065837C /* ChannelsView.swift */ = {isa = PBXFileReference; lastKnownFileType = sourcecode.swift; path = ChannelsView.swift; sourceTree = "<group>"; };
		047ECA172BFA91FD0065837C /* ChannelsViewModel.swift */ = {isa = PBXFileReference; lastKnownFileType = sourcecode.swift; path = ChannelsViewModel.swift; sourceTree = "<group>"; };
		047ECA192BFA92060065837C /* ChannelsComposer.swift */ = {isa = PBXFileReference; lastKnownFileType = sourcecode.swift; path = ChannelsComposer.swift; sourceTree = "<group>"; };
		047ECA1D2BFA925F0065837C /* SceneComposer.swift */ = {isa = PBXFileReference; lastKnownFileType = sourcecode.swift; path = SceneComposer.swift; sourceTree = "<group>"; };
		047ECA202BFA92CE0065837C /* SettingsView.swift */ = {isa = PBXFileReference; lastKnownFileType = sourcecode.swift; path = SettingsView.swift; sourceTree = "<group>"; };
		047ECA222BFA92E00065837C /* SettingsViewModel.swift */ = {isa = PBXFileReference; lastKnownFileType = sourcecode.swift; path = SettingsViewModel.swift; sourceTree = "<group>"; };
		047ECA242BFA92E80065837C /* SettingsComposer.swift */ = {isa = PBXFileReference; lastKnownFileType = sourcecode.swift; path = SettingsComposer.swift; sourceTree = "<group>"; };
		047ECA272BFB81F00065837C /* TabScene.swift */ = {isa = PBXFileReference; lastKnownFileType = sourcecode.swift; path = TabScene.swift; sourceTree = "<group>"; };
		047ECA292BFB82000065837C /* TabSceneType.swift */ = {isa = PBXFileReference; lastKnownFileType = sourcecode.swift; path = TabSceneType.swift; sourceTree = "<group>"; };
		047ECA2B2BFB82520065837C /* Icons.xcassets */ = {isa = PBXFileReference; lastKnownFileType = folder.assetcatalog; path = Icons.xcassets; sourceTree = "<group>"; };
		047ECA2D2BFB83B90065837C /* Color.swift */ = {isa = PBXFileReference; lastKnownFileType = sourcecode.swift; path = Color.swift; sourceTree = "<group>"; };
		047ECA2F2BFB84460065837C /* Colors.xcassets */ = {isa = PBXFileReference; lastKnownFileType = folder.assetcatalog; path = Colors.xcassets; sourceTree = "<group>"; };
		0485D8262BFF47C600729C34 /* UserDefaults.swift */ = {isa = PBXFileReference; lastKnownFileType = sourcecode.swift; path = UserDefaults.swift; sourceTree = "<group>"; };
		04AA61902C0CDAE400AD6D93 /* AuthorizationUserData.swift */ = {isa = PBXFileReference; lastKnownFileType = sourcecode.swift; path = AuthorizationUserData.swift; sourceTree = "<group>"; };
		04AA61922C0CE22C00AD6D93 /* CollectionsKeys.swift */ = {isa = PBXFileReference; lastKnownFileType = sourcecode.swift; path = CollectionsKeys.swift; sourceTree = "<group>"; };
		04BA84E22C0B0D09004F76B3 /* AuthenticationServiceError.swift */ = {isa = PBXFileReference; lastKnownFileType = sourcecode.swift; path = AuthenticationServiceError.swift; sourceTree = "<group>"; };
		04BA84E42C0B0EAC004F76B3 /* Previewer.swift */ = {isa = PBXFileReference; lastKnownFileType = sourcecode.swift; path = Previewer.swift; sourceTree = "<group>"; };
		04BA85042C0B6590004F76B3 /* UserDataRepository.swift */ = {isa = PBXFileReference; lastKnownFileType = sourcecode.swift; path = UserDataRepository.swift; sourceTree = "<group>"; };
		04BA85062C0B65CF004F76B3 /* DataRepository.swift */ = {isa = PBXFileReference; lastKnownFileType = sourcecode.swift; path = DataRepository.swift; sourceTree = "<group>"; };
		04BA85432C0B7190004F76B3 /* UserPersistencyModel.swift */ = {isa = PBXFileReference; lastKnownFileType = sourcecode.swift; path = UserPersistencyModel.swift; sourceTree = "<group>"; };
		04BA85462C0B71AE004F76B3 /* ProfilePersistencyModel.swift */ = {isa = PBXFileReference; lastKnownFileType = sourcecode.swift; path = ProfilePersistencyModel.swift; sourceTree = "<group>"; };
		04BA85482C0B7254004F76B3 /* AuthenticationProviderTypePersistencyModel.swift */ = {isa = PBXFileReference; lastKnownFileType = sourcecode.swift; path = AuthenticationProviderTypePersistencyModel.swift; sourceTree = "<group>"; };
		04BA854E2C0B7DB6004F76B3 /* UserDataRepositoryImpl+UserDataRepository.swift */ = {isa = PBXFileReference; lastKnownFileType = sourcecode.swift; path = "UserDataRepositoryImpl+UserDataRepository.swift"; sourceTree = "<group>"; };
		04D3DDDB2C09093C002FF3DC /* GoogleAuthenticationProvider.swift */ = {isa = PBXFileReference; lastKnownFileType = sourcecode.swift; path = GoogleAuthenticationProvider.swift; sourceTree = "<group>"; };
		04D3DDDD2C0909E6002FF3DC /* AuthenticationProvider.swift */ = {isa = PBXFileReference; lastKnownFileType = sourcecode.swift; path = AuthenticationProvider.swift; sourceTree = "<group>"; };
		04D3DDDF2C090B87002FF3DC /* AuthenticationProviderError.swift */ = {isa = PBXFileReference; lastKnownFileType = sourcecode.swift; path = AuthenticationProviderError.swift; sourceTree = "<group>"; };
		04D3DDE22C090C36002FF3DC /* AppleAuthenticationProvider.swift */ = {isa = PBXFileReference; lastKnownFileType = sourcecode.swift; path = AppleAuthenticationProvider.swift; sourceTree = "<group>"; };
		04D3DDE42C090C99002FF3DC /* CustomError.swift */ = {isa = PBXFileReference; lastKnownFileType = sourcecode.swift; path = CustomError.swift; sourceTree = "<group>"; };
		04FAE8EE2C0BB36D00200ADC /* LocaLocDataRepository.framework */ = {isa = PBXFileReference; explicitFileType = wrapper.framework; includeInIndex = 0; path = LocaLocDataRepository.framework; sourceTree = BUILT_PRODUCTS_DIR; };
		04FAE9022C0BB77C00200ADC /* CrashlyticsService.swift */ = {isa = PBXFileReference; lastKnownFileType = sourcecode.swift; path = CrashlyticsService.swift; sourceTree = "<group>"; };
		04FAE9072C0C55A200200ADC /* BackgroundDefault.swift */ = {isa = PBXFileReference; lastKnownFileType = sourcecode.swift; path = BackgroundDefault.swift; sourceTree = "<group>"; };
		04FAE90F2C0C5A0700200ADC /* Client.swift */ = {isa = PBXFileReference; lastKnownFileType = sourcecode.swift; path = Client.swift; sourceTree = "<group>"; };
		04FAE91C2C0C5BFC00200ADC /* LocaLocClient.framework */ = {isa = PBXFileReference; explicitFileType = wrapper.framework; includeInIndex = 0; path = LocaLocClient.framework; sourceTree = BUILT_PRODUCTS_DIR; };
		04FAE9382C0C608D00200ADC /* LocaLocLocalStore.framework */ = {isa = PBXFileReference; explicitFileType = wrapper.framework; includeInIndex = 0; path = LocaLocLocalStore.framework; sourceTree = BUILT_PRODUCTS_DIR; };
		04FAE9452C0C60EA00200ADC /* LocalStorage.swift */ = {isa = PBXFileReference; lastKnownFileType = sourcecode.swift; path = LocalStorage.swift; sourceTree = "<group>"; };
		04FAE9552C0C709A00200ADC /* GoogleService-Info.plist */ = {isa = PBXFileReference; fileEncoding = 4; lastKnownFileType = text.plist.xml; path = "GoogleService-Info.plist"; sourceTree = "<group>"; };
		04FAE9572C0C710600200ADC /* GoogleService-Info.plist */ = {isa = PBXFileReference; lastKnownFileType = text.plist.xml; path = "GoogleService-Info.plist"; sourceTree = "<group>"; };
		04FAE95B2C0C7AD900200ADC /* FirebaseBinaries */ = {isa = PBXFileReference; lastKnownFileType = wrapper; path = FirebaseBinaries; sourceTree = "<group>"; };
		04FD11F22C03B3D10020B7EA /* ProfileEditingView.swift */ = {isa = PBXFileReference; lastKnownFileType = sourcecode.swift; path = ProfileEditingView.swift; sourceTree = "<group>"; };
		04FD11F42C03B3DA0020B7EA /* ProfileEditingViewModel.swift */ = {isa = PBXFileReference; lastKnownFileType = sourcecode.swift; path = ProfileEditingViewModel.swift; sourceTree = "<group>"; };
/* End PBXFileReference section */

/* Begin PBXFrameworksBuildPhase section */
		046C3E9C2BE917E800BBFF47 /* Frameworks */ = {
			isa = PBXFrameworksBuildPhase;
			buildActionMask = 2147483647;
			files = (
				04ABD30C2BFCBB84008FB984 /* CachedAsyncImage in Frameworks */,
				04FAE8F42C0BB36D00200ADC /* LocaLocDataRepository.framework in Frameworks */,
				04FAE95D2C0C7B4B00200ADC /* FirebaseBinaries in Frameworks */,
				040B9EC12BFE4C17005E3930 /* GoogleSignIn in Frameworks */,
				04BA85532C0B83E1004F76B3 /* K-Logger in Frameworks */,
			);
			runOnlyForDeploymentPostprocessing = 0;
		};
		046C3EAC2BE917E900BBFF47 /* Frameworks */ = {
			isa = PBXFrameworksBuildPhase;
			buildActionMask = 2147483647;
			files = (
			);
			runOnlyForDeploymentPostprocessing = 0;
		};
		046C3EB62BE917E900BBFF47 /* Frameworks */ = {
			isa = PBXFrameworksBuildPhase;
			buildActionMask = 2147483647;
			files = (
			);
			runOnlyForDeploymentPostprocessing = 0;
		};
		04FAE8EB2C0BB36D00200ADC /* Frameworks */ = {
			isa = PBXFrameworksBuildPhase;
			buildActionMask = 2147483647;
			files = (
				04FAE9472C0C634800200ADC /* LocaLocLocalStore.framework in Frameworks */,
				04FAE9002C0BB46100200ADC /* K-Logger in Frameworks */,
				04FAE92E2C0C5F3A00200ADC /* LocaLocClient.framework in Frameworks */,
			);
			runOnlyForDeploymentPostprocessing = 0;
		};
		04FAE9192C0C5BFC00200ADC /* Frameworks */ = {
			isa = PBXFrameworksBuildPhase;
			buildActionMask = 2147483647;
			files = (
				04AA61952C0CE45A00AD6D93 /* K-Logger in Frameworks */,
				04AA618F2C0C90CD00AD6D93 /* FirebaseBinaries in Frameworks */,
			);
			runOnlyForDeploymentPostprocessing = 0;
		};
		04FAE9352C0C608D00200ADC /* Frameworks */ = {
			isa = PBXFrameworksBuildPhase;
			buildActionMask = 2147483647;
			files = (
				04FAE9442C0C60C500200ADC /* K-Logger in Frameworks */,
			);
			runOnlyForDeploymentPostprocessing = 0;
		};
/* End PBXFrameworksBuildPhase section */

/* Begin PBXGroup section */
		040B9EB72BFE47F7005E3930 /* Firebase */ = {
			isa = PBXGroup;
			children = (
				040B9EB92BFE4802005E3930 /* Prod */,
				040B9EB82BFE47FD005E3930 /* Dev */,
			);
			path = Firebase;
			sourceTree = "<group>";
		};
		040B9EB82BFE47FD005E3930 /* Dev */ = {
			isa = PBXGroup;
			children = (
				040B9EBC2BFE4810005E3930 /* GoogleService-Info.plist */,
			);
			path = Dev;
			sourceTree = "<group>";
		};
		040B9EB92BFE4802005E3930 /* Prod */ = {
			isa = PBXGroup;
			children = (
				040B9EBA2BFE480B005E3930 /* GoogleService-Info.plist */,
			);
			path = Prod;
			sourceTree = "<group>";
		};
		040B9EC72BFE6C45005E3930 /* Resources */ = {
			isa = PBXGroup;
			children = (
				046C3EA62BE917E900BBFF47 /* Assets.xcassets */,
				047ECA2F2BFB84460065837C /* Colors.xcassets */,
				047ECA2B2BFB82520065837C /* Icons.xcassets */,
			);
			path = Resources;
			sourceTree = "<group>";
		};
		040B9ECA2BFE6FC9005E3930 /* Main */ = {
			isa = PBXGroup;
			children = (
				047ECA0E2BFA86DB0065837C /* HomeComposer.swift */,
				047ECA102BFA88AC0065837C /* HomeView.swift */,
				047ECA122BFA88B50065837C /* HomeViewModel.swift */,
			);
			name = Main;
			sourceTree = "<group>";
		};
		040B9ECB2BFE6FD0005E3930 /* Child */ = {
			isa = PBXGroup;
			children = (
				040E4EC62C02631F00056856 /* ChannelCreation */,
				047ECA142BFA91DC0065837C /* Channels */,
				047ECA1F2BFA92C00065837C /* Settings */,
			);
			name = Child;
			sourceTree = "<group>";
		};
		040D85812C008D29000F8F52 /* Service */ = {
			isa = PBXGroup;
			children = (
				04BA84E42C0B0EAC004F76B3 /* Previewer.swift */,
				0485D8262BFF47C600729C34 /* UserDefaults.swift */,
				04BA84E12C0B0CF8004F76B3 /* AuthenticationService */,
				04D3DDDA2C09091C002FF3DC /* AuthentificationProviders */,
				04FAE9012C0BB75D00200ADC /* Crashlytics */,
				040D85862C008F8B000F8F52 /* Models */,
			);
			path = Service;
			sourceTree = "<group>";
		};
		040D85862C008F8B000F8F52 /* Models */ = {
			isa = PBXGroup;
			children = (
				040D858B2C008FD1000F8F52 /* AuthenticationProviderType.swift */,
				040E4EBB2C0095D100056856 /* UserAuthenticationStatus.swift */,
				040D85872C008F97000F8F52 /* Profile.swift */,
				040D85892C008FA5000F8F52 /* User.swift */,
			);
			path = Models;
			sourceTree = "<group>";
		};
		040E4EBD2C024B1600056856 /* Core */ = {
			isa = PBXGroup;
			children = (
				047ECA062BFA85CB0065837C /* Infrastructure */,
				04BA85032C0B6567004F76B3 /* Repositories */,
				040D85812C008D29000F8F52 /* Service */,
			);
			path = Core;
			sourceTree = "<group>";
		};
		040E4EBE2C024B2800056856 /* Network */ = {
			isa = PBXGroup;
			children = (
			);
			path = Network;
			sourceTree = "<group>";
		};
		040E4EC62C02631F00056856 /* ChannelCreation */ = {
			isa = PBXGroup;
			children = (
				040E4EC72C02633800056856 /* ChannelCreationComposer.swift */,
				040E4EC92C02633C00056856 /* ChannelCreationView.swift */,
				040E4ECB2C02634300056856 /* ChannelCreationViewModel.swift */,
			);
			name = ChannelCreation;
			sourceTree = "<group>";
		};
		04261AE22BFCE68800FBAFC3 /* AuthenticationCoordinator */ = {
			isa = PBXGroup;
			children = (
				04261AE32BFCE69600FBAFC3 /* AuthenticationCoordinator.swift */,
			);
			path = AuthenticationCoordinator;
			sourceTree = "<group>";
		};
		04261AE62BFCE9F000FBAFC3 /* Authentication */ = {
			isa = PBXGroup;
			children = (
				04261AE72BFCE9FF00FBAFC3 /* AuthenticationView.swift */,
				04261AE92BFCEA3400FBAFC3 /* AuthenticationViewModel.swift */,
			);
			name = Authentication;
			sourceTree = "<group>";
		};
		046C3E962BE917E800BBFF47 = {
			isa = PBXGroup;
			children = (
				04FAE95B2C0C7AD900200ADC /* FirebaseBinaries */,
				046C3EA12BE917E800BBFF47 /* LocaLoc */,
				046C3EB22BE917E900BBFF47 /* LocaLocTests */,
				046C3EBC2BE917E900BBFF47 /* LocaLocUITests */,
				04FAE8EF2C0BB36D00200ADC /* LocaLocDataRepository */,
				04FAE90E2C0C5A0700200ADC /* LocaLocClient */,
				04FAE9392C0C608D00200ADC /* LocaLocLocalStorage */,
				046C3EA02BE917E800BBFF47 /* Products */,
				04BA850A2C0B6920004F76B3 /* Frameworks */,
			);
			sourceTree = "<group>";
		};
		046C3EA02BE917E800BBFF47 /* Products */ = {
			isa = PBXGroup;
			children = (
				046C3E9F2BE917E800BBFF47 /* LocaLoc.app */,
				046C3EAF2BE917E900BBFF47 /* LocaLocTests.xctest */,
				046C3EB92BE917E900BBFF47 /* LocaLocUITests.xctest */,
				04FAE8EE2C0BB36D00200ADC /* LocaLocDataRepository.framework */,
				04FAE91C2C0C5BFC00200ADC /* LocaLocClient.framework */,
				04FAE9382C0C608D00200ADC /* LocaLocLocalStore.framework */,
			);
			name = Products;
			sourceTree = "<group>";
		};
		046C3EA12BE917E800BBFF47 /* LocaLoc */ = {
			isa = PBXGroup;
			children = (
				046C3EA22BE917E800BBFF47 /* CoreApp.swift */,
				04BA84DC2C0A0FC6004F76B3 /* Configs */,
				040E4EBD2C024B1600056856 /* Core */,
				040E4EBE2C024B2800056856 /* Network */,
				040B9EC72BFE6C45005E3930 /* Resources */,
				047ECA0C2BFA86550065837C /* Scenes */,
			);
			path = LocaLoc;
			sourceTree = "<group>";
		};
		046C3EB22BE917E900BBFF47 /* LocaLocTests */ = {
			isa = PBXGroup;
			children = (
				046C3EB32BE917E900BBFF47 /* LocaLocTests.swift */,
			);
			path = LocaLocTests;
			sourceTree = "<group>";
		};
		046C3EBC2BE917E900BBFF47 /* LocaLocUITests */ = {
			isa = PBXGroup;
			children = (
				046C3EBD2BE917E900BBFF47 /* LocaLocUITests.swift */,
				046C3EBF2BE917E900BBFF47 /* LocaLocUITestsLaunchTests.swift */,
			);
			path = LocaLocUITests;
			sourceTree = "<group>";
		};
		047ECA032BFA85B70065837C /* Coordinators */ = {
			isa = PBXGroup;
			children = (
				04261AE22BFCE68800FBAFC3 /* AuthenticationCoordinator */,
				047ECA092BFA85F20065837C /* AppCoordinator */,
			);
			path = Coordinators;
			sourceTree = "<group>";
		};
		047ECA062BFA85CB0065837C /* Infrastructure */ = {
			isa = PBXGroup;
			children = (
				047ECA2D2BFB83B90065837C /* Color.swift */,
				047ECA072BFA85E80065837C /* Coordinator.swift */,
				047ECA042BFA85C60065837C /* CoordinatorProtocol.swift */,
				04D3DDE42C090C99002FF3DC /* CustomError.swift */,
				047ECA1D2BFA925F0065837C /* SceneComposer.swift */,
				047ECA272BFB81F00065837C /* TabScene.swift */,
				047ECA292BFB82000065837C /* TabSceneType.swift */,
				040E4EC42C025FF200056856 /* UserDefaultsKeys.swift */,
			);
			path = Infrastructure;
			sourceTree = "<group>";
		};
		047ECA092BFA85F20065837C /* AppCoordinator */ = {
			isa = PBXGroup;
			children = (
				047ECA0A2BFA85FD0065837C /* AppCoordinator.swift */,
			);
			path = AppCoordinator;
			sourceTree = "<group>";
		};
		047ECA0C2BFA86550065837C /* Scenes */ = {
			isa = PBXGroup;
			children = (
				04261AE62BFCE9F000FBAFC3 /* Authentication */,
				047ECA032BFA85B70065837C /* Coordinators */,
				04FAE9052C0C557D00200ADC /* GenericUI */,
				047ECA0D2BFA865D0065837C /* Home */,
			);
			path = Scenes;
			sourceTree = "<group>";
		};
		047ECA0D2BFA865D0065837C /* Home */ = {
			isa = PBXGroup;
			children = (
				040B9ECB2BFE6FD0005E3930 /* Child */,
				040B9ECA2BFE6FC9005E3930 /* Main */,
			);
			name = Home;
			sourceTree = "<group>";
		};
		047ECA142BFA91DC0065837C /* Channels */ = {
			isa = PBXGroup;
			children = (
				04261ADE2BFCD9A200FBAFC3 /* ChannelAvatar.swift */,
				047ECA192BFA92060065837C /* ChannelsComposer.swift */,
				04261AE02BFCD9E100FBAFC3 /* ChannelsRow.swift */,
				047ECA152BFA91F40065837C /* ChannelsView.swift */,
				047ECA172BFA91FD0065837C /* ChannelsViewModel.swift */,
			);
			name = Channels;
			sourceTree = "<group>";
		};
		047ECA1F2BFA92C00065837C /* Settings */ = {
			isa = PBXGroup;
			children = (
				04FD11F12C03B3C10020B7EA /* ProfileEditing */,
				047ECA242BFA92E80065837C /* SettingsComposer.swift */,
				047ECA202BFA92CE0065837C /* SettingsView.swift */,
				047ECA222BFA92E00065837C /* SettingsViewModel.swift */,
			);
			name = Settings;
			sourceTree = "<group>";
		};
		04BA84DC2C0A0FC6004F76B3 /* Configs */ = {
			isa = PBXGroup;
			children = (
				046C3ECD2BE91C8700BBFF47 /* Info.plist */,
				046C3ECC2BE91BDC00BBFF47 /* Config.xcconfig */,
				040B9EB72BFE47F7005E3930 /* Firebase */,
			);
			path = Configs;
			sourceTree = "<group>";
		};
		04BA84E12C0B0CF8004F76B3 /* AuthenticationService */ = {
			isa = PBXGroup;
			children = (
				040D85822C008D2F000F8F52 /* AuthenticationService.swift */,
				04BA84E22C0B0D09004F76B3 /* AuthenticationServiceError.swift */,
			);
			path = AuthenticationService;
			sourceTree = "<group>";
		};
		04BA85032C0B6567004F76B3 /* Repositories */ = {
			isa = PBXGroup;
			children = (
				04BA85042C0B6590004F76B3 /* UserDataRepository.swift */,
				04BA854E2C0B7DB6004F76B3 /* UserDataRepositoryImpl+UserDataRepository.swift */,
			);
			path = Repositories;
			sourceTree = "<group>";
		};
		04BA850A2C0B6920004F76B3 /* Frameworks */ = {
			isa = PBXGroup;
			children = (
			);
			name = Frameworks;
			sourceTree = "<group>";
		};
		04BA85452C0B719B004F76B3 /* Models */ = {
			isa = PBXGroup;
			children = (
				04BA85432C0B7190004F76B3 /* UserPersistencyModel.swift */,
				04BA85462C0B71AE004F76B3 /* ProfilePersistencyModel.swift */,
				04BA85482C0B7254004F76B3 /* AuthenticationProviderTypePersistencyModel.swift */,
			);
			path = Models;
			sourceTree = "<group>";
		};
		04BA85502C0B7E39004F76B3 /* UserDataRepository */ = {
			isa = PBXGroup;
			children = (
				040D85842C008D8E000F8F52 /* UserDataRepositoryImpl.swift */,
				04BA85452C0B719B004F76B3 /* Models */,
			);
			path = UserDataRepository;
			sourceTree = "<group>";
		};
		04D3DDDA2C09091C002FF3DC /* AuthentificationProviders */ = {
			isa = PBXGroup;
			children = (
				04D3DDE22C090C36002FF3DC /* AppleAuthenticationProvider.swift */,
				04D3DDDB2C09093C002FF3DC /* GoogleAuthenticationProvider.swift */,
				04D3DDE12C090C1C002FF3DC /* Infrastructure */,
			);
			path = AuthentificationProviders;
			sourceTree = "<group>";
		};
		04D3DDE12C090C1C002FF3DC /* Infrastructure */ = {
			isa = PBXGroup;
			children = (
				04D3DDDD2C0909E6002FF3DC /* AuthenticationProvider.swift */,
				04D3DDDF2C090B87002FF3DC /* AuthenticationProviderError.swift */,
				04AA61902C0CDAE400AD6D93 /* AuthorizationUserData.swift */,
			);
			path = Infrastructure;
			sourceTree = "<group>";
		};
		04FAE8EF2C0BB36D00200ADC /* LocaLocDataRepository */ = {
			isa = PBXGroup;
			children = (
				04BA85062C0B65CF004F76B3 /* DataRepository.swift */,
				04BA85502C0B7E39004F76B3 /* UserDataRepository */,
			);
			path = LocaLocDataRepository;
			sourceTree = "<group>";
		};
		04FAE9012C0BB75D00200ADC /* Crashlytics */ = {
			isa = PBXGroup;
			children = (
				04FAE9022C0BB77C00200ADC /* CrashlyticsService.swift */,
			);
			path = Crashlytics;
			sourceTree = "<group>";
		};
		04FAE9052C0C557D00200ADC /* GenericUI */ = {
			isa = PBXGroup;
			children = (
				04FAE9062C0C559100200ADC /* Modifiers */,
			);
			name = GenericUI;
			sourceTree = "<group>";
		};
		04FAE9062C0C559100200ADC /* Modifiers */ = {
			isa = PBXGroup;
			children = (
				04FAE9072C0C55A200200ADC /* BackgroundDefault.swift */,
			);
			name = Modifiers;
			sourceTree = "<group>";
		};
		04FAE90E2C0C5A0700200ADC /* LocaLocClient */ = {
			isa = PBXGroup;
			children = (
				04FAE9522C0C704A00200ADC /* Configs */,
				04FAE90F2C0C5A0700200ADC /* Client.swift */,
				04AA61922C0CE22C00AD6D93 /* CollectionsKeys.swift */,
			);
			path = LocaLocClient;
			sourceTree = "<group>";
		};
		04FAE9392C0C608D00200ADC /* LocaLocLocalStorage */ = {
			isa = PBXGroup;
			children = (
				04FAE9452C0C60EA00200ADC /* LocalStorage.swift */,
			);
			path = LocaLocLocalStorage;
			sourceTree = "<group>";
		};
		04FAE9522C0C704A00200ADC /* Configs */ = {
			isa = PBXGroup;
			children = (
				04FAE9582C0C713100200ADC /* Firebase */,
			);
			path = Configs;
			sourceTree = "<group>";
		};
		04FAE9532C0C705100200ADC /* Prod */ = {
			isa = PBXGroup;
			children = (
				04FAE9572C0C710600200ADC /* GoogleService-Info.plist */,
			);
			path = Prod;
			sourceTree = "<group>";
		};
		04FAE9542C0C705700200ADC /* Dev */ = {
			isa = PBXGroup;
			children = (
				04FAE9552C0C709A00200ADC /* GoogleService-Info.plist */,
			);
			path = Dev;
			sourceTree = "<group>";
		};
		04FAE9582C0C713100200ADC /* Firebase */ = {
			isa = PBXGroup;
			children = (
				04FAE9542C0C705700200ADC /* Dev */,
				04FAE9532C0C705100200ADC /* Prod */,
			);
			path = Firebase;
			sourceTree = "<group>";
		};
		04FD11F12C03B3C10020B7EA /* ProfileEditing */ = {
			isa = PBXGroup;
			children = (
				04FD11F22C03B3D10020B7EA /* ProfileEditingView.swift */,
				04FD11F42C03B3DA0020B7EA /* ProfileEditingViewModel.swift */,
			);
			name = ProfileEditing;
			sourceTree = "<group>";
		};
/* End PBXGroup section */

/* Begin PBXHeadersBuildPhase section */
		04FAE8E92C0BB36D00200ADC /* Headers */ = {
			isa = PBXHeadersBuildPhase;
			buildActionMask = 2147483647;
			files = (
			);
			runOnlyForDeploymentPostprocessing = 0;
		};
		04FAE9172C0C5BFC00200ADC /* Headers */ = {
			isa = PBXHeadersBuildPhase;
			buildActionMask = 2147483647;
			files = (
			);
			runOnlyForDeploymentPostprocessing = 0;
		};
		04FAE9332C0C608D00200ADC /* Headers */ = {
			isa = PBXHeadersBuildPhase;
			buildActionMask = 2147483647;
			files = (
			);
			runOnlyForDeploymentPostprocessing = 0;
		};
/* End PBXHeadersBuildPhase section */

/* Begin PBXNativeTarget section */
		046C3E9E2BE917E800BBFF47 /* LocaLoc */ = {
			isa = PBXNativeTarget;
			buildConfigurationList = 046C3EC32BE917E900BBFF47 /* Build configuration list for PBXNativeTarget "LocaLoc" */;
			buildPhases = (
				040B9EBE2BFE4836005E3930 /* Firebase configuration */,
				04BA85542C0B8B7E004F76B3 /* Firebase Crashlytics */,
				046C3E9B2BE917E800BBFF47 /* Sources */,
				046C3E9C2BE917E800BBFF47 /* Frameworks */,
				046C3E9D2BE917E800BBFF47 /* Resources */,
				04FAE8F62C0BB36D00200ADC /* Embed Frameworks */,
			);
			buildRules = (
			);
			dependencies = (
				04FAE8F32C0BB36D00200ADC /* PBXTargetDependency */,
				04FAE9212C0C5BFC00200ADC /* PBXTargetDependency */,
				04FAE93D2C0C608D00200ADC /* PBXTargetDependency */,
			);
			name = LocaLoc;
			packageProductDependencies = (
				04ABD30B2BFCBB84008FB984 /* CachedAsyncImage */,
				040B9EC02BFE4C17005E3930 /* GoogleSignIn */,
				04BA85522C0B83E1004F76B3 /* K-Logger */,
				04FAE95C2C0C7B4B00200ADC /* FirebaseBinaries */,
			);
			productName = LocaLoc;
			productReference = 046C3E9F2BE917E800BBFF47 /* LocaLoc.app */;
			productType = "com.apple.product-type.application";
		};
		046C3EAE2BE917E900BBFF47 /* LocaLocTests */ = {
			isa = PBXNativeTarget;
			buildConfigurationList = 046C3EC62BE917E900BBFF47 /* Build configuration list for PBXNativeTarget "LocaLocTests" */;
			buildPhases = (
				046C3EAB2BE917E900BBFF47 /* Sources */,
				046C3EAC2BE917E900BBFF47 /* Frameworks */,
				046C3EAD2BE917E900BBFF47 /* Resources */,
			);
			buildRules = (
			);
			dependencies = (
				046C3EB12BE917E900BBFF47 /* PBXTargetDependency */,
			);
			name = LocaLocTests;
			productName = LocaLocTests;
			productReference = 046C3EAF2BE917E900BBFF47 /* LocaLocTests.xctest */;
			productType = "com.apple.product-type.bundle.unit-test";
		};
		046C3EB82BE917E900BBFF47 /* LocaLocUITests */ = {
			isa = PBXNativeTarget;
			buildConfigurationList = 046C3EC92BE917E900BBFF47 /* Build configuration list for PBXNativeTarget "LocaLocUITests" */;
			buildPhases = (
				046C3EB52BE917E900BBFF47 /* Sources */,
				046C3EB62BE917E900BBFF47 /* Frameworks */,
				046C3EB72BE917E900BBFF47 /* Resources */,
			);
			buildRules = (
			);
			dependencies = (
				046C3EBB2BE917E900BBFF47 /* PBXTargetDependency */,
			);
			name = LocaLocUITests;
			productName = LocaLocUITests;
			productReference = 046C3EB92BE917E900BBFF47 /* LocaLocUITests.xctest */;
			productType = "com.apple.product-type.bundle.ui-testing";
		};
		04FAE8ED2C0BB36D00200ADC /* LocaLocDataRepository */ = {
			isa = PBXNativeTarget;
			buildConfigurationList = 04FAE8F92C0BB36D00200ADC /* Build configuration list for PBXNativeTarget "LocaLocDataRepository" */;
			buildPhases = (
				04FAE8E92C0BB36D00200ADC /* Headers */,
				04FAE8EA2C0BB36D00200ADC /* Sources */,
				04FAE8EB2C0BB36D00200ADC /* Frameworks */,
				04FAE8EC2C0BB36D00200ADC /* Resources */,
				04FAE9322C0C5F3A00200ADC /* Embed Frameworks */,
			);
			buildRules = (
			);
			dependencies = (
				04FAE9312C0C5F3A00200ADC /* PBXTargetDependency */,
				04FAE94A2C0C634900200ADC /* PBXTargetDependency */,
			);
			name = LocaLocDataRepository;
			packageProductDependencies = (
				04FAE8FF2C0BB46100200ADC /* K-Logger */,
			);
			productName = LocaLocDataRepository;
			productReference = 04FAE8EE2C0BB36D00200ADC /* LocaLocDataRepository.framework */;
			productType = "com.apple.product-type.framework";
		};
		04FAE91B2C0C5BFC00200ADC /* LocaLocClient */ = {
			isa = PBXNativeTarget;
			buildConfigurationList = 04FAE9242C0C5BFC00200ADC /* Build configuration list for PBXNativeTarget "LocaLocClient" */;
			buildPhases = (
				04FAE9172C0C5BFC00200ADC /* Headers */,
				04FAE9182C0C5BFC00200ADC /* Sources */,
				04FAE9192C0C5BFC00200ADC /* Frameworks */,
				04FAE91A2C0C5BFC00200ADC /* Resources */,
			);
			buildRules = (
			);
			dependencies = (
			);
			name = LocaLocClient;
			packageProductDependencies = (
				04AA618E2C0C90CD00AD6D93 /* FirebaseBinaries */,
				04AA61942C0CE45A00AD6D93 /* K-Logger */,
			);
			productName = LocaLocClient;
			productReference = 04FAE91C2C0C5BFC00200ADC /* LocaLocClient.framework */;
			productType = "com.apple.product-type.framework";
		};
		04FAE9372C0C608D00200ADC /* LocaLocLocalStore */ = {
			isa = PBXNativeTarget;
			buildConfigurationList = 04FAE9402C0C608D00200ADC /* Build configuration list for PBXNativeTarget "LocaLocLocalStore" */;
			buildPhases = (
				04FAE9332C0C608D00200ADC /* Headers */,
				04FAE9342C0C608D00200ADC /* Sources */,
				04FAE9352C0C608D00200ADC /* Frameworks */,
				04FAE9362C0C608D00200ADC /* Resources */,
			);
			buildRules = (
			);
			dependencies = (
			);
			name = LocaLocLocalStore;
			packageProductDependencies = (
				04FAE9432C0C60C500200ADC /* K-Logger */,
			);
			productName = LocaLocLocalStore;
			productReference = 04FAE9382C0C608D00200ADC /* LocaLocLocalStore.framework */;
			productType = "com.apple.product-type.framework";
		};
/* End PBXNativeTarget section */

/* Begin PBXProject section */
		046C3E972BE917E800BBFF47 /* Project object */ = {
			isa = PBXProject;
			attributes = {
				BuildIndependentTargetsInParallel = 1;
				LastSwiftUpdateCheck = 1540;
				LastUpgradeCheck = 1500;
				TargetAttributes = {
					046C3E9E2BE917E800BBFF47 = {
						CreatedOnToolsVersion = 15.0;
					};
					046C3EAE2BE917E900BBFF47 = {
						CreatedOnToolsVersion = 15.0;
						TestTargetID = 046C3E9E2BE917E800BBFF47;
					};
					046C3EB82BE917E900BBFF47 = {
						CreatedOnToolsVersion = 15.0;
						TestTargetID = 046C3E9E2BE917E800BBFF47;
					};
					04FAE8ED2C0BB36D00200ADC = {
						CreatedOnToolsVersion = 15.4;
					};
					04FAE91B2C0C5BFC00200ADC = {
						CreatedOnToolsVersion = 15.4;
					};
					04FAE9372C0C608D00200ADC = {
						CreatedOnToolsVersion = 15.4;
						LastSwiftMigration = 1540;
					};
				};
			};
			buildConfigurationList = 046C3E9A2BE917E800BBFF47 /* Build configuration list for PBXProject "LocaLoc" */;
			compatibilityVersion = "Xcode 14.0";
			developmentRegion = en;
			hasScannedForEncodings = 0;
			knownRegions = (
				en,
				Base,
			);
			mainGroup = 046C3E962BE917E800BBFF47;
			packageReferences = (
				04ABD30A2BFCBB84008FB984 /* XCRemoteSwiftPackageReference "swiftui-cached-async-image" */,
				040B9EBF2BFE4BBB005E3930 /* XCRemoteSwiftPackageReference "GoogleSignIn-iOS" */,
				04BA85512C0B83A8004F76B3 /* XCRemoteSwiftPackageReference "K-Logger" */,
			);
			productRefGroup = 046C3EA02BE917E800BBFF47 /* Products */;
			projectDirPath = "";
			projectRoot = "";
			targets = (
				046C3E9E2BE917E800BBFF47 /* LocaLoc */,
				046C3EAE2BE917E900BBFF47 /* LocaLocTests */,
				046C3EB82BE917E900BBFF47 /* LocaLocUITests */,
				04FAE8ED2C0BB36D00200ADC /* LocaLocDataRepository */,
				04FAE91B2C0C5BFC00200ADC /* LocaLocClient */,
				04FAE9372C0C608D00200ADC /* LocaLocLocalStore */,
			);
		};
/* End PBXProject section */

/* Begin PBXResourcesBuildPhase section */
		046C3E9D2BE917E800BBFF47 /* Resources */ = {
			isa = PBXResourcesBuildPhase;
			buildActionMask = 2147483647;
			files = (
				047ECA302BFB84460065837C /* Colors.xcassets in Resources */,
				047ECA2C2BFB82520065837C /* Icons.xcassets in Resources */,
				046C3EA72BE917E900BBFF47 /* Assets.xcassets in Resources */,
			);
			runOnlyForDeploymentPostprocessing = 0;
		};
		046C3EAD2BE917E900BBFF47 /* Resources */ = {
			isa = PBXResourcesBuildPhase;
			buildActionMask = 2147483647;
			files = (
			);
			runOnlyForDeploymentPostprocessing = 0;
		};
		046C3EB72BE917E900BBFF47 /* Resources */ = {
			isa = PBXResourcesBuildPhase;
			buildActionMask = 2147483647;
			files = (
			);
			runOnlyForDeploymentPostprocessing = 0;
		};
		04FAE8EC2C0BB36D00200ADC /* Resources */ = {
			isa = PBXResourcesBuildPhase;
			buildActionMask = 2147483647;
			files = (
			);
			runOnlyForDeploymentPostprocessing = 0;
		};
		04FAE91A2C0C5BFC00200ADC /* Resources */ = {
			isa = PBXResourcesBuildPhase;
			buildActionMask = 2147483647;
			files = (
			);
			runOnlyForDeploymentPostprocessing = 0;
		};
		04FAE9362C0C608D00200ADC /* Resources */ = {
			isa = PBXResourcesBuildPhase;
			buildActionMask = 2147483647;
			files = (
			);
			runOnlyForDeploymentPostprocessing = 0;
		};
/* End PBXResourcesBuildPhase section */

/* Begin PBXShellScriptBuildPhase section */
		040B9EBE2BFE4836005E3930 /* Firebase configuration */ = {
			isa = PBXShellScriptBuildPhase;
			alwaysOutOfDate = 1;
			buildActionMask = 2147483647;
			files = (
			);
			inputFileListPaths = (
			);
			inputPaths = (
			);
			name = "Firebase configuration";
			outputFileListPaths = (
			);
			outputPaths = (
			);
			runOnlyForDeploymentPostprocessing = 0;
			shellPath = /bin/sh;
			shellScript = "# Name of the resource we're selectively copying\nGOOGLESERVICE_INFO_PLIST=GoogleService-Info.plist\n\n# Get references to dev and prod versions of the GoogleService-Info.plist\n# NOTE: These should only live on the file system and should NOT be part of the target (since we'll be adding them to the target manually)\nGOOGLESERVICE_INFO_DEV=${PROJECT_DIR}/${TARGET_NAME}/Configs/Firebase/Dev/${GOOGLESERVICE_INFO_PLIST}\nGOOGLESERVICE_INFO_PROD=${PROJECT_DIR}/${TARGET_NAME}/Configs/Firebase/Prod/${GOOGLESERVICE_INFO_PLIST}\n\n# Make sure the dev version of GoogleService-Info.plist exists\necho \"Looking for ${GOOGLESERVICE_INFO_PLIST} in ${GOOGLESERVICE_INFO_DEV}\"\nif [ ! -f $GOOGLESERVICE_INFO_DEV ]\nthen\n    echo \"No Development GoogleService-Info.plist found. Please ensure it's in the proper directory.\"\n    exit 1\nfi\n\n# Make sure the prod version of GoogleService-Info.plist exists\necho \"Looking for ${GOOGLESERVICE_INFO_PLIST} in ${GOOGLESERVICE_INFO_PROD}\"\nif [ ! -f $GOOGLESERVICE_INFO_PROD ]\nthen\n    echo \"No Production GoogleService-Info.plist found. Please ensure it's in the proper directory.\"\n    exit 1\nfi\n\n# Get a reference to the destination location for the GoogleService-Info.plist\nPLIST_DESTINATION=${BUILT_PRODUCTS_DIR}/${PRODUCT_NAME}.app\necho \"Will copy ${GOOGLESERVICE_INFO_PLIST} to final destination: ${PLIST_DESTINATION}\"\n\n# Copy over the prod GoogleService-Info.plist for Release builds\nif [ \"${CONFIGURATION}\" == \"Release\" ]\nthen\n    echo \"Using ${GOOGLESERVICE_INFO_PROD}\"\n    cp \"${GOOGLESERVICE_INFO_PROD}\" \"${PLIST_DESTINATION}\"\nelse\n    echo \"Using ${GOOGLESERVICE_INFO_DEV}\"\n    cp \"${GOOGLESERVICE_INFO_DEV}\" \"${PLIST_DESTINATION}\"\nfi\n";
		};
		04BA85542C0B8B7E004F76B3 /* Firebase Crashlytics */ = {
			isa = PBXShellScriptBuildPhase;
			alwaysOutOfDate = 1;
			buildActionMask = 2147483647;
			files = (
			);
			inputFileListPaths = (
			);
			inputPaths = (
				"${DWARF_DSYM_FOLDER_PATH}/${DWARF_DSYM_FILE_NAME}",
				"${DWARF_DSYM_FOLDER_PATH}/${DWARF_DSYM_FILE_NAME}/Contents/Resources/DWARF/${PRODUCT_NAME}\n",
				"${DWARF_DSYM_FOLDER_PATH}/${DWARF_DSYM_FILE_NAME}/Contents/Info.plist\n",
				"$(TARGET_BUILD_DIR)/$(UNLOCALIZED_RESOURCES_FOLDER_PATH)/GoogleService-Info.plist\n",
				"$(TARGET_BUILD_DIR)/$(EXECUTABLE_PATH)\n",
			);
			name = "Firebase Crashlytics";
			outputFileListPaths = (
			);
			outputPaths = (
			);
			runOnlyForDeploymentPostprocessing = 0;
			shellPath = /bin/sh;
			shellScript = "\"${PROJECT_DIR}/FirebaseBinaries/Sources/FirebaseBinaries/FirebaseCrashlytics/run\"\n\n";
		};
/* End PBXShellScriptBuildPhase section */

/* Begin PBXSourcesBuildPhase section */
		046C3E9B2BE917E800BBFF47 /* Sources */ = {
			isa = PBXSourcesBuildPhase;
			buildActionMask = 2147483647;
			files = (
				04261AE82BFCE9FF00FBAFC3 /* AuthenticationView.swift in Sources */,
				047ECA082BFA85E80065837C /* Coordinator.swift in Sources */,
				04261AE12BFCD9E100FBAFC3 /* ChannelsRow.swift in Sources */,
				047ECA112BFA88AC0065837C /* HomeView.swift in Sources */,
				04261AEA2BFCEA3400FBAFC3 /* AuthenticationViewModel.swift in Sources */,
				047ECA182BFA91FD0065837C /* ChannelsViewModel.swift in Sources */,
				040E4ECC2C02634300056856 /* ChannelCreationViewModel.swift in Sources */,
				04BA85422C0B710D004F76B3 /* UserDataRepository.swift in Sources */,
				047ECA252BFA92E80065837C /* SettingsComposer.swift in Sources */,
				040E4EC82C02633800056856 /* ChannelCreationComposer.swift in Sources */,
				04D3DDDC2C09093C002FF3DC /* GoogleAuthenticationProvider.swift in Sources */,
				047ECA2E2BFB83B90065837C /* Color.swift in Sources */,
				04D3DDE02C090B87002FF3DC /* AuthenticationProviderError.swift in Sources */,
				04FAE9082C0C55A200200ADC /* BackgroundDefault.swift in Sources */,
				04261AE42BFCE69600FBAFC3 /* AuthenticationCoordinator.swift in Sources */,
				047ECA2A2BFB82000065837C /* TabSceneType.swift in Sources */,
				04D3DDDE2C0909E6002FF3DC /* AuthenticationProvider.swift in Sources */,
				047ECA162BFA91F40065837C /* ChannelsView.swift in Sources */,
				047ECA1E2BFA925F0065837C /* SceneComposer.swift in Sources */,
				04BA84E52C0B0EAC004F76B3 /* Previewer.swift in Sources */,
				047ECA0B2BFA85FD0065837C /* AppCoordinator.swift in Sources */,
				046C3EA32BE917E800BBFF47 /* CoreApp.swift in Sources */,
				047ECA282BFB81F00065837C /* TabScene.swift in Sources */,
				04D3DDE52C090C99002FF3DC /* CustomError.swift in Sources */,
				040D85832C008D2F000F8F52 /* AuthenticationService.swift in Sources */,
				04BA854F2C0B7DB6004F76B3 /* UserDataRepositoryImpl+UserDataRepository.swift in Sources */,
				047ECA052BFA85C60065837C /* CoordinatorProtocol.swift in Sources */,
				040E4EC52C025FF200056856 /* UserDefaultsKeys.swift in Sources */,
				04261ADF2BFCD9A200FBAFC3 /* ChannelAvatar.swift in Sources */,
				04BA854D2C0B7295004F76B3 /* UserAuthenticationStatus.swift in Sources */,
				04D3DDE32C090C36002FF3DC /* AppleAuthenticationProvider.swift in Sources */,
				04BA854A2C0B7274004F76B3 /* Profile.swift in Sources */,
				04BA854B2C0B7274004F76B3 /* AuthenticationProviderType.swift in Sources */,
				04BA854C2C0B7274004F76B3 /* User.swift in Sources */,
				047ECA1A2BFA92060065837C /* ChannelsComposer.swift in Sources */,
				047ECA0F2BFA86DB0065837C /* HomeComposer.swift in Sources */,
				0485D8272BFF47C600729C34 /* UserDefaults.swift in Sources */,
				047ECA132BFA88B50065837C /* HomeViewModel.swift in Sources */,
				04BA84E32C0B0D09004F76B3 /* AuthenticationServiceError.swift in Sources */,
				040E4ECA2C02633C00056856 /* ChannelCreationView.swift in Sources */,
				04AA61912C0CDAE400AD6D93 /* AuthorizationUserData.swift in Sources */,
				04FAE9032C0BB77C00200ADC /* CrashlyticsService.swift in Sources */,
				047ECA212BFA92CE0065837C /* SettingsView.swift in Sources */,
				047ECA232BFA92E00065837C /* SettingsViewModel.swift in Sources */,
				04FD11F32C03B3D10020B7EA /* ProfileEditingView.swift in Sources */,
				04FD11F52C03B3DA0020B7EA /* ProfileEditingViewModel.swift in Sources */,
			);
			runOnlyForDeploymentPostprocessing = 0;
		};
		046C3EAB2BE917E900BBFF47 /* Sources */ = {
			isa = PBXSourcesBuildPhase;
			buildActionMask = 2147483647;
			files = (
				046C3EB42BE917E900BBFF47 /* LocaLocTests.swift in Sources */,
			);
			runOnlyForDeploymentPostprocessing = 0;
		};
		046C3EB52BE917E900BBFF47 /* Sources */ = {
			isa = PBXSourcesBuildPhase;
			buildActionMask = 2147483647;
			files = (
				046C3EC02BE917E900BBFF47 /* LocaLocUITestsLaunchTests.swift in Sources */,
				046C3EBE2BE917E900BBFF47 /* LocaLocUITests.swift in Sources */,
			);
			runOnlyForDeploymentPostprocessing = 0;
		};
		04FAE8EA2C0BB36D00200ADC /* Sources */ = {
			isa = PBXSourcesBuildPhase;
			buildActionMask = 2147483647;
			files = (
				04FAE8FC2C0BB3F300200ADC /* ProfilePersistencyModel.swift in Sources */,
				04FAE8FB2C0BB3EE00200ADC /* UserPersistencyModel.swift in Sources */,
				04FAE8FD2C0BB3F500200ADC /* AuthenticationProviderTypePersistencyModel.swift in Sources */,
				04FAE8FE2C0BB3F700200ADC /* UserDataRepositoryImpl.swift in Sources */,
				04FAE8FA2C0BB38B00200ADC /* DataRepository.swift in Sources */,
			);
			runOnlyForDeploymentPostprocessing = 0;
		};
		04FAE9182C0C5BFC00200ADC /* Sources */ = {
			isa = PBXSourcesBuildPhase;
			buildActionMask = 2147483647;
			files = (
				04FAE92D2C0C5C2600200ADC /* Client.swift in Sources */,
				04AA61932C0CE22C00AD6D93 /* CollectionsKeys.swift in Sources */,
			);
			runOnlyForDeploymentPostprocessing = 0;
		};
		04FAE9342C0C608D00200ADC /* Sources */ = {
			isa = PBXSourcesBuildPhase;
			buildActionMask = 2147483647;
			files = (
				04FAE9462C0C60EA00200ADC /* LocalStorage.swift in Sources */,
			);
			runOnlyForDeploymentPostprocessing = 0;
		};
/* End PBXSourcesBuildPhase section */

/* Begin PBXTargetDependency section */
		046C3EB12BE917E900BBFF47 /* PBXTargetDependency */ = {
			isa = PBXTargetDependency;
			target = 046C3E9E2BE917E800BBFF47 /* LocaLoc */;
			targetProxy = 046C3EB02BE917E900BBFF47 /* PBXContainerItemProxy */;
		};
		046C3EBB2BE917E900BBFF47 /* PBXTargetDependency */ = {
			isa = PBXTargetDependency;
			target = 046C3E9E2BE917E800BBFF47 /* LocaLoc */;
			targetProxy = 046C3EBA2BE917E900BBFF47 /* PBXContainerItemProxy */;
		};
		04FAE8F32C0BB36D00200ADC /* PBXTargetDependency */ = {
			isa = PBXTargetDependency;
			target = 04FAE8ED2C0BB36D00200ADC /* LocaLocDataRepository */;
			targetProxy = 04FAE8F22C0BB36D00200ADC /* PBXContainerItemProxy */;
		};
		04FAE9212C0C5BFC00200ADC /* PBXTargetDependency */ = {
			isa = PBXTargetDependency;
			target = 04FAE91B2C0C5BFC00200ADC /* LocaLocClient */;
			targetProxy = 04FAE9202C0C5BFC00200ADC /* PBXContainerItemProxy */;
		};
		04FAE9312C0C5F3A00200ADC /* PBXTargetDependency */ = {
			isa = PBXTargetDependency;
			target = 04FAE91B2C0C5BFC00200ADC /* LocaLocClient */;
			targetProxy = 04FAE9302C0C5F3A00200ADC /* PBXContainerItemProxy */;
		};
		04FAE93D2C0C608D00200ADC /* PBXTargetDependency */ = {
			isa = PBXTargetDependency;
			target = 04FAE9372C0C608D00200ADC /* LocaLocLocalStore */;
			targetProxy = 04FAE93C2C0C608D00200ADC /* PBXContainerItemProxy */;
		};
		04FAE94A2C0C634900200ADC /* PBXTargetDependency */ = {
			isa = PBXTargetDependency;
			target = 04FAE9372C0C608D00200ADC /* LocaLocLocalStore */;
			targetProxy = 04FAE9492C0C634900200ADC /* PBXContainerItemProxy */;
		};
/* End PBXTargetDependency section */

/* Begin XCBuildConfiguration section */
		046C3EC12BE917E900BBFF47 /* Debug */ = {
			isa = XCBuildConfiguration;
			baseConfigurationReference = 046C3ECC2BE91BDC00BBFF47 /* Config.xcconfig */;
			buildSettings = {
				ALWAYS_SEARCH_USER_PATHS = NO;
				ASSETCATALOG_COMPILER_GENERATE_SWIFT_ASSET_SYMBOL_EXTENSIONS = YES;
				CLANG_ANALYZER_NONNULL = YES;
				CLANG_ANALYZER_NUMBER_OBJECT_CONVERSION = YES_AGGRESSIVE;
				CLANG_CXX_LANGUAGE_STANDARD = "gnu++20";
				CLANG_ENABLE_MODULES = YES;
				CLANG_ENABLE_OBJC_ARC = YES;
				CLANG_ENABLE_OBJC_WEAK = YES;
				CLANG_WARN_BLOCK_CAPTURE_AUTORELEASING = YES;
				CLANG_WARN_BOOL_CONVERSION = YES;
				CLANG_WARN_COMMA = YES;
				CLANG_WARN_CONSTANT_CONVERSION = YES;
				CLANG_WARN_DEPRECATED_OBJC_IMPLEMENTATIONS = YES;
				CLANG_WARN_DIRECT_OBJC_ISA_USAGE = YES_ERROR;
				CLANG_WARN_DOCUMENTATION_COMMENTS = YES;
				CLANG_WARN_EMPTY_BODY = YES;
				CLANG_WARN_ENUM_CONVERSION = YES;
				CLANG_WARN_INFINITE_RECURSION = YES;
				CLANG_WARN_INT_CONVERSION = YES;
				CLANG_WARN_NON_LITERAL_NULL_CONVERSION = YES;
				CLANG_WARN_OBJC_IMPLICIT_RETAIN_SELF = YES;
				CLANG_WARN_OBJC_LITERAL_CONVERSION = YES;
				CLANG_WARN_OBJC_ROOT_CLASS = YES_ERROR;
				CLANG_WARN_QUOTED_INCLUDE_IN_FRAMEWORK_HEADER = YES;
				CLANG_WARN_RANGE_LOOP_ANALYSIS = YES;
				CLANG_WARN_STRICT_PROTOTYPES = YES;
				CLANG_WARN_SUSPICIOUS_MOVE = YES;
				CLANG_WARN_UNGUARDED_AVAILABILITY = YES_AGGRESSIVE;
				CLANG_WARN_UNREACHABLE_CODE = YES;
				CLANG_WARN__DUPLICATE_METHOD_MATCH = YES;
				COPY_PHASE_STRIP = NO;
				DEBUG_INFORMATION_FORMAT = dwarf;
				ENABLE_STRICT_OBJC_MSGSEND = YES;
				ENABLE_TESTABILITY = YES;
				ENABLE_USER_SCRIPT_SANDBOXING = YES;
				EXCLUDED_ARCHS = "";
				GCC_C_LANGUAGE_STANDARD = gnu17;
				GCC_DYNAMIC_NO_PIC = NO;
				GCC_NO_COMMON_BLOCKS = YES;
				GCC_OPTIMIZATION_LEVEL = 0;
				GCC_PREPROCESSOR_DEFINITIONS = (
					"DEBUG=1",
					"$(inherited)",
				);
				GCC_WARN_64_TO_32_BIT_CONVERSION = YES;
				GCC_WARN_ABOUT_RETURN_TYPE = YES_ERROR;
				GCC_WARN_UNDECLARED_SELECTOR = YES;
				GCC_WARN_UNINITIALIZED_AUTOS = YES_AGGRESSIVE;
				GCC_WARN_UNUSED_FUNCTION = YES;
				GCC_WARN_UNUSED_VARIABLE = YES;
				IPHONEOS_DEPLOYMENT_TARGET = "$(LL_IPHONE_MINIMUM_DEPLOYMENT_TARGET)";
				LOCALIZATION_PREFERS_STRING_CATALOGS = YES;
				MTL_ENABLE_DEBUG_INFO = INCLUDE_SOURCE;
				MTL_FAST_MATH = YES;
				ONLY_ACTIVE_ARCH = YES;
				SDKROOT = iphoneos;
				SWIFT_ACTIVE_COMPILATION_CONDITIONS = "DEBUG $(inherited)";
				SWIFT_OPTIMIZATION_LEVEL = "-Onone";
			};
			name = Debug;
		};
		046C3EC22BE917E900BBFF47 /* Release */ = {
			isa = XCBuildConfiguration;
			baseConfigurationReference = 046C3ECC2BE91BDC00BBFF47 /* Config.xcconfig */;
			buildSettings = {
				ALWAYS_SEARCH_USER_PATHS = NO;
				ASSETCATALOG_COMPILER_GENERATE_SWIFT_ASSET_SYMBOL_EXTENSIONS = YES;
				CLANG_ANALYZER_NONNULL = YES;
				CLANG_ANALYZER_NUMBER_OBJECT_CONVERSION = YES_AGGRESSIVE;
				CLANG_CXX_LANGUAGE_STANDARD = "gnu++20";
				CLANG_ENABLE_MODULES = YES;
				CLANG_ENABLE_OBJC_ARC = YES;
				CLANG_ENABLE_OBJC_WEAK = YES;
				CLANG_WARN_BLOCK_CAPTURE_AUTORELEASING = YES;
				CLANG_WARN_BOOL_CONVERSION = YES;
				CLANG_WARN_COMMA = YES;
				CLANG_WARN_CONSTANT_CONVERSION = YES;
				CLANG_WARN_DEPRECATED_OBJC_IMPLEMENTATIONS = YES;
				CLANG_WARN_DIRECT_OBJC_ISA_USAGE = YES_ERROR;
				CLANG_WARN_DOCUMENTATION_COMMENTS = YES;
				CLANG_WARN_EMPTY_BODY = YES;
				CLANG_WARN_ENUM_CONVERSION = YES;
				CLANG_WARN_INFINITE_RECURSION = YES;
				CLANG_WARN_INT_CONVERSION = YES;
				CLANG_WARN_NON_LITERAL_NULL_CONVERSION = YES;
				CLANG_WARN_OBJC_IMPLICIT_RETAIN_SELF = YES;
				CLANG_WARN_OBJC_LITERAL_CONVERSION = YES;
				CLANG_WARN_OBJC_ROOT_CLASS = YES_ERROR;
				CLANG_WARN_QUOTED_INCLUDE_IN_FRAMEWORK_HEADER = YES;
				CLANG_WARN_RANGE_LOOP_ANALYSIS = YES;
				CLANG_WARN_STRICT_PROTOTYPES = YES;
				CLANG_WARN_SUSPICIOUS_MOVE = YES;
				CLANG_WARN_UNGUARDED_AVAILABILITY = YES_AGGRESSIVE;
				CLANG_WARN_UNREACHABLE_CODE = YES;
				CLANG_WARN__DUPLICATE_METHOD_MATCH = YES;
				COPY_PHASE_STRIP = NO;
				DEBUG_INFORMATION_FORMAT = "dwarf-with-dsym";
				ENABLE_NS_ASSERTIONS = NO;
				ENABLE_STRICT_OBJC_MSGSEND = YES;
				ENABLE_USER_SCRIPT_SANDBOXING = YES;
				EXCLUDED_ARCHS = "";
				GCC_C_LANGUAGE_STANDARD = gnu17;
				GCC_NO_COMMON_BLOCKS = YES;
				GCC_WARN_64_TO_32_BIT_CONVERSION = YES;
				GCC_WARN_ABOUT_RETURN_TYPE = YES_ERROR;
				GCC_WARN_UNDECLARED_SELECTOR = YES;
				GCC_WARN_UNINITIALIZED_AUTOS = YES_AGGRESSIVE;
				GCC_WARN_UNUSED_FUNCTION = YES;
				GCC_WARN_UNUSED_VARIABLE = YES;
				IPHONEOS_DEPLOYMENT_TARGET = "$(LL_IPHONE_MINIMUM_DEPLOYMENT_TARGET)";
				LOCALIZATION_PREFERS_STRING_CATALOGS = YES;
				MTL_ENABLE_DEBUG_INFO = NO;
				MTL_FAST_MATH = YES;
				SDKROOT = iphoneos;
				SWIFT_COMPILATION_MODE = wholemodule;
				VALIDATE_PRODUCT = YES;
			};
			name = Release;
		};
		046C3EC42BE917E900BBFF47 /* Debug */ = {
			isa = XCBuildConfiguration;
			buildSettings = {
				ALWAYS_EMBED_SWIFT_STANDARD_LIBRARIES = YES;
				ASSETCATALOG_COMPILER_APPICON_NAME = AppIcon;
				ASSETCATALOG_COMPILER_GENERATE_ASSET_SYMBOLS = NO;
				ASSETCATALOG_COMPILER_GLOBAL_ACCENT_COLOR_NAME = AccentColor;
				CODE_SIGN_STYLE = Automatic;
				CURRENT_PROJECT_VERSION = "$(LL_APP_BUILD)";
				DEBUG_INFORMATION_FORMAT = "dwarf-with-dsym";
				DEVELOPMENT_ASSET_PATHS = "\"LocaLoc/Resources\"";
				DEVELOPMENT_TEAM = Z2Z4SAY5W6;
				ENABLE_PREVIEWS = YES;
				ENABLE_USER_SCRIPT_SANDBOXING = NO;
				EXCLUDED_ARCHS = "";
				GENERATE_INFOPLIST_FILE = YES;
				INFOPLIST_FILE = LocaLoc/Configs/Info.plist;
				INFOPLIST_KEY_LSApplicationCategoryType = "public.app-category.travel";
				INFOPLIST_KEY_NSCameraUsageDescription = "LocaLoc needs access to your camera to take photo";
				INFOPLIST_KEY_UIApplicationSceneManifest_Generation = YES;
				INFOPLIST_KEY_UIApplicationSupportsIndirectInputEvents = YES;
				INFOPLIST_KEY_UILaunchScreen_Generation = YES;
				INFOPLIST_KEY_UISupportedInterfaceOrientations = UIInterfaceOrientationPortrait;
				INFOPLIST_KEY_UISupportedInterfaceOrientations_iPad = "UIInterfaceOrientationLandscapeLeft UIInterfaceOrientationLandscapeRight UIInterfaceOrientationPortrait UIInterfaceOrientationPortraitUpsideDown";
				IPHONEOS_DEPLOYMENT_TARGET = "$(LL_IPHONE_MINIMUM_DEPLOYMENT_TARGET)";
				LD_RUNPATH_SEARCH_PATHS = (
					"$(inherited)",
					"@executable_path/Frameworks",
				);
				MACOSX_DEPLOYMENT_TARGET = 12.0;
				MARKETING_VERSION = "$(LL_APP_VERSION)";
				OTHER_LDFLAGS = "-ObjC";
				OTHER_SWIFT_FLAGS = "-Xfrontend -warn-long-function-bodies=100 -Xfrontend -warn-long-expression-type-checking=100";
				PRODUCT_BUNDLE_IDENTIFIER = "$(LL_APP_BUNDLE_ID)";
				PRODUCT_NAME = "$(LL_APP_NAME)";
				SUPPORTED_PLATFORMS = "iphoneos iphonesimulator";
				SUPPORTS_MACCATALYST = NO;
				SUPPORTS_MAC_DESIGNED_FOR_IPHONE_IPAD = NO;
				SUPPORTS_XR_DESIGNED_FOR_IPHONE_IPAD = NO;
				SWIFT_EMIT_LOC_STRINGS = YES;
				SWIFT_VERSION = 5.0;
				TARGETED_DEVICE_FAMILY = 1;
			};
			name = Debug;
		};
		046C3EC52BE917E900BBFF47 /* Release */ = {
			isa = XCBuildConfiguration;
			buildSettings = {
				ALWAYS_EMBED_SWIFT_STANDARD_LIBRARIES = YES;
				ASSETCATALOG_COMPILER_APPICON_NAME = AppIcon;
				ASSETCATALOG_COMPILER_GENERATE_ASSET_SYMBOLS = NO;
				ASSETCATALOG_COMPILER_GLOBAL_ACCENT_COLOR_NAME = AccentColor;
				CODE_SIGN_STYLE = Automatic;
				CURRENT_PROJECT_VERSION = "$(LL_APP_BUILD)";
				DEVELOPMENT_ASSET_PATHS = "\"LocaLoc/Resources\"";
				DEVELOPMENT_TEAM = Z2Z4SAY5W6;
				ENABLE_PREVIEWS = YES;
				ENABLE_USER_SCRIPT_SANDBOXING = NO;
				EXCLUDED_ARCHS = "";
				GENERATE_INFOPLIST_FILE = YES;
				INFOPLIST_FILE = LocaLoc/Configs/Info.plist;
				INFOPLIST_KEY_LSApplicationCategoryType = "public.app-category.travel";
				INFOPLIST_KEY_NSCameraUsageDescription = "LocaLoc needs access to your camera to take photo";
				INFOPLIST_KEY_UIApplicationSceneManifest_Generation = YES;
				INFOPLIST_KEY_UIApplicationSupportsIndirectInputEvents = YES;
				INFOPLIST_KEY_UILaunchScreen_Generation = YES;
				INFOPLIST_KEY_UISupportedInterfaceOrientations = UIInterfaceOrientationPortrait;
				INFOPLIST_KEY_UISupportedInterfaceOrientations_iPad = "UIInterfaceOrientationLandscapeLeft UIInterfaceOrientationLandscapeRight UIInterfaceOrientationPortrait UIInterfaceOrientationPortraitUpsideDown";
				IPHONEOS_DEPLOYMENT_TARGET = "$(LL_IPHONE_MINIMUM_DEPLOYMENT_TARGET)";
				LD_RUNPATH_SEARCH_PATHS = (
					"$(inherited)",
					"@executable_path/Frameworks",
				);
				MACOSX_DEPLOYMENT_TARGET = 12.0;
				MARKETING_VERSION = "$(LL_APP_VERSION)";
				OTHER_LDFLAGS = "-ObjC";
				OTHER_SWIFT_FLAGS = "-Xfrontend -warn-long-function-bodies=100 -Xfrontend -warn-long-expression-type-checking=100";
				PRODUCT_BUNDLE_IDENTIFIER = "$(LL_APP_BUNDLE_ID)";
				PRODUCT_NAME = "$(LL_APP_NAME)";
				SUPPORTED_PLATFORMS = "iphoneos iphonesimulator";
				SUPPORTS_MACCATALYST = NO;
				SUPPORTS_MAC_DESIGNED_FOR_IPHONE_IPAD = NO;
				SUPPORTS_XR_DESIGNED_FOR_IPHONE_IPAD = NO;
				SWIFT_EMIT_LOC_STRINGS = YES;
				SWIFT_VERSION = 5.0;
				TARGETED_DEVICE_FAMILY = 1;
			};
			name = Release;
		};
		046C3EC72BE917E900BBFF47 /* Debug */ = {
			isa = XCBuildConfiguration;
			buildSettings = {
				ALWAYS_EMBED_SWIFT_STANDARD_LIBRARIES = YES;
				BUNDLE_LOADER = "$(TEST_HOST)";
				CODE_SIGN_STYLE = Automatic;
				CURRENT_PROJECT_VERSION = 1;
				DEVELOPMENT_TEAM = Z2Z4SAY5W6;
				GENERATE_INFOPLIST_FILE = YES;
				IPHONEOS_DEPLOYMENT_TARGET = "$(LL_IPHONE_MINIMUM_DEPLOYMENT_TARGET)";
				MARKETING_VERSION = 1.0;
				PRODUCT_BUNDLE_IDENTIFIER = VolodymyrKotsiubenko.LocaLocTests;
				PRODUCT_NAME = "$(TARGET_NAME)";
				SWIFT_EMIT_LOC_STRINGS = NO;
				SWIFT_VERSION = 5.0;
				TARGETED_DEVICE_FAMILY = "1,2";
				TEST_HOST = "$(BUILT_PRODUCTS_DIR)/LocaLoc.app/$(BUNDLE_EXECUTABLE_FOLDER_PATH)/LocaLoc";
			};
			name = Debug;
		};
		046C3EC82BE917E900BBFF47 /* Release */ = {
			isa = XCBuildConfiguration;
			buildSettings = {
				ALWAYS_EMBED_SWIFT_STANDARD_LIBRARIES = YES;
				BUNDLE_LOADER = "$(TEST_HOST)";
				CODE_SIGN_STYLE = Automatic;
				CURRENT_PROJECT_VERSION = 1;
				DEVELOPMENT_TEAM = Z2Z4SAY5W6;
				GENERATE_INFOPLIST_FILE = YES;
				IPHONEOS_DEPLOYMENT_TARGET = "$(LL_IPHONE_MINIMUM_DEPLOYMENT_TARGET)";
				MARKETING_VERSION = 1.0;
				PRODUCT_BUNDLE_IDENTIFIER = VolodymyrKotsiubenko.LocaLocTests;
				PRODUCT_NAME = "$(TARGET_NAME)";
				SWIFT_EMIT_LOC_STRINGS = NO;
				SWIFT_VERSION = 5.0;
				TARGETED_DEVICE_FAMILY = "1,2";
				TEST_HOST = "$(BUILT_PRODUCTS_DIR)/LocaLoc.app/$(BUNDLE_EXECUTABLE_FOLDER_PATH)/LocaLoc";
			};
			name = Release;
		};
		046C3ECA2BE917E900BBFF47 /* Debug */ = {
			isa = XCBuildConfiguration;
			buildSettings = {
				ALWAYS_EMBED_SWIFT_STANDARD_LIBRARIES = YES;
				CODE_SIGN_STYLE = Automatic;
				CURRENT_PROJECT_VERSION = 1;
				DEVELOPMENT_TEAM = Z2Z4SAY5W6;
				GENERATE_INFOPLIST_FILE = YES;
				MARKETING_VERSION = 1.0;
				PRODUCT_BUNDLE_IDENTIFIER = VolodymyrKotsiubenko.LocaLocUITests;
				PRODUCT_NAME = "$(TARGET_NAME)";
				SWIFT_EMIT_LOC_STRINGS = NO;
				SWIFT_VERSION = 5.0;
				TARGETED_DEVICE_FAMILY = "1,2";
				TEST_TARGET_NAME = LocaLoc;
			};
			name = Debug;
		};
		046C3ECB2BE917E900BBFF47 /* Release */ = {
			isa = XCBuildConfiguration;
			buildSettings = {
				ALWAYS_EMBED_SWIFT_STANDARD_LIBRARIES = YES;
				CODE_SIGN_STYLE = Automatic;
				CURRENT_PROJECT_VERSION = 1;
				DEVELOPMENT_TEAM = Z2Z4SAY5W6;
				GENERATE_INFOPLIST_FILE = YES;
				MARKETING_VERSION = 1.0;
				PRODUCT_BUNDLE_IDENTIFIER = VolodymyrKotsiubenko.LocaLocUITests;
				PRODUCT_NAME = "$(TARGET_NAME)";
				SWIFT_EMIT_LOC_STRINGS = NO;
				SWIFT_VERSION = 5.0;
				TARGETED_DEVICE_FAMILY = "1,2";
				TEST_TARGET_NAME = LocaLoc;
			};
			name = Release;
		};
		04FAE8F72C0BB36D00200ADC /* Debug */ = {
			isa = XCBuildConfiguration;
			buildSettings = {
				BUILD_LIBRARY_FOR_DISTRIBUTION = NO;
				CODE_SIGN_STYLE = Automatic;
				CURRENT_PROJECT_VERSION = 1;
				DEFINES_MODULE = NO;
				DEVELOPMENT_TEAM = Z2Z4SAY5W6;
				DYLIB_COMPATIBILITY_VERSION = 1;
				DYLIB_CURRENT_VERSION = 1;
				DYLIB_INSTALL_NAME_BASE = "@rpath";
				ENABLE_MODULE_VERIFIER = YES;
				GENERATE_INFOPLIST_FILE = YES;
				INFOPLIST_KEY_NSHumanReadableCopyright = "";
				INSTALL_PATH = "$(LOCAL_LIBRARY_DIR)/Frameworks";
				IPHONEOS_DEPLOYMENT_TARGET = "$(LL_IPHONE_MINIMUM_DEPLOYMENT_TARGET)";
				LD_RUNPATH_SEARCH_PATHS = (
					"$(inherited)",
					"@executable_path/Frameworks",
					"@loader_path/Frameworks",
				);
				MARKETING_VERSION = 1.0;
				MODULE_VERIFIER_SUPPORTED_LANGUAGES = "objective-c objective-c++";
				MODULE_VERIFIER_SUPPORTED_LANGUAGE_STANDARDS = "gnu17 gnu++20";
				OTHER_LDFLAGS = "-ObjC";
				PRODUCT_BUNDLE_IDENTIFIER = VolodymyrKotsiubenko.LocaLocDataRepository;
				PRODUCT_NAME = "$(TARGET_NAME:c99extidentifier)";
				SKIP_INSTALL = YES;
				SUPPORTED_PLATFORMS = "iphoneos iphonesimulator";
				SUPPORTS_MACCATALYST = NO;
				SUPPORTS_MAC_DESIGNED_FOR_IPHONE_IPAD = NO;
				SUPPORTS_XR_DESIGNED_FOR_IPHONE_IPAD = NO;
				SWIFT_EMIT_LOC_STRINGS = YES;
				SWIFT_INSTALL_OBJC_HEADER = NO;
				SWIFT_VERSION = 5.0;
				TARGETED_DEVICE_FAMILY = 1;
				VERSIONING_SYSTEM = "apple-generic";
				VERSION_INFO_PREFIX = "";
			};
			name = Debug;
		};
		04FAE8F82C0BB36D00200ADC /* Release */ = {
			isa = XCBuildConfiguration;
			buildSettings = {
				BUILD_LIBRARY_FOR_DISTRIBUTION = NO;
				CODE_SIGN_STYLE = Automatic;
				CURRENT_PROJECT_VERSION = 1;
				DEFINES_MODULE = NO;
				DEVELOPMENT_TEAM = Z2Z4SAY5W6;
				DYLIB_COMPATIBILITY_VERSION = 1;
				DYLIB_CURRENT_VERSION = 1;
				DYLIB_INSTALL_NAME_BASE = "@rpath";
				ENABLE_MODULE_VERIFIER = YES;
				GENERATE_INFOPLIST_FILE = YES;
				INFOPLIST_KEY_NSHumanReadableCopyright = "";
				INSTALL_PATH = "$(LOCAL_LIBRARY_DIR)/Frameworks";
				IPHONEOS_DEPLOYMENT_TARGET = "$(LL_IPHONE_MINIMUM_DEPLOYMENT_TARGET)";
				LD_RUNPATH_SEARCH_PATHS = (
					"$(inherited)",
					"@executable_path/Frameworks",
					"@loader_path/Frameworks",
				);
				MARKETING_VERSION = 1.0;
				MODULE_VERIFIER_SUPPORTED_LANGUAGES = "objective-c objective-c++";
				MODULE_VERIFIER_SUPPORTED_LANGUAGE_STANDARDS = "gnu17 gnu++20";
				OTHER_LDFLAGS = "-ObjC";
				PRODUCT_BUNDLE_IDENTIFIER = VolodymyrKotsiubenko.LocaLocDataRepository;
				PRODUCT_NAME = "$(TARGET_NAME:c99extidentifier)";
				SKIP_INSTALL = YES;
				SUPPORTED_PLATFORMS = "iphoneos iphonesimulator";
				SUPPORTS_MACCATALYST = NO;
				SUPPORTS_MAC_DESIGNED_FOR_IPHONE_IPAD = NO;
				SUPPORTS_XR_DESIGNED_FOR_IPHONE_IPAD = NO;
				SWIFT_EMIT_LOC_STRINGS = YES;
				SWIFT_INSTALL_OBJC_HEADER = NO;
				SWIFT_VERSION = 5.0;
				TARGETED_DEVICE_FAMILY = 1;
				VERSIONING_SYSTEM = "apple-generic";
				VERSION_INFO_PREFIX = "";
			};
			name = Release;
		};
		04FAE9252C0C5BFC00200ADC /* Debug */ = {
			isa = XCBuildConfiguration;
			buildSettings = {
				ARCHS = "$(ARCHS_STANDARD)";
				BUILD_LIBRARY_FOR_DISTRIBUTION = NO;
				CODE_SIGN_STYLE = Automatic;
				CURRENT_PROJECT_VERSION = 1;
				DEFINES_MODULE = NO;
				DEVELOPMENT_TEAM = Z2Z4SAY5W6;
				DYLIB_COMPATIBILITY_VERSION = 1;
				DYLIB_CURRENT_VERSION = 1;
				DYLIB_INSTALL_NAME_BASE = "@rpath";
				ENABLE_MODULE_VERIFIER = YES;
				ENABLE_USER_SCRIPT_SANDBOXING = NO;
				GENERATE_INFOPLIST_FILE = YES;
				INFOPLIST_KEY_NSHumanReadableCopyright = "";
				INSTALL_PATH = "$(LOCAL_LIBRARY_DIR)/Frameworks";
				IPHONEOS_DEPLOYMENT_TARGET = "$(LL_IPHONE_MINIMUM_DEPLOYMENT_TARGET)";
				LD_RUNPATH_SEARCH_PATHS = (
					"$(inherited)",
					"@executable_path/Frameworks",
					"@loader_path/Frameworks",
				);
				MACH_O_TYPE = mh_dylib;
				MARKETING_VERSION = 1.0;
				MERGED_BINARY_TYPE = none;
				MODULE_VERIFIER_SUPPORTED_LANGUAGES = "objective-c objective-c++";
				MODULE_VERIFIER_SUPPORTED_LANGUAGE_STANDARDS = "gnu17 gnu++20";
				ONLY_ACTIVE_ARCH = YES;
				OTHER_LDFLAGS = "$(inherited)";
				PRODUCT_BUNDLE_IDENTIFIER = VolodymyrKotsiubenko.LocaLocClient;
				PRODUCT_NAME = "$(TARGET_NAME:c99extidentifier)";
				SKIP_INSTALL = YES;
				SUPPORTED_PLATFORMS = "iphoneos iphonesimulator";
				SUPPORTS_MACCATALYST = NO;
				SUPPORTS_MAC_DESIGNED_FOR_IPHONE_IPAD = NO;
				SUPPORTS_XR_DESIGNED_FOR_IPHONE_IPAD = NO;
				SWIFT_EMIT_LOC_STRINGS = YES;
				SWIFT_INSTALL_OBJC_HEADER = NO;
				SWIFT_VERSION = 5.0;
				TARGETED_DEVICE_FAMILY = 1;
				VERSIONING_SYSTEM = "apple-generic";
				VERSION_INFO_PREFIX = "";
			};
			name = Debug;
		};
		04FAE9262C0C5BFC00200ADC /* Release */ = {
			isa = XCBuildConfiguration;
			buildSettings = {
				ARCHS = "$(ARCHS_STANDARD)";
				BUILD_LIBRARY_FOR_DISTRIBUTION = NO;
				CODE_SIGN_STYLE = Automatic;
				CURRENT_PROJECT_VERSION = 1;
				DEFINES_MODULE = NO;
				DEVELOPMENT_TEAM = Z2Z4SAY5W6;
				DYLIB_COMPATIBILITY_VERSION = 1;
				DYLIB_CURRENT_VERSION = 1;
				DYLIB_INSTALL_NAME_BASE = "@rpath";
				ENABLE_MODULE_VERIFIER = YES;
				ENABLE_USER_SCRIPT_SANDBOXING = NO;
				GENERATE_INFOPLIST_FILE = YES;
				INFOPLIST_KEY_NSHumanReadableCopyright = "";
				INSTALL_PATH = "$(LOCAL_LIBRARY_DIR)/Frameworks";
				IPHONEOS_DEPLOYMENT_TARGET = "$(LL_IPHONE_MINIMUM_DEPLOYMENT_TARGET)";
				LD_RUNPATH_SEARCH_PATHS = (
					"$(inherited)",
					"@executable_path/Frameworks",
					"@loader_path/Frameworks",
				);
				MACH_O_TYPE = mh_dylib;
				MARKETING_VERSION = 1.0;
				MERGED_BINARY_TYPE = none;
				MODULE_VERIFIER_SUPPORTED_LANGUAGES = "objective-c objective-c++";
				MODULE_VERIFIER_SUPPORTED_LANGUAGE_STANDARDS = "gnu17 gnu++20";
				OTHER_LDFLAGS = "$(inherited)";
				PRODUCT_BUNDLE_IDENTIFIER = VolodymyrKotsiubenko.LocaLocClient;
				PRODUCT_NAME = "$(TARGET_NAME:c99extidentifier)";
				SKIP_INSTALL = YES;
				SUPPORTED_PLATFORMS = "iphoneos iphonesimulator";
				SUPPORTS_MACCATALYST = NO;
				SUPPORTS_MAC_DESIGNED_FOR_IPHONE_IPAD = NO;
				SUPPORTS_XR_DESIGNED_FOR_IPHONE_IPAD = NO;
				SWIFT_EMIT_LOC_STRINGS = YES;
				SWIFT_INSTALL_OBJC_HEADER = NO;
				SWIFT_VERSION = 5.0;
				TARGETED_DEVICE_FAMILY = 1;
				VERSIONING_SYSTEM = "apple-generic";
				VERSION_INFO_PREFIX = "";
			};
			name = Release;
		};
		04FAE9412C0C608D00200ADC /* Debug */ = {
			isa = XCBuildConfiguration;
			buildSettings = {
				BUILD_LIBRARY_FOR_DISTRIBUTION = YES;
				CLANG_ENABLE_MODULES = YES;
				CODE_SIGN_STYLE = Automatic;
				CURRENT_PROJECT_VERSION = 1;
				DEFINES_MODULE = NO;
				DEVELOPMENT_TEAM = Z2Z4SAY5W6;
				DYLIB_COMPATIBILITY_VERSION = 1;
				DYLIB_CURRENT_VERSION = 1;
				DYLIB_INSTALL_NAME_BASE = "@rpath";
				ENABLE_MODULE_VERIFIER = YES;
				GENERATE_INFOPLIST_FILE = YES;
				INFOPLIST_KEY_NSHumanReadableCopyright = "";
				INSTALL_PATH = "$(LOCAL_LIBRARY_DIR)/Frameworks";
				IPHONEOS_DEPLOYMENT_TARGET = "$(LL_IPHONE_MINIMUM_DEPLOYMENT_TARGET)";
				LD_RUNPATH_SEARCH_PATHS = (
					"$(inherited)",
					"@executable_path/Frameworks",
					"@loader_path/Frameworks",
				);
				MARKETING_VERSION = 1.0;
				MODULE_VERIFIER_SUPPORTED_LANGUAGES = "objective-c objective-c++";
				MODULE_VERIFIER_SUPPORTED_LANGUAGE_STANDARDS = "gnu17 gnu++20";
				PRODUCT_BUNDLE_IDENTIFIER = VolodymyrKotsiubenko.LocaLocLocalStore;
				PRODUCT_NAME = "$(TARGET_NAME:c99extidentifier)";
				SKIP_INSTALL = YES;
				SUPPORTED_PLATFORMS = "iphoneos iphonesimulator";
				SUPPORTS_MACCATALYST = NO;
				SUPPORTS_MAC_DESIGNED_FOR_IPHONE_IPAD = NO;
				SUPPORTS_XR_DESIGNED_FOR_IPHONE_IPAD = NO;
				SWIFT_EMIT_LOC_STRINGS = YES;
				SWIFT_INSTALL_OBJC_HEADER = NO;
				SWIFT_OPTIMIZATION_LEVEL = "-Onone";
				SWIFT_VERSION = 5.0;
				TARGETED_DEVICE_FAMILY = 1;
				VERSIONING_SYSTEM = "apple-generic";
				VERSION_INFO_PREFIX = "";
			};
			name = Debug;
		};
		04FAE9422C0C608D00200ADC /* Release */ = {
			isa = XCBuildConfiguration;
			buildSettings = {
				BUILD_LIBRARY_FOR_DISTRIBUTION = YES;
				CLANG_ENABLE_MODULES = YES;
				CODE_SIGN_STYLE = Automatic;
				CURRENT_PROJECT_VERSION = 1;
				DEFINES_MODULE = NO;
				DEVELOPMENT_TEAM = Z2Z4SAY5W6;
				DYLIB_COMPATIBILITY_VERSION = 1;
				DYLIB_CURRENT_VERSION = 1;
				DYLIB_INSTALL_NAME_BASE = "@rpath";
				ENABLE_MODULE_VERIFIER = YES;
				GENERATE_INFOPLIST_FILE = YES;
				INFOPLIST_KEY_NSHumanReadableCopyright = "";
				INSTALL_PATH = "$(LOCAL_LIBRARY_DIR)/Frameworks";
				IPHONEOS_DEPLOYMENT_TARGET = "$(LL_IPHONE_MINIMUM_DEPLOYMENT_TARGET)";
				LD_RUNPATH_SEARCH_PATHS = (
					"$(inherited)",
					"@executable_path/Frameworks",
					"@loader_path/Frameworks",
				);
				MARKETING_VERSION = 1.0;
				MODULE_VERIFIER_SUPPORTED_LANGUAGES = "objective-c objective-c++";
				MODULE_VERIFIER_SUPPORTED_LANGUAGE_STANDARDS = "gnu17 gnu++20";
				PRODUCT_BUNDLE_IDENTIFIER = VolodymyrKotsiubenko.LocaLocLocalStore;
				PRODUCT_NAME = "$(TARGET_NAME:c99extidentifier)";
				SKIP_INSTALL = YES;
				SUPPORTED_PLATFORMS = "iphoneos iphonesimulator";
				SUPPORTS_MACCATALYST = NO;
				SUPPORTS_MAC_DESIGNED_FOR_IPHONE_IPAD = NO;
				SUPPORTS_XR_DESIGNED_FOR_IPHONE_IPAD = NO;
				SWIFT_EMIT_LOC_STRINGS = YES;
				SWIFT_INSTALL_OBJC_HEADER = NO;
				SWIFT_VERSION = 5.0;
				TARGETED_DEVICE_FAMILY = 1;
				VERSIONING_SYSTEM = "apple-generic";
				VERSION_INFO_PREFIX = "";
			};
			name = Release;
		};
/* End XCBuildConfiguration section */

/* Begin XCConfigurationList section */
		046C3E9A2BE917E800BBFF47 /* Build configuration list for PBXProject "LocaLoc" */ = {
			isa = XCConfigurationList;
			buildConfigurations = (
				046C3EC12BE917E900BBFF47 /* Debug */,
				046C3EC22BE917E900BBFF47 /* Release */,
			);
			defaultConfigurationIsVisible = 0;
			defaultConfigurationName = Release;
		};
		046C3EC32BE917E900BBFF47 /* Build configuration list for PBXNativeTarget "LocaLoc" */ = {
			isa = XCConfigurationList;
			buildConfigurations = (
				046C3EC42BE917E900BBFF47 /* Debug */,
				046C3EC52BE917E900BBFF47 /* Release */,
			);
			defaultConfigurationIsVisible = 0;
			defaultConfigurationName = Release;
		};
		046C3EC62BE917E900BBFF47 /* Build configuration list for PBXNativeTarget "LocaLocTests" */ = {
			isa = XCConfigurationList;
			buildConfigurations = (
				046C3EC72BE917E900BBFF47 /* Debug */,
				046C3EC82BE917E900BBFF47 /* Release */,
			);
			defaultConfigurationIsVisible = 0;
			defaultConfigurationName = Release;
		};
		046C3EC92BE917E900BBFF47 /* Build configuration list for PBXNativeTarget "LocaLocUITests" */ = {
			isa = XCConfigurationList;
			buildConfigurations = (
				046C3ECA2BE917E900BBFF47 /* Debug */,
				046C3ECB2BE917E900BBFF47 /* Release */,
			);
			defaultConfigurationIsVisible = 0;
			defaultConfigurationName = Release;
		};
		04FAE8F92C0BB36D00200ADC /* Build configuration list for PBXNativeTarget "LocaLocDataRepository" */ = {
			isa = XCConfigurationList;
			buildConfigurations = (
				04FAE8F72C0BB36D00200ADC /* Debug */,
				04FAE8F82C0BB36D00200ADC /* Release */,
			);
			defaultConfigurationIsVisible = 0;
			defaultConfigurationName = Release;
		};
		04FAE9242C0C5BFC00200ADC /* Build configuration list for PBXNativeTarget "LocaLocClient" */ = {
			isa = XCConfigurationList;
			buildConfigurations = (
				04FAE9252C0C5BFC00200ADC /* Debug */,
				04FAE9262C0C5BFC00200ADC /* Release */,
			);
			defaultConfigurationIsVisible = 0;
			defaultConfigurationName = Release;
		};
		04FAE9402C0C608D00200ADC /* Build configuration list for PBXNativeTarget "LocaLocLocalStore" */ = {
			isa = XCConfigurationList;
			buildConfigurations = (
				04FAE9412C0C608D00200ADC /* Debug */,
				04FAE9422C0C608D00200ADC /* Release */,
			);
			defaultConfigurationIsVisible = 0;
			defaultConfigurationName = Release;
		};
/* End XCConfigurationList section */

/* Begin XCRemoteSwiftPackageReference section */
		040B9EBF2BFE4BBB005E3930 /* XCRemoteSwiftPackageReference "GoogleSignIn-iOS" */ = {
			isa = XCRemoteSwiftPackageReference;
			repositoryURL = "https://github.com/google/GoogleSignIn-iOS";
			requirement = {
				kind = upToNextMajorVersion;
				minimumVersion = 7.1.0;
			};
		};
		04ABD30A2BFCBB84008FB984 /* XCRemoteSwiftPackageReference "swiftui-cached-async-image" */ = {
			isa = XCRemoteSwiftPackageReference;
			repositoryURL = "https://github.com/lorenzofiamingo/swiftui-cached-async-image";
			requirement = {
				kind = upToNextMajorVersion;
				minimumVersion = 2.1.1;
			};
		};
		04BA85512C0B83A8004F76B3 /* XCRemoteSwiftPackageReference "K-Logger" */ = {
			isa = XCRemoteSwiftPackageReference;
			repositoryURL = "https://github.com/tecktonikvov/K-Logger";
			requirement = {
				kind = upToNextMajorVersion;
				minimumVersion = 1.1.3;
			};
		};
/* End XCRemoteSwiftPackageReference section */

/* Begin XCSwiftPackageProductDependency section */
		040B9EC02BFE4C17005E3930 /* GoogleSignIn */ = {
			isa = XCSwiftPackageProductDependency;
			package = 040B9EBF2BFE4BBB005E3930 /* XCRemoteSwiftPackageReference "GoogleSignIn-iOS" */;
			productName = GoogleSignIn;
		};
		04AA618E2C0C90CD00AD6D93 /* FirebaseBinaries */ = {
			isa = XCSwiftPackageProductDependency;
			productName = FirebaseBinaries;
		};
		04AA61942C0CE45A00AD6D93 /* K-Logger */ = {
			isa = XCSwiftPackageProductDependency;
			package = 04BA85512C0B83A8004F76B3 /* XCRemoteSwiftPackageReference "K-Logger" */;
			productName = "K-Logger";
		};
		04ABD30B2BFCBB84008FB984 /* CachedAsyncImage */ = {
			isa = XCSwiftPackageProductDependency;
			package = 04ABD30A2BFCBB84008FB984 /* XCRemoteSwiftPackageReference "swiftui-cached-async-image" */;
			productName = CachedAsyncImage;
		};
		04BA85522C0B83E1004F76B3 /* K-Logger */ = {
			isa = XCSwiftPackageProductDependency;
			package = 04BA85512C0B83A8004F76B3 /* XCRemoteSwiftPackageReference "K-Logger" */;
			productName = "K-Logger";
		};
		04FAE8FF2C0BB46100200ADC /* K-Logger */ = {
			isa = XCSwiftPackageProductDependency;
			package = 04BA85512C0B83A8004F76B3 /* XCRemoteSwiftPackageReference "K-Logger" */;
			productName = "K-Logger";
		};
		04FAE9432C0C60C500200ADC /* K-Logger */ = {
			isa = XCSwiftPackageProductDependency;
			package = 04BA85512C0B83A8004F76B3 /* XCRemoteSwiftPackageReference "K-Logger" */;
			productName = "K-Logger";
		};
		04FAE95C2C0C7B4B00200ADC /* FirebaseBinaries */ = {
			isa = XCSwiftPackageProductDependency;
			productName = FirebaseBinaries;
		};
/* End XCSwiftPackageProductDependency section */
	};
	rootObject = 046C3E972BE917E800BBFF47 /* Project object */;
}
